<?xml version="1.0" encoding="UTF-8"?>
<CONFIG>
  <ProjectOptions>
    <Version Value="9"/>
    <PathDelim Value="\"/>
    <General>
      <Flags>
        <LRSInOutputDirectory Value="False"/>
      </Flags>
      <MainUnit Value="0"/>
      <ResourceType Value="res"/>
      <UseXPManifest Value="True"/>
      <Icon Value="0"/>
      <ActiveWindowIndexAtStart Value="0"/>
    </General>
    <VersionInfo>
      <StringTable ProductVersion=""/>
    </VersionInfo>
    <BuildModes Count="1">
      <Item1 Name="default" Default="True"/>
    </BuildModes>
    <PublishOptions>
      <Version Value="2"/>
      <IgnoreBinaries Value="False"/>
      <IncludeFileFilter Value="*.(pas|pp|inc|lfm|lpr|lrs|lpi|lpk|sh|xml)"/>
      <ExcludeFileFilter Value="*.(bak|ppu|ppw|o|so);*~;backup"/>
    </PublishOptions>
    <RunParams>
      <local>
        <FormatVersion Value="1"/>
        <CommandLineParams Value="de &quot;\usr\bin\xdg-open &quot;\tmp\DOCUMENTS.ID2005561_Bildergebni_2__48550\Bildergebni(2).flv&quot;&quot;"/>
        <LaunchingApplication PathPlusParams="\usr\X11R6\bin\xterm -T 'Lazarus Run Output' -e $(LazarusDir)\tools\runwait.sh $(TargetCmdLine)"/>
      </local>
    </RunParams>
    <RequiredPackages Count="2">
      <Item1>
        <PackageName Value="general"/>
        <DefaultFilename Value="..\..\..\general\general.lpk"/>
      </Item1>
      <Item2>
        <PackageName Value="LCL"/>
      </Item2>
    </RequiredPackages>
    <Units Count="8">
      <Unit0>
        <Filename Value="pstarter.lpr"/>
        <IsPartOfProject Value="True"/>
        <UnitName Value="pstarter"/>
        <IsVisibleTab Value="True"/>
        <EditorIndex Value="0"/>
        <WindowIndex Value="0"/>
        <TopLine Value="4"/>
        <CursorPos X="65" Y="16"/>
        <UsageCount Value="21"/>
        <Loaded Value="True"/>
        <LoadedDesigner Value="True"/>
      </Unit0>
      <Unit1>
        <Filename Value="uprogramended.pas"/>
        <IsPartOfProject Value="True"/>
        <ComponentName Value="fProgramEnded"/>
        <HasResources Value="True"/>
        <ResourceBaseClass Value="Form"/>
        <UnitName Value="uProgramEnded"/>
        <EditorIndex Value="1"/>
        <WindowIndex Value="0"/>
        <TopLine Value="34"/>
        <CursorPos X="23" Y="9"/>
        <UsageCount Value="21"/>
        <Loaded Value="True"/>
        <LoadedDesigner Value="True"/>
      </Unit1>
      <Unit2>
        <Filename Value="..\..\Programme\lazarus\fpc\2.2.3\source\rtl\inc\except.inc"/>
        <TopLine Value="171"/>
        <CursorPos X="33" Y="190"/>
        <UsageCount Value="10"/>
      </Unit2>
      <Unit3>
        <Filename Value="..\..\Programme\lazarus\lcl\fileutil.pas"/>
        <UnitName Value="FileUtil"/>
        <TopLine Value="189"/>
        <CursorPos X="19" Y="214"/>
        <UsageCount Value="10"/>
      </Unit3>
      <Unit4>
        <Filename Value="..\..\Programme\lazarus\lcl\include\fileutil.inc"/>
        <TopLine Value="271"/>
        <CursorPos X="3" Y="228"/>
        <UsageCount Value="10"/>
      </Unit4>
      <Unit5>
        <Filename Value="..\..\lazarus\lcl\asyncprocess.pp"/>
        <UnitName Value="AsyncProcess"/>
        <TopLine Value="13"/>
        <CursorPos X="1" Y="13"/>
        <UsageCount Value="10"/>
      </Unit5>
      <Unit6>
        <Filename Value="uintfstrconsts.pas"/>
        <UnitName Value="uIntfStrConsts"/>
        <WindowIndex Value="0"/>
        <TopLine Value="321"/>
        <CursorPos X="1" Y="332"/>
        <UsageCount Value="10"/>
      </Unit6>
      <Unit7>
        <Filename Value="..\..\..\..\fpc\2.6_fixes\rtl\linux\system.pp"/>
        <UnitName Value="System"/>
        <WindowIndex Value="0"/>
        <TopLine Value="163"/>
        <CursorPos X="10" Y="37"/>
        <UsageCount Value="10"/>
      </Unit7>
    </Units>
    <JumpHistory Count="30" HistoryIndex="29">
      <Position1>
        <Filename Value="pstarter.lpr"/>
        <Caret Line="35" Column="37" TopLine="1"/>
      </Position1>
      <Position2>
        <Filename Value="pstarter.lpr"/>
        <Caret Line="15" Column="12" TopLine="1"/>
      </Position2>
      <Position3>
        <Filename Value="pstarter.lpr"/>
        <Caret Line="30" Column="24" TopLine="2"/>
      </Position3>
      <Position4>
        <Filename Value="pstarter.lpr"/>
        <Caret Line="29" Column="13" TopLine="1"/>
      </Position4>
      <Position5>
        <Filename Value="pstarter.lpr"/>
        <Caret Line="15" Column="10" TopLine="1"/>
      </Position5>
      <Position6>
        <Filename Value="pstarter.lpr"/>
        <Caret Line="38" Column="36" TopLine="14"/>
      </Position6>
      <Position7>
        <Filename Value="pstarter.lpr"/>
        <Caret Line="11" Column="15" TopLine="1"/>
      </Position7>
      <Position8>
        <Filename Value="uprogramended.pas"/>
        <Caret Line="44" Column="46" TopLine="32"/>
      </Position8>
      <Position9>
        <Filename Value="uprogramended.pas"/>
        <Caret Line="9" Column="34" TopLine="1"/>
      </Position9>
      <Position10>
        <Filename Value="pstarter.lpr"/>
        <Caret Line="16" Column="38" TopLine="8"/>
      </Position10>
      <Position11>
        <Filename Value="pstarter.lpr"/>
        <Caret Line="29" Column="19" TopLine="7"/>
      </Position11>
      <Position12>
        <Filename Value="pstarter.lpr"/>
        <Caret Line="36" Column="44" TopLine="7"/>
      </Position12>
      <Position13>
        <Filename Value="pstarter.lpr"/>
        <Caret Line="25" Column="1" TopLine="7"/>
      </Position13>
      <Position14>
        <Filename Value="pstarter.lpr"/>
        <Caret Line="26" Column="1" TopLine="7"/>
      </Position14>
      <Position15>
        <Filename Value="pstarter.lpr"/>
        <Caret Line="27" Column="1" TopLine="7"/>
      </Position15>
      <Position16>
        <Filename Value="pstarter.lpr"/>
        <Caret Line="28" Column="1" TopLine="7"/>
      </Position16>
      <Position17>
        <Filename Value="pstarter.lpr"/>
        <Caret Line="29" Column="1" TopLine="7"/>
      </Position17>
      <Position18>
        <Filename Value="pstarter.lpr"/>
        <Caret Line="30" Column="1" TopLine="7"/>
      </Position18>
      <Position19>
        <Filename Value="pstarter.lpr"/>
        <Caret Line="31" Column="1" TopLine="7"/>
      </Position19>
      <Position20>
        <Filename Value="pstarter.lpr"/>
        <Caret Line="32" Column="1" TopLine="7"/>
      </Position20>
      <Position21>
        <Filename Value="pstarter.lpr"/>
        <Caret Line="25" Column="1" TopLine="7"/>
      </Position21>
      <Position22>
        <Filename Value="pstarter.lpr"/>
        <Caret Line="26" Column="1" TopLine="7"/>
      </Position22>
      <Position23>
        <Filename Value="pstarter.lpr"/>
        <Caret Line="27" Column="1" TopLine="7"/>
      </Position23>
      <Position24>
        <Filename Value="pstarter.lpr"/>
        <Caret Line="28" Column="22" TopLine="7"/>
      </Position24>
      <Position25>
        <Filename Value="pstarter.lpr"/>
        <Caret Line="30" Column="38" TopLine="6"/>
      </Position25>
      <Position26>
        <Filename Value="pstarter.lpr"/>
        <Caret Line="29" Column="24" TopLine="11"/>
      </Position26>
      <Position27>
        <Filename Value="pstarter.lpr"/>
        <Caret Line="32" Column="33" TopLine="11"/>
      </Position27>
      <Position28>
        <Filename Value="pstarter.lpr"/>
        <Caret Line="34" Column="5" TopLine="14"/>
      </Position28>
      <Position29>
        <Filename Value="pstarter.lpr"/>
        <Caret Line="33" Column="29" TopLine="15"/>
      </Position29>
      <Position30>
        <Filename Value="pstarter.lpr"/>
        <Caret Line="35" Column="1" TopLine="13"/>
      </Position30>
    </JumpHistory>
  </ProjectOptions>
  <CompilerOptions>
    <Version Value="11"/>
    <PathDelim Value="\"/>
    <SearchPaths>
      <OtherUnitFiles Value="..\base"/>
      <UnitOutputDirectory Value="..\..\output\$(TargetCPU)-$(TargetOS)"/>
    </SearchPaths>
    <Parsing>
      <SyntaxOptions>
        <CStyleOperator Value="False"/>
        <UseAnsiStrings Value="False"/>
      </SyntaxOptions>
    </Parsing>
    <Linking>
      <Debugging>
        <UseExternalDbgSyms Value="True"/>
      </Debugging>
      <Options>
        <Win32>
          <GraphicApplication Value="True"/>
        </Win32>
      </Options>
    </Linking>
    <Other>
      <CompilerMessages>
        <UseMsgFile Value="True"/>
      </CompilerMessages>
      <CompilerPath Value="$(CompPath)"/>
    </Other>
  </CompilerOptions>
  <Debugging>
    <BreakPoints Count="1">
      <Item1>
        <Kind Value="bpkSource"/>
        <WatchScope Value="wpsGlobal"/>
        <WatchKind Value="wpkWrite"/>
        <Source Value="uruntimeeditor.pas"/>
        <Line Value="225"/>
      </Item1>
    </BreakPoints>
  </Debugging>
  <EditorMacros Count="0"/>
</CONFIG>
