<?xml version="1.0" encoding="UTF-8"?>
<CONFIG>
  <ProjectOptions>
    <Version Value="9"/>
    <PathDelim Value="\"/>
    <General>
      <Flags>
        <LRSInOutputDirectory Value="False"/>
      </Flags>
      <MainUnit Value="0"/>
      <Title Value="calculator"/>
      <UseXPManifest Value="True"/>
      <ActiveWindowIndexAtStart Value="0"/>
    </General>
    <BuildModes Count="1">
      <Item1 Name="default" Default="True"/>
    </BuildModes>
    <PublishOptions>
      <Version Value="2"/>
      <IgnoreBinaries Value="False"/>
      <IncludeFileFilter Value="*.(pas|pp|inc|lfm|lpr|lrs|lpi|lpk|sh|xml)"/>
      <ExcludeFileFilter Value="*.(bak|ppu|ppw|o|so);*~;backup"/>
    </PublishOptions>
    <RunParams>
      <local>
        <FormatVersion Value="1"/>
        <LaunchingApplication PathPlusParams="\usr\X11R6\bin\xterm -T 'Lazarus Run Output' -e $(LazarusDir)\tools\runwait.sh $(TargetCmdLine)"/>
      </local>
    </RunParams>
    <RequiredPackages Count="6">
      <Item1>
        <PackageName Value="SynEdit"/>
      </Item1>
      <Item2>
        <PackageName Value="LCL"/>
      </Item2>
      <Item3>
        <PackageName Value="richmemopackage"/>
      </Item3>
      <Item4>
        <PackageName Value="FCL"/>
        <MinVersion Major="1" Release="1" Valid="True"/>
      </Item4>
      <Item5>
        <PackageName Value="LCLBase"/>
        <MinVersion Major="1" Release="1" Valid="True"/>
      </Item5>
      <Item6>
        <PackageName Value="pVisualPrometApp"/>
        <DefaultFilename Value="..\base\pvisualprometapp.lpk"/>
      </Item6>
    </RequiredPackages>
    <Units Count="118">
      <Unit0>
        <Filename Value="calculator.lpr"/>
        <IsPartOfProject Value="True"/>
        <UnitName Value="calculator"/>
        <WindowIndex Value="0"/>
        <TopLine Value="1"/>
        <CursorPos X="1" Y="20"/>
        <UsageCount Value="170"/>
      </Unit0>
      <Unit1>
        <Filename Value="ucalculator.pas"/>
        <IsPartOfProject Value="True"/>
        <ComponentName Value="fMain"/>
        <HasResources Value="True"/>
        <ResourceBaseClass Value="Form"/>
        <UnitName Value="ucalculator"/>
        <IsVisibleTab Value="True"/>
        <EditorIndex Value="1"/>
        <WindowIndex Value="0"/>
        <TopLine Value="110"/>
        <CursorPos X="1" Y="113"/>
        <UsageCount Value="170"/>
        <Loaded Value="True"/>
        <LoadedDesigner Value="True"/>
      </Unit1>
      <Unit2>
        <Filename Value="upassword.pas"/>
        <ComponentName Value="fPassword"/>
        <HasResources Value="True"/>
        <ResourceBaseClass Value="Form"/>
        <UnitName Value="uPassword"/>
        <TopLine Value="12"/>
        <CursorPos X="3" Y="117"/>
        <UsageCount Value="17"/>
      </Unit2>
      <Unit3>
        <Filename Value="uoptions.pas"/>
        <ComponentName Value="fOptions"/>
        <HasResources Value="True"/>
        <ResourceBaseClass Value="Form"/>
        <UnitName Value="uoptions"/>
        <TopLine Value="446"/>
        <CursorPos X="20" Y="458"/>
        <UsageCount Value="1"/>
      </Unit3>
      <Unit4>
        <Filename Value="uintfstrconsts.pas"/>
        <UnitName Value="uIntfStrConsts"/>
        <TopLine Value="1"/>
        <CursorPos X="51" Y="8"/>
        <UsageCount Value="1"/>
      </Unit4>
      <Unit5>
        <Filename Value="todo.txt"/>
        <TopLine Value="1"/>
        <CursorPos X="1" Y="5"/>
        <UsageCount Value="1"/>
        <DefaultSyntaxHighlighter Value="None"/>
      </Unit5>
      <Unit6>
        <Filename Value="ubasedatamodule.pas"/>
        <UnitName Value="uBaseDataModule"/>
        <TopLine Value="591"/>
        <CursorPos X="42" Y="559"/>
        <UsageCount Value="1"/>
      </Unit6>
      <Unit7>
        <Filename Value="udata.pas"/>
        <ComponentName Value="Data"/>
        <HasResources Value="True"/>
        <ResourceBaseClass Value="DataModule"/>
        <UnitName Value="uData"/>
        <TopLine Value="1864"/>
        <CursorPos X="24" Y="1885"/>
        <UsageCount Value="15"/>
      </Unit7>
      <Unit8>
        <Filename Value="..\..\Programme\lazarus\lcl\dbgrids.pas"/>
        <UnitName Value="DBGrids"/>
        <TopLine Value="219"/>
        <CursorPos X="10" Y="201"/>
        <UsageCount Value="1"/>
      </Unit8>
      <Unit9>
        <Filename Value="..\..\general\src\uerror.pas"/>
        <ComponentName Value="fError"/>
        <HasResources Value="True"/>
        <ResourceBaseClass Value="Form"/>
        <UnitName Value="uError"/>
        <TopLine Value="96"/>
        <CursorPos X="30" Y="24"/>
        <UsageCount Value="11"/>
      </Unit9>
      <Unit10>
        <Filename Value="uappconsts.pas"/>
        <UnitName Value="uAppconsts"/>
        <TopLine Value="20"/>
        <CursorPos X="23" Y="18"/>
        <UsageCount Value="11"/>
      </Unit10>
      <Unit11>
        <Filename Value="..\..\udata.pas"/>
        <ComponentName Value="Data"/>
        <HasResources Value="True"/>
        <ResourceBaseClass Value="DataModule"/>
        <UnitName Value="uData"/>
        <WindowIndex Value="0"/>
        <TopLine Value="2070"/>
        <CursorPos X="17" Y="2091"/>
        <UsageCount Value="121"/>
      </Unit11>
      <Unit12>
        <Filename Value="D:\general\src\uerror.pas"/>
        <ComponentName Value="fError"/>
        <HasResources Value="True"/>
        <ResourceBaseClass Value="Form"/>
        <UnitName Value="uError"/>
        <TopLine Value="89"/>
        <CursorPos X="13" Y="92"/>
        <UsageCount Value="121"/>
      </Unit12>
      <Unit13>
        <Filename Value="..\..\udocumentframe.pas"/>
        <ComponentName Value="frDocumentmanagement"/>
        <HasResources Value="True"/>
        <ResourceBaseClass Value="Frame"/>
        <UnitName Value="uDocumentFrame"/>
        <WindowIndex Value="0"/>
        <TopLine Value="1"/>
        <CursorPos X="24" Y="5"/>
        <UsageCount Value="29"/>
      </Unit13>
      <Unit14>
        <Filename Value="..\..\upassword.pas"/>
        <ComponentName Value="fPassword"/>
        <HasResources Value="True"/>
        <ResourceBaseClass Value="Form"/>
        <UnitName Value="uPassword"/>
        <TopLine Value="131"/>
        <CursorPos X="26" Y="134"/>
        <UsageCount Value="121"/>
      </Unit14>
      <Unit15>
        <Filename Value="..\..\ubasedatamodule.pas"/>
        <UnitName Value="uBaseDataModule"/>
        <WindowIndex Value="0"/>
        <TopLine Value="595"/>
        <CursorPos X="3" Y="572"/>
        <UsageCount Value="56"/>
      </Unit15>
      <Unit16>
        <Filename Value="..\..\uzeosdm.pas"/>
        <UnitName Value="uZeOSDM"/>
        <WindowIndex Value="0"/>
        <TopLine Value="910"/>
        <CursorPos X="31" Y="915"/>
        <UsageCount Value="12"/>
      </Unit16>
      <Unit17>
        <Filename Value="..\..\ucustomer.pas"/>
        <UnitName Value="uCustomer"/>
        <TopLine Value="1"/>
        <CursorPos X="1" Y="1"/>
        <UsageCount Value="2"/>
      </Unit17>
      <Unit18>
        <Filename Value="..\..\..\output\i386-win32\packanger\PPA05.ini"/>
        <TopLine Value="1"/>
        <CursorPos X="36" Y="11"/>
        <UsageCount Value="108"/>
        <DefaultSyntaxHighlighter Value="Ini"/>
      </Unit18>
      <Unit19>
        <Filename Value="D:\lazarus\lcl\forms.pp"/>
        <UnitName Value="Forms"/>
        <TopLine Value="1088"/>
        <CursorPos X="36" Y="1095"/>
        <UsageCount Value="1"/>
      </Unit19>
      <Unit20>
        <Filename Value="..\..\..\output\i386-win32\packanger\PPA01.ini"/>
        <TopLine Value="1"/>
        <CursorPos X="20" Y="10"/>
        <UsageCount Value="7"/>
        <DefaultSyntaxHighlighter Value="Ini"/>
      </Unit20>
      <Unit21>
        <Filename Value="uusb.pas"/>
        <UnitName Value="uUsb"/>
        <TopLine Value="1"/>
        <CursorPos X="1" Y="1"/>
        <UsageCount Value="28"/>
      </Unit21>
      <Unit22>
        <Filename Value="ulibusbdevice.pas"/>
        <UnitName Value="uLibUSBDevice"/>
        <WindowIndex Value="0"/>
        <TopLine Value="1"/>
        <CursorPos X="24" Y="89"/>
        <UsageCount Value="18"/>
      </Unit22>
      <Unit23>
        <Filename Value="ui2cdevice.pas"/>
        <UnitName Value="uI2CDevice"/>
        <TopLine Value="68"/>
        <CursorPos X="1" Y="88"/>
        <UsageCount Value="102"/>
      </Unit23>
      <Unit24>
        <Filename Value="C:\Programme\lazarus\lcl\forms.pp"/>
        <UnitName Value="Forms"/>
        <TopLine Value="793"/>
        <CursorPos X="13" Y="807"/>
        <UsageCount Value="1"/>
      </Unit24>
      <Unit25>
        <Filename Value="..\..\..\output\i386-win32\packanger\PPA02.ini"/>
        <TopLine Value="1"/>
        <CursorPos X="24" Y="11"/>
        <UsageCount Value="7"/>
        <DefaultSyntaxHighlighter Value="Ini"/>
      </Unit25>
      <Unit26>
        <Filename Value="..\..\..\output\i386-win32\packanger\PZF5000.ini"/>
        <TopLine Value="1"/>
        <CursorPos X="19" Y="7"/>
        <UsageCount Value="7"/>
        <DefaultSyntaxHighlighter Value="Ini"/>
      </Unit26>
      <Unit27>
        <Filename Value="..\..\..\output\i386-win32\packanger\PPA03.ini"/>
        <TopLine Value="1"/>
        <CursorPos X="28" Y="11"/>
        <UsageCount Value="7"/>
        <DefaultSyntaxHighlighter Value="Ini"/>
      </Unit27>
      <Unit28>
        <Filename Value="..\..\..\output\i386-win32\packanger\PPA04.ini"/>
        <TopLine Value="1"/>
        <CursorPos X="32" Y="11"/>
        <UsageCount Value="7"/>
        <DefaultSyntaxHighlighter Value="Ini"/>
      </Unit28>
      <Unit29>
        <Filename Value="..\..\..\output\i386-win32\packanger\PPA06.ini"/>
        <TopLine Value="1"/>
        <CursorPos X="40" Y="11"/>
        <UsageCount Value="7"/>
        <DefaultSyntaxHighlighter Value="Ini"/>
      </Unit29>
      <Unit30>
        <Filename Value="..\..\..\output\i386-win32\packanger\PPA07.ini"/>
        <TopLine Value="1"/>
        <CursorPos X="44" Y="11"/>
        <UsageCount Value="7"/>
        <DefaultSyntaxHighlighter Value="Ini"/>
      </Unit30>
      <Unit31>
        <Filename Value="..\..\..\output\i386-win32\packanger\PPA08.ini"/>
        <TopLine Value="1"/>
        <CursorPos X="48" Y="11"/>
        <UsageCount Value="7"/>
        <DefaultSyntaxHighlighter Value="Ini"/>
      </Unit31>
      <Unit32>
        <Filename Value="..\..\..\output\i386-win32\packanger\PPAF01.ini"/>
        <TopLine Value="1"/>
        <CursorPos X="20" Y="11"/>
        <UsageCount Value="7"/>
        <DefaultSyntaxHighlighter Value="Ini"/>
      </Unit32>
      <Unit33>
        <Filename Value="..\..\..\output\i386-win32\packanger\PPAF02.ini"/>
        <TopLine Value="1"/>
        <CursorPos X="24" Y="11"/>
        <UsageCount Value="7"/>
        <DefaultSyntaxHighlighter Value="Ini"/>
      </Unit33>
      <Unit34>
        <Filename Value="..\..\..\output\i386-win32\packanger\PPAF03.ini"/>
        <TopLine Value="1"/>
        <CursorPos X="28" Y="11"/>
        <UsageCount Value="7"/>
        <DefaultSyntaxHighlighter Value="Ini"/>
      </Unit34>
      <Unit35>
        <Filename Value="..\..\..\output\i386-win32\packanger\PPAF04.ini"/>
        <TopLine Value="1"/>
        <CursorPos X="32" Y="11"/>
        <UsageCount Value="7"/>
        <DefaultSyntaxHighlighter Value="Ini"/>
      </Unit35>
      <Unit36>
        <Filename Value="..\..\..\output\i386-win32\packanger\PPAF05.ini"/>
        <TopLine Value="1"/>
        <CursorPos X="36" Y="11"/>
        <UsageCount Value="7"/>
        <DefaultSyntaxHighlighter Value="Ini"/>
      </Unit36>
      <Unit37>
        <Filename Value="..\..\..\output\i386-win32\packanger\PPAF06.ini"/>
        <TopLine Value="1"/>
        <CursorPos X="40" Y="11"/>
        <UsageCount Value="7"/>
        <DefaultSyntaxHighlighter Value="Ini"/>
      </Unit37>
      <Unit38>
        <Filename Value="..\..\..\output\i386-win32\packanger\PPAF07.ini"/>
        <TopLine Value="1"/>
        <CursorPos X="44" Y="11"/>
        <UsageCount Value="7"/>
        <DefaultSyntaxHighlighter Value="Ini"/>
      </Unit38>
      <Unit39>
        <Filename Value="..\..\..\output\i386-win32\packanger\PPAF08.ini"/>
        <TopLine Value="1"/>
        <CursorPos X="48" Y="11"/>
        <UsageCount Value="7"/>
        <DefaultSyntaxHighlighter Value="Ini"/>
      </Unit39>
      <Unit40>
        <Filename Value="..\..\..\output\i386-win32\packanger\PPU01.ini"/>
        <TopLine Value="1"/>
        <CursorPos X="20" Y="11"/>
        <UsageCount Value="7"/>
        <DefaultSyntaxHighlighter Value="Ini"/>
      </Unit40>
      <Unit41>
        <Filename Value="..\..\..\output\i386-win32\packanger\PPU02.ini"/>
        <TopLine Value="1"/>
        <CursorPos X="24" Y="11"/>
        <UsageCount Value="7"/>
        <DefaultSyntaxHighlighter Value="Ini"/>
      </Unit41>
      <Unit42>
        <Filename Value="..\..\..\output\i386-win32\packanger\PPU03.ini"/>
        <TopLine Value="1"/>
        <CursorPos X="28" Y="11"/>
        <UsageCount Value="7"/>
        <DefaultSyntaxHighlighter Value="Ini"/>
      </Unit42>
      <Unit43>
        <Filename Value="..\..\..\output\i386-win32\packanger\PPU04.ini"/>
        <TopLine Value="1"/>
        <CursorPos X="32" Y="11"/>
        <UsageCount Value="7"/>
        <DefaultSyntaxHighlighter Value="Ini"/>
      </Unit43>
      <Unit44>
        <Filename Value="..\..\..\output\i386-win32\packanger\PPU05.ini"/>
        <TopLine Value="1"/>
        <CursorPos X="36" Y="11"/>
        <UsageCount Value="7"/>
        <DefaultSyntaxHighlighter Value="Ini"/>
      </Unit44>
      <Unit45>
        <Filename Value="..\..\..\output\i386-win32\packanger\PPU06.ini"/>
        <TopLine Value="1"/>
        <CursorPos X="40" Y="11"/>
        <UsageCount Value="7"/>
        <DefaultSyntaxHighlighter Value="Ini"/>
      </Unit45>
      <Unit46>
        <Filename Value="..\..\..\output\i386-win32\packanger\PPU07.ini"/>
        <TopLine Value="1"/>
        <CursorPos X="44" Y="11"/>
        <UsageCount Value="7"/>
        <DefaultSyntaxHighlighter Value="Ini"/>
      </Unit46>
      <Unit47>
        <Filename Value="..\..\..\output\i386-win32\packanger\PPU08.ini"/>
        <TopLine Value="1"/>
        <CursorPos X="48" Y="11"/>
        <UsageCount Value="7"/>
        <DefaultSyntaxHighlighter Value="Ini"/>
      </Unit47>
      <Unit48>
        <Filename Value="..\..\..\output\i386-win32\packanger\PSC2010.ini"/>
        <TopLine Value="1"/>
        <CursorPos X="20" Y="11"/>
        <UsageCount Value="7"/>
        <DefaultSyntaxHighlighter Value="Ini"/>
      </Unit48>
      <Unit49>
        <Filename Value="..\..\..\output\i386-win32\packanger\PSC2020.ini"/>
        <TopLine Value="1"/>
        <CursorPos X="24" Y="11"/>
        <UsageCount Value="7"/>
        <DefaultSyntaxHighlighter Value="Ini"/>
      </Unit49>
      <Unit50>
        <Filename Value="..\..\..\output\i386-win32\packanger\PVE1110.ini"/>
        <TopLine Value="1"/>
        <CursorPos X="1" Y="1"/>
        <UsageCount Value="7"/>
        <DefaultSyntaxHighlighter Value="Ini"/>
      </Unit50>
      <Unit51>
        <Filename Value="..\..\..\output\i386-win32\packanger\PVE1120.ini"/>
        <TopLine Value="1"/>
        <CursorPos X="1" Y="1"/>
        <UsageCount Value="7"/>
        <DefaultSyntaxHighlighter Value="Ini"/>
      </Unit51>
      <Unit52>
        <Filename Value="..\..\..\output\i386-win32\packanger\PVE1210.ini"/>
        <TopLine Value="1"/>
        <CursorPos X="1" Y="1"/>
        <UsageCount Value="7"/>
        <DefaultSyntaxHighlighter Value="Ini"/>
      </Unit52>
      <Unit53>
        <Filename Value="..\..\..\output\i386-win32\packanger\PVE1410.ini"/>
        <TopLine Value="1"/>
        <CursorPos X="1" Y="1"/>
        <UsageCount Value="7"/>
        <DefaultSyntaxHighlighter Value="Ini"/>
      </Unit53>
      <Unit54>
        <Filename Value="..\..\..\output\i386-win32\packanger\PVE1420.ini"/>
        <TopLine Value="1"/>
        <CursorPos X="1" Y="1"/>
        <UsageCount Value="7"/>
        <DefaultSyntaxHighlighter Value="Ini"/>
      </Unit54>
      <Unit55>
        <Filename Value="..\..\..\output\i386-win32\packanger\PVE1430.ini"/>
        <TopLine Value="1"/>
        <CursorPos X="1" Y="1"/>
        <UsageCount Value="7"/>
        <DefaultSyntaxHighlighter Value="Ini"/>
      </Unit55>
      <Unit56>
        <Filename Value="..\..\..\output\i386-win32\packanger\PVE1440.ini"/>
        <TopLine Value="1"/>
        <CursorPos X="1" Y="1"/>
        <UsageCount Value="7"/>
        <DefaultSyntaxHighlighter Value="Ini"/>
      </Unit56>
      <Unit57>
        <Filename Value="..\..\..\output\i386-win32\packanger\PVU1410.ini"/>
        <TopLine Value="1"/>
        <CursorPos X="20" Y="11"/>
        <UsageCount Value="7"/>
        <DefaultSyntaxHighlighter Value="Ini"/>
      </Unit57>
      <Unit58>
        <Filename Value="..\..\..\output\i386-win32\packanger\PVU1420.ini"/>
        <TopLine Value="1"/>
        <CursorPos X="24" Y="11"/>
        <UsageCount Value="7"/>
        <DefaultSyntaxHighlighter Value="Ini"/>
      </Unit58>
      <Unit59>
        <Filename Value="..\..\..\output\i386-win32\packanger\PVU1430.ini"/>
        <TopLine Value="1"/>
        <CursorPos X="28" Y="11"/>
        <UsageCount Value="7"/>
        <DefaultSyntaxHighlighter Value="Ini"/>
      </Unit59>
      <Unit60>
        <Filename Value="..\..\..\output\i386-win32\packanger\PVU1440.ini"/>
        <TopLine Value="1"/>
        <CursorPos X="32" Y="11"/>
        <UsageCount Value="7"/>
        <DefaultSyntaxHighlighter Value="Ini"/>
      </Unit60>
      <Unit61>
        <Filename Value="ui2ceeprom.pas"/>
        <UnitName Value="uI2CEeprom"/>
        <TopLine Value="21"/>
        <CursorPos X="32" Y="32"/>
        <UsageCount Value="27"/>
      </Unit61>
      <Unit62>
        <Filename Value="C:\lazarus\lcl\dbgrids.pas"/>
        <UnitName Value="DBGrids"/>
        <TopLine Value="2293"/>
        <CursorPos X="3" Y="2295"/>
        <UsageCount Value="3"/>
      </Unit62>
      <Unit63>
        <Filename Value="C:\lazarus\lcl\grids.pas"/>
        <UnitName Value="Grids"/>
        <TopLine Value="2282"/>
        <CursorPos X="30" Y="2288"/>
        <UsageCount Value="5"/>
      </Unit63>
      <Unit64>
        <Filename Value="C:\lazarus\lcl\interfaces\win32\win32wsbuttons.pp"/>
        <UnitName Value="Win32WSButtons"/>
        <TopLine Value="488"/>
        <CursorPos X="37" Y="501"/>
        <UsageCount Value="3"/>
      </Unit64>
      <Unit65>
        <Filename Value="C:\lazarus\lcl\include\control.inc"/>
        <TopLine Value="1650"/>
        <CursorPos X="1" Y="1661"/>
        <UsageCount Value="7"/>
      </Unit65>
      <Unit66>
        <Filename Value="C:\lazarus\lcl\include\buttoncontrol.inc"/>
        <TopLine Value="10"/>
        <CursorPos X="1" Y="22"/>
        <UsageCount Value="7"/>
      </Unit66>
      <Unit67>
        <Filename Value="C:\lazarus\lcl\include\buttons.inc"/>
        <TopLine Value="138"/>
        <CursorPos X="1" Y="165"/>
        <UsageCount Value="7"/>
      </Unit67>
      <Unit68>
        <Filename Value="C:\lazarus\lcl\include\bitbtn.inc"/>
        <TopLine Value="46"/>
        <CursorPos X="1" Y="58"/>
        <UsageCount Value="7"/>
      </Unit68>
      <Unit69>
        <Filename Value="uprogress.pas"/>
        <ComponentName Value="fprogress"/>
        <ResourceBaseClass Value="Form"/>
        <UnitName Value="uProgress"/>
        <TopLine Value="1"/>
        <CursorPos X="25" Y="3"/>
        <UsageCount Value="38"/>
      </Unit69>
      <Unit70>
        <Filename Value="C:\lazarus\components\lazreport\source\lr_class.pas"/>
        <UnitName Value="LR_Class"/>
        <TopLine Value="8563"/>
        <CursorPos X="3" Y="8481"/>
        <UsageCount Value="6"/>
      </Unit70>
      <Unit71>
        <Filename Value="C:\lazarus\lcl\forms.pp"/>
        <UnitName Value="Forms"/>
        <TopLine Value="559"/>
        <CursorPos X="14" Y="570"/>
        <UsageCount Value="7"/>
      </Unit71>
      <Unit72>
        <Filename Value="C:\Users\chris\AppData\Local\prometerp\tcs_packagner.xml"/>
        <TopLine Value="1"/>
        <CursorPos X="1" Y="1"/>
        <UsageCount Value="7"/>
        <DefaultSyntaxHighlighter Value="XML"/>
      </Unit72>
      <Unit73>
        <Filename Value="D:\general\src\umashineid.pas"/>
        <UnitName Value="umashineid"/>
        <TopLine Value="4"/>
        <CursorPos X="10" Y="15"/>
        <UsageCount Value="7"/>
      </Unit73>
      <Unit74>
        <Filename Value="C:\lazarus\lcl\include\customform.inc"/>
        <WindowIndex Value="0"/>
        <TopLine Value="1697"/>
        <CursorPos X="37" Y="1708"/>
        <UsageCount Value="9"/>
      </Unit74>
      <Unit75>
        <Filename Value="..\..\uappconsts.pas"/>
        <UnitName Value="uAppconsts"/>
        <TopLine Value="6"/>
        <CursorPos X="1" Y="1"/>
        <UsageCount Value="7"/>
      </Unit75>
      <Unit76>
        <Filename Value="..\..\unewstorage.pas"/>
        <HasResources Value="True"/>
        <UnitName Value="unewstorage"/>
        <UsageCount Value="28"/>
      </Unit76>
      <Unit77>
        <Filename Value="..\..\uaddserial.pas"/>
        <HasResources Value="True"/>
        <UnitName Value="uaddserial"/>
        <UsageCount Value="28"/>
      </Unit77>
      <Unit78>
        <Filename Value="..\..\components\zeos\src\dbc\ZDbcSqLiteUtils.pas"/>
        <UnitName Value="ZDbcSqLiteUtils"/>
        <TopLine Value="225"/>
        <CursorPos X="38" Y="234"/>
        <UsageCount Value="8"/>
      </Unit78>
      <Unit79>
        <Filename Value="C:\lazarus\lcl\include\containedaction.inc"/>
        <TopLine Value="93"/>
        <CursorPos X="1" Y="104"/>
        <UsageCount Value="7"/>
      </Unit79>
      <Unit80>
        <Filename Value="C:\lazarus\lcl\include\wincontrol.inc"/>
        <TopLine Value="5094"/>
        <CursorPos X="1" Y="5105"/>
        <UsageCount Value="7"/>
      </Unit80>
      <Unit81>
        <Filename Value="C:\lazarus\lcl\lclmessageglue.pas"/>
        <UnitName Value="LCLMessageGlue"/>
        <TopLine Value="110"/>
        <CursorPos X="1" Y="121"/>
        <UsageCount Value="7"/>
      </Unit81>
      <Unit82>
        <Filename Value="C:\lazarus\lcl\interfaces\win32\win32callback.inc"/>
        <TopLine Value="2550"/>
        <CursorPos X="44" Y="2559"/>
        <UsageCount Value="7"/>
      </Unit82>
      <Unit83>
        <Filename Value="..\..\uorders.pas"/>
        <UnitName Value="uOrders"/>
        <TopLine Value="1852"/>
        <CursorPos X="1" Y="1871"/>
        <UsageCount Value="7"/>
      </Unit83>
      <Unit84>
        <Filename Value="..\..\uacquire.pas"/>
        <UnitName Value="uAcquire"/>
        <WindowIndex Value="0"/>
        <TopLine Value="1"/>
        <CursorPos X="4" Y="10"/>
        <UsageCount Value="8"/>
      </Unit84>
      <Unit85>
        <Filename Value="C:\FPC\2.4.0\source\fpcsrc\packages\fcl-db\src\base\db.pas"/>
        <UnitName Value="db"/>
        <WindowIndex Value="0"/>
        <TopLine Value="1110"/>
        <CursorPos X="28" Y="1131"/>
        <UsageCount Value="7"/>
      </Unit85>
      <Unit86>
        <Filename Value="..\base\upassword.pas"/>
        <ComponentName Value="fPassword"/>
        <HasResources Value="True"/>
        <ResourceBaseClass Value="Form"/>
        <UnitName Value="uPassword"/>
        <WindowIndex Value="0"/>
        <TopLine Value="113"/>
        <CursorPos X="71" Y="129"/>
        <UsageCount Value="22"/>
      </Unit86>
      <Unit87>
        <Filename Value="..\base\uaddserial.pas"/>
        <ComponentName Value="fAddSerial"/>
        <HasResources Value="True"/>
        <ResourceBaseClass Value="Form"/>
        <UnitName Value="uAddSerial"/>
        <WindowIndex Value="0"/>
        <TopLine Value="3"/>
        <CursorPos X="1" Y="10"/>
        <UsageCount Value="20"/>
      </Unit87>
      <Unit88>
        <Filename Value="..\base\udata.pas"/>
        <ComponentName Value="Data"/>
        <HasResources Value="True"/>
        <ResourceBaseClass Value="DataModule"/>
        <UnitName Value="uData"/>
        <WindowIndex Value="0"/>
        <TopLine Value="1"/>
        <CursorPos X="20" Y="37"/>
        <UsageCount Value="22"/>
      </Unit88>
      <Unit89>
        <Filename Value="..\tcs_packanger\umain.pas"/>
        <ComponentName Value="fMain"/>
        <HasResources Value="True"/>
        <ResourceBaseClass Value="Form"/>
        <UnitName Value="umain"/>
        <WindowIndex Value="0"/>
        <TopLine Value="316"/>
        <CursorPos X="1" Y="321"/>
        <UsageCount Value="7"/>
      </Unit89>
      <Unit90>
        <Filename Value="utimelist.pas"/>
        <ComponentName Value="fTimelist"/>
        <HasResources Value="True"/>
        <ResourceBaseClass Value="Form"/>
        <UnitName Value="uTimelist"/>
        <WindowIndex Value="0"/>
        <TopLine Value="1"/>
        <CursorPos X="1" Y="112"/>
        <UsageCount Value="7"/>
      </Unit90>
      <Unit91>
        <Filename Value="uentertime.pas"/>
        <ComponentName Value="fEnterTime"/>
        <HasResources Value="True"/>
        <ResourceBaseClass Value="Form"/>
        <UnitName Value="uEnterTime"/>
        <WindowIndex Value="0"/>
        <TopLine Value="21"/>
        <CursorPos X="35" Y="72"/>
        <UsageCount Value="19"/>
      </Unit91>
      <Unit92>
        <Filename Value="..\base\ubasedatamodule.pas"/>
        <UnitName Value="uBaseDataModule"/>
        <WindowIndex Value="0"/>
        <TopLine Value="1501"/>
        <CursorPos X="1" Y="1525"/>
        <UsageCount Value="8"/>
      </Unit92>
      <Unit93>
        <Filename Value="utasks.pas"/>
        <UnitName Value="uTasks"/>
        <WindowIndex Value="0"/>
        <TopLine Value="10"/>
        <CursorPos X="66" Y="10"/>
        <UsageCount Value="7"/>
      </Unit93>
      <Unit94>
        <Filename Value="..\base\usearch.pas"/>
        <ComponentName Value="fSearch"/>
        <HasResources Value="True"/>
        <ResourceBaseClass Value="Form"/>
        <UnitName Value="uSearch"/>
        <WindowIndex Value="0"/>
        <TopLine Value="601"/>
        <CursorPos X="15" Y="617"/>
        <UsageCount Value="19"/>
      </Unit94>
      <Unit95>
        <Filename Value="C:\Programme\lazarus\packager\packagesystem.pas"/>
        <UnitName Value="PackageSystem"/>
        <WindowIndex Value="0"/>
        <TopLine Value="1"/>
        <CursorPos X="14" Y="54"/>
        <UsageCount Value="7"/>
      </Unit95>
      <Unit96>
        <Filename Value="..\base\uroweditor.pas"/>
        <ComponentName Value="fRowEditor"/>
        <HasResources Value="True"/>
        <ResourceBaseClass Value="Form"/>
        <UnitName Value="uRowEditor"/>
        <WindowIndex Value="0"/>
        <TopLine Value="118"/>
        <CursorPos X="6" Y="139"/>
        <UsageCount Value="7"/>
      </Unit96>
      <Unit97>
        <Filename Value="..\..\..\LKomponenten\zeos\src\dbc\ZDbcSqLiteUtils.pas"/>
        <UnitName Value="ZDbcSqLiteUtils"/>
        <WindowIndex Value="0"/>
        <TopLine Value="216"/>
        <CursorPos X="36" Y="235"/>
        <UsageCount Value="7"/>
        <DefaultSyntaxHighlighter Value="Delphi"/>
      </Unit97>
      <Unit98>
        <Filename Value="..\base\uzeosdm.pas"/>
        <UnitName Value="uZeOSDM"/>
        <WindowIndex Value="0"/>
        <TopLine Value="867"/>
        <CursorPos X="1" Y="884"/>
        <UsageCount Value="7"/>
      </Unit98>
      <Unit99>
        <Filename Value="..\..\..\LKomponenten\zeos\src\dbc\ZDbcUtils.pas"/>
        <UnitName Value="ZDbcUtils"/>
        <WindowIndex Value="0"/>
        <TopLine Value="352"/>
        <CursorPos X="30" Y="363"/>
        <UsageCount Value="7"/>
        <DefaultSyntaxHighlighter Value="Delphi"/>
      </Unit99>
      <Unit100>
        <Filename Value="C:\Programme\lazarus\lcl\propertystorage.pas"/>
        <UnitName Value="PropertyStorage"/>
        <WindowIndex Value="0"/>
        <TopLine Value="742"/>
        <CursorPos X="1" Y="804"/>
        <UsageCount Value="7"/>
      </Unit100>
      <Unit101>
        <Filename Value="..\..\..\LKomponenten\zeos\src\component\ZAbstractRODataset.pas"/>
        <UnitName Value="ZAbstractRODataset"/>
        <WindowIndex Value="0"/>
        <TopLine Value="2655"/>
        <CursorPos X="1" Y="2674"/>
        <UsageCount Value="7"/>
        <DefaultSyntaxHighlighter Value="Delphi"/>
      </Unit101>
      <Unit102>
        <Filename Value="..\base\ubasevisualapplication.pas"/>
        <UnitName Value="uBaseVisualApplication"/>
        <EditorIndex Value="6"/>
        <WindowIndex Value="0"/>
        <TopLine Value="28"/>
        <CursorPos X="1" Y="20"/>
        <UsageCount Value="28"/>
        <Loaded Value="True"/>
      </Unit102>
      <Unit103>
        <Filename Value="C:\Programme\lazarus\lcl\include\customaction.inc"/>
        <WindowIndex Value="0"/>
        <TopLine Value="229"/>
        <CursorPos X="1" Y="252"/>
        <UsageCount Value="7"/>
      </Unit103>
      <Unit104>
        <Filename Value="..\base\ubasedbinterface.pas"/>
        <UnitName Value="uBaseDBInterface"/>
        <WindowIndex Value="0"/>
        <TopLine Value="91"/>
        <CursorPos X="15" Y="109"/>
        <UsageCount Value="7"/>
      </Unit104>
      <Unit105>
        <Filename Value="C:\Programme\lazarus\lcl\interfaces\win32\win32callback.inc"/>
        <WindowIndex Value="0"/>
        <TopLine Value="2630"/>
        <CursorPos X="55" Y="2659"/>
        <UsageCount Value="7"/>
      </Unit105>
      <Unit106>
        <Filename Value="..\..\..\general\src\uerror.pas"/>
        <UnitName Value="uError"/>
        <WindowIndex Value="0"/>
        <TopLine Value="4"/>
        <CursorPos X="1" Y="38"/>
        <UsageCount Value="7"/>
      </Unit106>
      <Unit107>
        <Filename Value="..\base\ufilterframe.pas"/>
        <HasResources Value="True"/>
        <ResourceBaseClass Value="Frame"/>
        <UnitName Value="uFilterFrame"/>
        <WindowIndex Value="0"/>
        <TopLine Value="236"/>
        <CursorPos X="1" Y="265"/>
        <UsageCount Value="7"/>
      </Unit107>
      <Unit108>
        <Filename Value="..\base\dbintfs\ubasedbinterface.pas"/>
        <UnitName Value="uBaseDBInterface"/>
        <WindowIndex Value="0"/>
        <TopLine Value="68"/>
        <CursorPos X="14" Y="87"/>
        <UsageCount Value="7"/>
      </Unit108>
      <Unit109>
        <Filename Value="..\base\dbintfs\uzeosdbdm.pas"/>
        <UnitName Value="uZeosDBDM"/>
        <WindowIndex Value="0"/>
        <TopLine Value="1037"/>
        <CursorPos X="1" Y="1055"/>
        <UsageCount Value="7"/>
      </Unit109>
      <Unit110>
        <Filename Value="..\base\dbintfs\usystemmessage.pas"/>
        <UnitName Value="uSystemMessage"/>
        <WindowIndex Value="0"/>
        <TopLine Value="1"/>
        <CursorPos X="1" Y="103"/>
        <UsageCount Value="7"/>
      </Unit110>
      <Unit111>
        <Filename Value="..\..\..\LKomponenten\zeos\src\plain\ZPlainDbLibDriver.pas"/>
        <UnitName Value="ZPlainDbLibDriver"/>
        <WindowIndex Value="0"/>
        <TopLine Value="1167"/>
        <CursorPos X="13" Y="1203"/>
        <UsageCount Value="7"/>
        <DefaultSyntaxHighlighter Value="Delphi"/>
      </Unit111>
      <Unit112>
        <Filename Value="..\base\dbintfs\ustatistic.pas"/>
        <UnitName Value="uStatistic"/>
        <EditorIndex Value="5"/>
        <WindowIndex Value="0"/>
        <TopLine Value="294"/>
        <CursorPos X="1" Y="154"/>
        <UsageCount Value="27"/>
        <Loaded Value="True"/>
      </Unit112>
      <Unit113>
        <Filename Value="..\base\dbintfs\ucalc.pas"/>
        <UnitName Value="ucalc"/>
        <EditorIndex Value="2"/>
        <WindowIndex Value="0"/>
        <TopLine Value="251"/>
        <CursorPos X="22" Y="267"/>
        <UsageCount Value="27"/>
        <Loaded Value="True"/>
      </Unit113>
      <Unit114>
        <Filename Value="..\base\dbintfs\ubasedbclasses.pas"/>
        <UnitName Value="uBaseDbClasses"/>
        <EditorIndex Value="4"/>
        <WindowIndex Value="0"/>
        <TopLine Value="1097"/>
        <CursorPos X="1" Y="1120"/>
        <UsageCount Value="15"/>
        <Loaded Value="True"/>
      </Unit114>
      <Unit115>
        <Filename Value="..\components\zeos\src\dbc\ZDbcSqLiteUtils.pas"/>
        <UnitName Value="ZDbcSqLiteUtils"/>
        <WindowIndex Value="0"/>
        <TopLine Value="219"/>
        <CursorPos X="39" Y="268"/>
        <UsageCount Value="9"/>
        <DefaultSyntaxHighlighter Value="Delphi"/>
      </Unit115>
      <Unit116>
        <Filename Value="..\..\..\general\src\mathparser.pas"/>
        <UnitName Value="MathParser"/>
        <EditorIndex Value="3"/>
        <WindowIndex Value="0"/>
        <TopLine Value="356"/>
        <CursorPos X="1" Y="376"/>
        <UsageCount Value="13"/>
        <Loaded Value="True"/>
      </Unit116>
      <Unit117>
        <Filename Value="..\base\ubasevisualcontrols.pas"/>
        <ComponentName Value="fVisualControls"/>
        <HasResources Value="True"/>
        <ResourceBaseClass Value="DataModule"/>
        <UnitName Value="uBaseVisualControls"/>
        <EditorIndex Value="0"/>
        <WindowIndex Value="0"/>
        <TopLine Value="1"/>
        <CursorPos X="1" Y="1"/>
        <UsageCount Value="10"/>
        <Loaded Value="True"/>
        <LoadedDesigner Value="True"/>
      </Unit117>
    </Units>
    <JumpHistory Count="30" HistoryIndex="29">
      <Position1>
        <Filename Value="..\base\dbintfs\ucalc.pas"/>
        <Caret Line="276" Column="51" TopLine="252"/>
      </Position1>
      <Position2>
        <Filename Value="..\base\dbintfs\ucalc.pas"/>
        <Caret Line="297" Column="47" TopLine="275"/>
      </Position2>
      <Position3>
        <Filename Value="..\base\dbintfs\ucalc.pas"/>
        <Caret Line="283" Column="1" TopLine="275"/>
      </Position3>
      <Position4>
        <Filename Value="..\base\dbintfs\ucalc.pas"/>
        <Caret Line="284" Column="1" TopLine="275"/>
      </Position4>
      <Position5>
        <Filename Value="..\base\dbintfs\ucalc.pas"/>
        <Caret Line="285" Column="1" TopLine="275"/>
      </Position5>
      <Position6>
        <Filename Value="..\base\dbintfs\ucalc.pas"/>
        <Caret Line="287" Column="1" TopLine="275"/>
      </Position6>
      <Position7>
        <Filename Value="..\base\dbintfs\ucalc.pas"/>
        <Caret Line="288" Column="1" TopLine="275"/>
      </Position7>
      <Position8>
        <Filename Value="..\base\dbintfs\ucalc.pas"/>
        <Caret Line="285" Column="1" TopLine="275"/>
      </Position8>
      <Position9>
        <Filename Value="..\base\dbintfs\ucalc.pas"/>
        <Caret Line="291" Column="1" TopLine="275"/>
      </Position9>
      <Position10>
        <Filename Value="..\base\dbintfs\ucalc.pas"/>
        <Caret Line="292" Column="1" TopLine="275"/>
      </Position10>
      <Position11>
        <Filename Value="..\base\dbintfs\ustatistic.pas"/>
        <Caret Line="154" Column="1" TopLine="294"/>
      </Position11>
      <Position12>
        <Filename Value="..\base\dbintfs\ucalc.pas"/>
        <Caret Line="301" Column="36" TopLine="266"/>
      </Position12>
      <Position13>
        <Filename Value="..\base\dbintfs\ucalc.pas"/>
        <Caret Line="287" Column="1" TopLine="266"/>
      </Position13>
      <Position14>
        <Filename Value="..\base\dbintfs\ubasedbclasses.pas"/>
        <Caret Line="1115" Column="1" TopLine="1097"/>
      </Position14>
      <Position15>
        <Filename Value="..\base\dbintfs\ubasedbclasses.pas"/>
        <Caret Line="1116" Column="1" TopLine="1097"/>
      </Position15>
      <Position16>
        <Filename Value="..\base\dbintfs\ubasedbclasses.pas"/>
        <Caret Line="1117" Column="1" TopLine="1097"/>
      </Position16>
      <Position17>
        <Filename Value="..\base\dbintfs\ubasedbclasses.pas"/>
        <Caret Line="1118" Column="1" TopLine="1097"/>
      </Position17>
      <Position18>
        <Filename Value="..\base\dbintfs\ubasedbclasses.pas"/>
        <Caret Line="1119" Column="1" TopLine="1097"/>
      </Position18>
      <Position19>
        <Filename Value="..\base\dbintfs\ubasedbclasses.pas"/>
        <Caret Line="1120" Column="1" TopLine="1097"/>
      </Position19>
      <Position20>
        <Filename Value="..\base\dbintfs\ubasedbclasses.pas"/>
        <Caret Line="1115" Column="1" TopLine="1097"/>
      </Position20>
      <Position21>
        <Filename Value="..\base\dbintfs\ubasedbclasses.pas"/>
        <Caret Line="1116" Column="1" TopLine="1097"/>
      </Position21>
      <Position22>
        <Filename Value="..\base\dbintfs\ubasedbclasses.pas"/>
        <Caret Line="1117" Column="1" TopLine="1097"/>
      </Position22>
      <Position23>
        <Filename Value="..\base\dbintfs\ubasedbclasses.pas"/>
        <Caret Line="1118" Column="1" TopLine="1097"/>
      </Position23>
      <Position24>
        <Filename Value="..\base\dbintfs\ubasedbclasses.pas"/>
        <Caret Line="1119" Column="1" TopLine="1097"/>
      </Position24>
      <Position25>
        <Filename Value="..\base\dbintfs\ubasedbclasses.pas"/>
        <Caret Line="1120" Column="1" TopLine="1097"/>
      </Position25>
      <Position26>
        <Filename Value="..\..\..\general\src\mathparser.pas"/>
        <Caret Line="374" Column="1" TopLine="356"/>
      </Position26>
      <Position27>
        <Filename Value="..\..\..\general\src\mathparser.pas"/>
        <Caret Line="375" Column="1" TopLine="356"/>
      </Position27>
      <Position28>
        <Filename Value="ucalculator.pas"/>
        <Caret Line="137" Column="17" TopLine="103"/>
      </Position28>
      <Position29>
        <Filename Value="ucalculator.pas"/>
        <Caret Line="138" Column="17" TopLine="104"/>
      </Position29>
      <Position30>
        <Filename Value="ucalculator.pas"/>
        <Caret Line="146" Column="17" TopLine="112"/>
      </Position30>
    </JumpHistory>
  </ProjectOptions>
  <CompilerOptions>
    <Version Value="11"/>
    <PathDelim Value="\"/>
    <Target>
      <Filename Value="..\..\output\$(TargetCPU)-$(TargetOS)\calculator"/>
    </Target>
    <SearchPaths>
      <UnitOutputDirectory Value="lib\$(TargetCPU)-$(TargetOS)"/>
    </SearchPaths>
    <Parsing>
      <SyntaxOptions>
        <CStyleOperator Value="False"/>
        <UseAnsiStrings Value="False"/>
      </SyntaxOptions>
    </Parsing>
    <CodeGeneration>
      <Optimizations>
        <OptimizationLevel Value="0"/>
      </Optimizations>
    </CodeGeneration>
    <Linking>
      <Debugging>
        <UseExternalDbgSyms Value="True"/>
      </Debugging>
      <Options>
        <Win32>
          <GraphicApplication Value="True"/>
        </Win32>
      </Options>
    </Linking>
    <Other>
      <CompilerMessages>
        <UseMsgFile Value="True"/>
      </CompilerMessages>
      <CompilerPath Value="$(CompPath)"/>
    </Other>
  </CompilerOptions>
  <Debugging>
    <Exceptions Count="2">
      <Item1>
        <Name Value="EConvertError"/>
      </Item1>
      <Item2>
        <Name Value="EMathParserException"/>
      </Item2>
    </Exceptions>
  </Debugging>
  <EditorMacros Count="0"/>
</CONFIG>
