<?xml version="1.0" encoding="UTF-8"?>
<CONFIG>
  <ProjectOptions>
    <Version Value="9"/>
    <PathDelim Value="\"/>
    <General>
      <Flags>
        <MainUnitHasCreateFormStatements Value="False"/>
      </Flags>
      <MainUnit Value="0"/>
      <ResourceType Value="res"/>
      <UseXPManifest Value="True"/>
      <ActiveWindowIndexAtStart Value="0"/>
    </General>
    <i18n>
      <EnableI18N LFM="False"/>
    </i18n>
    <VersionInfo>
      <StringTable ProductVersion=""/>
    </VersionInfo>
    <MacroValues Count="1">
      <Macro1 Name="LCLWidgetType" Value="nogui"/>
    </MacroValues>
    <BuildModes Count="1" Active="Default">
      <Item1 Name="Default" Default="True"/>
      <SharedMatrixOptions Count="1">
        <Item1 ID="118170743912" Modes="Default" Type="IDEMacro" MacroName="LCLWidgetType" Value="nogui"/>
      </SharedMatrixOptions>
    </BuildModes>
    <PublishOptions>
      <Version Value="2"/>
      <IncludeFileFilter Value="*.(pas|pp|inc|lfm|lpr|lrs|lpi|lpk|sh|xml)"/>
      <ExcludeFileFilter Value="*.(bak|ppu|o|so);*~;backup"/>
    </PublishOptions>
    <RunParams>
      <local>
        <FormatVersion Value="1"/>
        <CommandLineParams Value="--mandant=ForumPG"/>
      </local>
    </RunParams>
    <RequiredPackages Count="6">
      <Item1>
        <PackageName Value="laz_synapse"/>
      </Item1>
      <Item2>
        <PackageName Value="LazUtils"/>
      </Item2>
      <Item3>
        <PackageName Value="LCL"/>
      </Item3>
      <Item4>
        <PackageName Value="pmimemessages"/>
        <DefaultFilename Value="..\base_messaging\pmimemessages.lpk"/>
      </Item4>
      <Item5>
        <PackageName Value="lnetbase"/>
      </Item5>
      <Item6>
        <PackageName Value="pcmdprometapp"/>
      </Item6>
    </RequiredPackages>
    <Units Count="116">
      <Unit0>
        <Filename Value="mta.lpr"/>
        <IsPartOfProject Value="True"/>
        <UnitName Value="nntpserver"/>
        <IsVisibleTab Value="True"/>
        <EditorIndex Value="0"/>
        <WindowIndex Value="0"/>
        <TopLine Value="47"/>
        <CursorPos X="115" Y="56"/>
        <UsageCount Value="144"/>
        <Loaded Value="True"/>
      </Unit0>
      <Unit1>
        <Filename Value="..\base\ubasecustomapplication.pas"/>
        <UnitName Value="uBaseCustomApplication"/>
        <EditorIndex Value="1"/>
        <WindowIndex Value="0"/>
        <TopLine Value="219"/>
        <CursorPos X="3" Y="242"/>
        <UsageCount Value="33"/>
        <Loaded Value="True"/>
      </Unit1>
      <Unit2>
        <Filename Value="..\base\pcmdprometapp.pas"/>
        <UnitName Value="pcmdprometapp"/>
        <WindowIndex Value="0"/>
        <TopLine Value="1"/>
        <CursorPos X="1" Y="1"/>
        <UsageCount Value="21"/>
      </Unit2>
      <Unit3>
        <Filename Value="C:\Programme\lazarus\lcl\propertystorage.pas"/>
        <UnitName Value="PropertyStorage"/>
        <WindowIndex Value="0"/>
        <TopLine Value="16"/>
        <CursorPos X="33" Y="14"/>
        <UsageCount Value="8"/>
      </Unit3>
      <Unit4>
        <Filename Value="..\..\..\general\src\Utils.pas"/>
        <UnitName Value="Utils"/>
        <WindowIndex Value="0"/>
        <TopLine Value="444"/>
        <CursorPos X="36" Y="463"/>
        <UsageCount Value="8"/>
      </Unit4>
      <Unit5>
        <Filename Value="C:\Programme\lazarus\lcl\fileutil.pas"/>
        <UnitName Value="FileUtil"/>
        <WindowIndex Value="0"/>
        <TopLine Value="1"/>
        <CursorPos X="48" Y="30"/>
        <UsageCount Value="8"/>
      </Unit5>
      <Unit6>
        <Filename Value="C:\Programme\lazarus\lcl\masks.pas"/>
        <UnitName Value="Masks"/>
        <WindowIndex Value="0"/>
        <TopLine Value="1"/>
        <CursorPos X="1" Y="1"/>
        <UsageCount Value="8"/>
      </Unit6>
      <Unit7>
        <Filename Value="C:\Programme\lazarus\lcl\dbctrls.pp"/>
        <UnitName Value="DbCtrls"/>
        <WindowIndex Value="0"/>
        <TopLine Value="13"/>
        <CursorPos X="1" Y="1"/>
        <UsageCount Value="8"/>
      </Unit7>
      <Unit8>
        <Filename Value="..\base\dbintfs\uintfstrconsts.pas"/>
        <UnitName Value="uIntfStrConsts"/>
        <WindowIndex Value="0"/>
        <TopLine Value="616"/>
        <CursorPos X="6" Y="635"/>
        <UsageCount Value="20"/>
      </Unit8>
      <Unit9>
        <Filename Value="..\base\dbintfs\ubasedbinterface.pas"/>
        <UnitName Value="uBaseDBInterface"/>
        <EditorIndex Value="4"/>
        <WindowIndex Value="0"/>
        <TopLine Value="1291"/>
        <CursorPos X="1" Y="1312"/>
        <UsageCount Value="49"/>
        <Loaded Value="True"/>
      </Unit9>
      <Unit10>
        <Filename Value="..\..\..\LKomponenten\lnet\lib\lnet.pp"/>
        <UnitName Value="lNet"/>
        <WindowIndex Value="0"/>
        <TopLine Value="238"/>
        <CursorPos X="3" Y="346"/>
        <UsageCount Value="22"/>
      </Unit10>
      <Unit11>
        <Filename Value="C:\Programme\lazarus\fpc\2.4.3\source\rtl\inc\socketsh.inc"/>
        <WindowIndex Value="0"/>
        <TopLine Value="60"/>
        <CursorPos X="28" Y="79"/>
        <UsageCount Value="17"/>
      </Unit11>
      <Unit12>
        <Filename Value="..\..\..\LKomponenten\lnet\lib\levents.pp"/>
        <UnitName Value="lEvents"/>
        <WindowIndex Value="0"/>
        <TopLine Value="528"/>
        <CursorPos X="1" Y="558"/>
        <UsageCount Value="27"/>
      </Unit12>
      <Unit13>
        <Filename Value="C:\Dokumente und Einstellungen\ulrich\Eigene Dateien\Hamster\cServerNNTP.pas"/>
        <UnitName Value="cServerNNTP"/>
        <WindowIndex Value="0"/>
        <TopLine Value="2202"/>
        <CursorPos X="1" Y="2224"/>
        <UsageCount Value="29"/>
        <Bookmarks Count="1">
          <Item0 X="10" Y="2911" ID="0"/>
        </Bookmarks>
      </Unit13>
      <Unit14>
        <Filename Value="C:\Dokumente und Einstellungen\ulrich\Eigene Dateien\Hamster\cServerBase.pas"/>
        <UnitName Value="cServerBase"/>
        <WindowIndex Value="0"/>
        <TopLine Value="148"/>
        <CursorPos X="41" Y="169"/>
        <UsageCount Value="24"/>
      </Unit14>
      <Unit15>
        <Filename Value="..\..\..\LKomponenten\lnet\lib\lhttp.pp"/>
        <UnitName Value="lhttp"/>
        <WindowIndex Value="0"/>
        <TopLine Value="1569"/>
        <CursorPos X="38" Y="1584"/>
        <UsageCount Value="11"/>
      </Unit15>
      <Unit16>
        <Filename Value="ulnntp.pas"/>
        <IsPartOfProject Value="True"/>
        <UnitName Value="uLNNTP"/>
        <WindowIndex Value="0"/>
        <TopLine Value="1"/>
        <CursorPos X="15" Y="11"/>
        <UsageCount Value="141"/>
      </Unit16>
      <Unit17>
        <Filename Value="..\..\..\LKomponenten\lnet\examples\console\lhttp\fphttpd.pp"/>
        <UnitName Value="fphttpd"/>
        <WindowIndex Value="0"/>
        <TopLine Value="35"/>
        <CursorPos X="61" Y="45"/>
        <UsageCount Value="15"/>
      </Unit17>
      <Unit18>
        <Filename Value="..\..\..\LKomponenten\lnet\lib\sys\osunits.inc"/>
        <WindowIndex Value="0"/>
        <TopLine Value="1"/>
        <CursorPos X="1" Y="1"/>
        <UsageCount Value="8"/>
      </Unit18>
      <Unit19>
        <Filename Value="..\base\dbintfs\udata.pas"/>
        <UnitName Value="uData"/>
        <WindowIndex Value="0"/>
        <TopLine Value="1"/>
        <CursorPos X="16" Y="41"/>
        <UsageCount Value="10"/>
      </Unit19>
      <Unit20>
        <Filename Value="..\..\..\LKomponenten\zeos\src\component\ZDatasetUtils.pas"/>
        <UnitName Value="ZDatasetUtils"/>
        <WindowIndex Value="0"/>
        <TopLine Value="577"/>
        <CursorPos X="22" Y="601"/>
        <UsageCount Value="9"/>
        <DefaultSyntaxHighlighter Value="Delphi"/>
      </Unit20>
      <Unit21>
        <Filename Value="..\base\dbintfs\ubasedbclasses.pas"/>
        <UnitName Value="uBaseDbClasses"/>
        <EditorIndex Value="5"/>
        <WindowIndex Value="0"/>
        <TopLine Value="1901"/>
        <CursorPos X="1" Y="1924"/>
        <UsageCount Value="39"/>
        <Loaded Value="True"/>
      </Unit21>
      <Unit22>
        <Filename Value="..\base\ubasevisualapplication.pas"/>
        <UnitName Value="uBaseVisualApplication"/>
        <WindowIndex Value="0"/>
        <TopLine Value="218"/>
        <CursorPos X="1" Y="275"/>
        <UsageCount Value="8"/>
      </Unit22>
      <Unit23>
        <Filename Value="..\base\dbintfs\uzeosdbdm.pas"/>
        <UnitName Value="uZeosDBDM"/>
        <EditorIndex Value="6"/>
        <WindowIndex Value="0"/>
        <TopLine Value="745"/>
        <CursorPos X="1" Y="770"/>
        <UsageCount Value="39"/>
        <Loaded Value="True"/>
      </Unit23>
      <Unit24>
        <Filename Value="..\..\output\i386-win32\web\debug.txt"/>
        <WindowIndex Value="0"/>
        <TopLine Value="1"/>
        <CursorPos X="1" Y="1"/>
        <UsageCount Value="8"/>
        <DefaultSyntaxHighlighter Value="None"/>
      </Unit24>
      <Unit25>
        <Filename Value="..\base\dbintfs\uorder.pas"/>
        <UnitName Value="uOrder"/>
        <WindowIndex Value="0"/>
        <TopLine Value="1"/>
        <CursorPos X="65" Y="15"/>
        <UsageCount Value="8"/>
      </Unit25>
      <Unit26>
        <Filename Value="C:\Dokumente und Einstellungen\ulrich\Eigene Dateien\Hamster\cArticle.pas"/>
        <UnitName Value="cArticle"/>
        <WindowIndex Value="0"/>
        <TopLine Value="130"/>
        <CursorPos X="37" Y="19"/>
        <UsageCount Value="8"/>
      </Unit26>
      <Unit27>
        <Filename Value="C:\Dokumente und Einstellungen\ulrich\Eigene Dateien\Hamster\cArticleFile.pas"/>
        <UnitName Value="cArticleFile"/>
        <WindowIndex Value="0"/>
        <TopLine Value="394"/>
        <CursorPos X="18" Y="443"/>
        <UsageCount Value="10"/>
      </Unit27>
      <Unit28>
        <Filename Value="C:\Programme\lazarus\fpc\2.4.3\source\rtl\objpas\classes\classesh.inc"/>
        <WindowIndex Value="0"/>
        <TopLine Value="284"/>
        <CursorPos X="14" Y="303"/>
        <UsageCount Value="9"/>
      </Unit28>
      <Unit29>
        <Filename Value="..\..\..\LKomponenten\lnet\lib\lmimestreams.pp"/>
        <UnitName Value="lMimeStreams"/>
        <WindowIndex Value="0"/>
        <TopLine Value="151"/>
        <CursorPos X="1" Y="1"/>
        <UsageCount Value="8"/>
      </Unit29>
      <Unit30>
        <Filename Value="..\..\..\LKomponenten\lnet\lib\lsmtp.pp"/>
        <UnitName Value="lsmtp"/>
        <WindowIndex Value="0"/>
        <TopLine Value="33"/>
        <CursorPos X="15" Y="179"/>
        <UsageCount Value="14"/>
      </Unit30>
      <Unit31>
        <Filename Value="..\..\..\LKomponenten\lnet\lib\lmimewrapper.pp"/>
        <UnitName Value="lMimeWrapper"/>
        <WindowIndex Value="0"/>
        <TopLine Value="48"/>
        <CursorPos X="3" Y="42"/>
        <UsageCount Value="9"/>
      </Unit31>
      <Unit32>
        <Filename Value="C:\Dokumente und Einstellungen\ulrich\Desktop\LT-Spice.eml"/>
        <WindowIndex Value="0"/>
        <TopLine Value="73"/>
        <CursorPos X="30" Y="8"/>
        <UsageCount Value="8"/>
        <DefaultSyntaxHighlighter Value="None"/>
      </Unit32>
      <Unit33>
        <Filename Value="C:\Dokumente und Einstellungen\ulrich\Desktop\Re  TARGET V15 vs. Altium Designer.eml"/>
        <WindowIndex Value="0"/>
        <TopLine Value="1"/>
        <CursorPos X="8" Y="11"/>
        <UsageCount Value="12"/>
        <DefaultSyntaxHighlighter Value="None"/>
      </Unit33>
      <Unit34>
        <Filename Value="..\..\..\LKomponenten\synapse\mimemess.pas"/>
        <UnitName Value="mimemess"/>
        <WindowIndex Value="0"/>
        <TopLine Value="252"/>
        <CursorPos X="15" Y="269"/>
        <UsageCount Value="18"/>
      </Unit34>
      <Unit35>
        <Filename Value="..\base\dbintfs\umessages.pas"/>
        <UnitName Value="uMessages"/>
        <EditorIndex Value="2"/>
        <WindowIndex Value="0"/>
        <TopLine Value="33"/>
        <CursorPos X="56" Y="358"/>
        <UsageCount Value="41"/>
        <Loaded Value="True"/>
      </Unit35>
      <Unit36>
        <Filename Value="..\..\..\LKomponenten\zeos\src\plain\ZPlainDbLibDriver.pas"/>
        <UnitName Value="ZPlainDbLibDriver"/>
        <WindowIndex Value="0"/>
        <TopLine Value="1194"/>
        <CursorPos X="15" Y="1201"/>
        <UsageCount Value="10"/>
        <DefaultSyntaxHighlighter Value="Delphi"/>
      </Unit36>
      <Unit37>
        <Filename Value="..\base\umimemessages.pas"/>
        <UnitName Value="uMimeMessages"/>
        <WindowIndex Value="0"/>
        <TopLine Value="133"/>
        <CursorPos X="24" Y="182"/>
        <UsageCount Value="44"/>
      </Unit37>
      <Unit38>
        <Filename Value="..\base\dbintfs\ubasesearch.pas"/>
        <UnitName Value="uBaseSearch"/>
        <WindowIndex Value="0"/>
        <TopLine Value="1"/>
        <CursorPos X="38" Y="17"/>
        <UsageCount Value="8"/>
      </Unit38>
      <Unit39>
        <Filename Value="..\..\..\general\src\htmlconvert.pas"/>
        <UnitName Value="htmlconvert"/>
        <WindowIndex Value="0"/>
        <TopLine Value="1"/>
        <CursorPos X="1" Y="1"/>
        <UsageCount Value="8"/>
      </Unit39>
      <Unit40>
        <Filename Value="..\..\..\LKomponenten\zeos\src\dbc\ZDbcSqLiteUtils.pas"/>
        <UnitName Value="ZDbcSqLiteUtils"/>
        <WindowIndex Value="0"/>
        <TopLine Value="217"/>
        <CursorPos X="42" Y="233"/>
        <UsageCount Value="8"/>
        <DefaultSyntaxHighlighter Value="Delphi"/>
      </Unit40>
      <Unit41>
        <Filename Value="C:\Dokumente und Einstellungen\ulrich\Desktop\Re  LT-Spice.eml"/>
        <WindowIndex Value="0"/>
        <TopLine Value="1"/>
        <CursorPos X="49" Y="8"/>
        <UsageCount Value="8"/>
        <DefaultSyntaxHighlighter Value="None"/>
      </Unit41>
      <Unit42>
        <Filename Value="..\..\..\LKomponenten\zeos\src\component\ZAbstractRODataset.pas"/>
        <UnitName Value="ZAbstractRODataset"/>
        <WindowIndex Value="0"/>
        <TopLine Value="609"/>
        <CursorPos X="1" Y="629"/>
        <UsageCount Value="14"/>
        <DefaultSyntaxHighlighter Value="Delphi"/>
      </Unit42>
      <Unit43>
        <Filename Value="C:\Programme\lazarus\fpc\2.4.3\source\packages\fcl-db\src\base\db.pas"/>
        <UnitName Value="db"/>
        <WindowIndex Value="0"/>
        <TopLine Value="1281"/>
        <CursorPos X="14" Y="1324"/>
        <UsageCount Value="8"/>
      </Unit43>
      <Unit44>
        <Filename Value="..\..\..\LKomponenten\synapse\mimepart.pas"/>
        <UnitName Value="mimepart"/>
        <WindowIndex Value="0"/>
        <TopLine Value="959"/>
        <CursorPos X="43" Y="1024"/>
        <UsageCount Value="15"/>
      </Unit44>
      <Unit45>
        <Filename Value="..\..\..\LKomponenten\synapse\synacode.pas"/>
        <UnitName Value="synacode"/>
        <WindowIndex Value="0"/>
        <TopLine Value="720"/>
        <CursorPos X="3" Y="726"/>
        <UsageCount Value="10"/>
      </Unit45>
      <Unit46>
        <Filename Value="..\..\..\LKomponenten\lnet\lib\lwebserver.pp"/>
        <UnitName Value="lwebserver"/>
        <WindowIndex Value="0"/>
        <TopLine Value="971"/>
        <CursorPos X="42" Y="816"/>
        <UsageCount Value="8"/>
      </Unit46>
      <Unit47>
        <Filename Value="C:\Dokumente und Einstellungen\ulrich\Eigene Dateien\Hamster\cClientNNTP.pas"/>
        <UnitName Value="cClientNNTP"/>
        <WindowIndex Value="0"/>
        <TopLine Value="131"/>
        <CursorPos X="1" Y="129"/>
        <UsageCount Value="10"/>
      </Unit47>
      <Unit48>
        <Filename Value="C:\Dokumente und Einstellungen\ulrich\Eigene Dateien\Hamster\cClientBase.pas"/>
        <UnitName Value="cClientBase"/>
        <WindowIndex Value="0"/>
        <TopLine Value="49"/>
        <CursorPos X="31" Y="51"/>
        <UsageCount Value="9"/>
      </Unit48>
      <Unit49>
        <Filename Value="..\..\..\LKomponenten\synapse\synautil.pas"/>
        <UnitName Value="synautil"/>
        <WindowIndex Value="0"/>
        <TopLine Value="421"/>
        <CursorPos X="37" Y="451"/>
        <UsageCount Value="9"/>
      </Unit49>
      <Unit50>
        <Filename Value="..\base\dbintfs\udocuments.pas"/>
        <UnitName Value="uDocuments"/>
        <WindowIndex Value="0"/>
        <TopLine Value="218"/>
        <CursorPos X="1" Y="254"/>
        <UsageCount Value="22"/>
      </Unit50>
      <Unit51>
        <Filename Value="..\base\dbintfs\ubaseapplicationtools.pas"/>
        <UnitName Value="ubaseapplicationtools"/>
        <WindowIndex Value="0"/>
        <TopLine Value="1"/>
        <CursorPos X="1" Y="21"/>
        <UsageCount Value="14"/>
      </Unit51>
      <Unit52>
        <Filename Value="C:\Programme\lazarus\fpc\2.4.3\source\packages\chm\src\chmfiftimain.pas"/>
        <UnitName Value="chmFiftiMain"/>
        <WindowIndex Value="0"/>
        <TopLine Value="6"/>
        <CursorPos X="32" Y="18"/>
        <UsageCount Value="9"/>
      </Unit52>
      <Unit53>
        <Filename Value="uprometnntp.pas"/>
        <IsPartOfProject Value="True"/>
        <UnitName Value="uprometnntp"/>
        <WindowIndex Value="0"/>
        <TopLine Value="1"/>
        <CursorPos X="52" Y="199"/>
        <UsageCount Value="89"/>
      </Unit53>
      <Unit54>
        <Filename Value="..\..\..\LKomponenten\zeos\src\dbc\ZDbcPostgreSqlUtils.pas"/>
        <UnitName Value="ZDbcPostgreSqlUtils"/>
        <WindowIndex Value="0"/>
        <TopLine Value="715"/>
        <CursorPos X="36" Y="731"/>
        <UsageCount Value="10"/>
        <DefaultSyntaxHighlighter Value="Delphi"/>
      </Unit54>
      <Unit55>
        <Filename Value="..\base\dbintfs\ubaseapplication.pas"/>
        <UnitName Value="uBaseApplication"/>
        <WindowIndex Value="0"/>
        <TopLine Value="1"/>
        <CursorPos X="25" Y="16"/>
        <UsageCount Value="21"/>
      </Unit55>
      <Unit56>
        <Filename Value="C:\Programme\lazarus\fpc\2.4.4\source\packages\fcl-db\src\base\db.pas"/>
        <UnitName Value="db"/>
        <WindowIndex Value="0"/>
        <TopLine Value="23"/>
        <CursorPos X="3" Y="41"/>
        <UsageCount Value="9"/>
      </Unit56>
      <Unit57>
        <Filename Value="..\..\..\LKomponenten\synapse\synachar.pas"/>
        <UnitName Value="synachar"/>
        <WindowIndex Value="0"/>
        <TopLine Value="74"/>
        <CursorPos X="65" Y="92"/>
        <UsageCount Value="12"/>
      </Unit57>
      <Unit58>
        <Filename Value="C:\Programme\lazarus\components\lazutils\winfileutil.inc"/>
        <WindowIndex Value="0"/>
        <TopLine Value="140"/>
        <CursorPos X="1" Y="163"/>
        <UsageCount Value="9"/>
      </Unit58>
      <Unit59>
        <Filename Value="C:\Programme\lazarus\components\lazutils\lconvencoding.pas"/>
        <UnitName Value="LConvEncoding"/>
        <WindowIndex Value="0"/>
        <TopLine Value="194"/>
        <CursorPos X="1" Y="216"/>
        <UsageCount Value="9"/>
      </Unit59>
      <Unit60>
        <Filename Value="C:\Programme\lazarus\fpc\2.4.4\source\rtl\win\wininc\func.inc"/>
        <WindowIndex Value="0"/>
        <TopLine Value="920"/>
        <CursorPos X="10" Y="938"/>
        <UsageCount Value="9"/>
      </Unit60>
      <Unit61>
        <Filename Value="C:\Programme\lazarus\fpc\2.4.4\source\rtl\win32\windows.pp"/>
        <UnitName Value="windows"/>
        <WindowIndex Value="0"/>
        <TopLine Value="1"/>
        <CursorPos X="1" Y="1"/>
        <UsageCount Value="9"/>
      </Unit61>
      <Unit62>
        <Filename Value="C:\Programme\lazarus\fpc\2.4.4\source\rtl\win\dos.pp"/>
        <UnitName Value="dos"/>
        <WindowIndex Value="0"/>
        <TopLine Value="58"/>
        <CursorPos X="1" Y="1"/>
        <UsageCount Value="9"/>
      </Unit62>
      <Unit63>
        <Filename Value="..\..\..\LKomponenten\lnet\lib\lftp.pp"/>
        <UnitName Value="lFTP"/>
        <WindowIndex Value="0"/>
        <TopLine Value="50"/>
        <CursorPos X="36" Y="64"/>
        <UsageCount Value="9"/>
      </Unit63>
      <Unit64>
        <Filename Value="C:\Programme\lazarus\fpc\2.4.4\source\rtl\inc\socketsh.inc"/>
        <WindowIndex Value="0"/>
        <TopLine Value="179"/>
        <CursorPos X="3" Y="32"/>
        <UsageCount Value="9"/>
      </Unit64>
      <Unit65>
        <Filename Value="C:\Programme\lazarus\components\lazutils\fileutil.inc"/>
        <WindowIndex Value="0"/>
        <TopLine Value="22"/>
        <CursorPos X="1" Y="45"/>
        <UsageCount Value="9"/>
      </Unit65>
      <Unit66>
        <Filename Value="C:\Programme\lazarus\fpc\2.4.4\source\packages\fcl-base\src\custapp.pp"/>
        <UnitName Value="CustApp"/>
        <WindowIndex Value="0"/>
        <TopLine Value="278"/>
        <CursorPos X="21" Y="281"/>
        <UsageCount Value="9"/>
      </Unit66>
      <Unit67>
        <Filename Value="..\base\dbintfs\usessiondbclasses.pas"/>
        <UnitName Value="uSessionDBClasses"/>
        <WindowIndex Value="0"/>
        <TopLine Value="94"/>
        <CursorPos X="3" Y="96"/>
        <UsageCount Value="10"/>
      </Unit67>
      <Unit68>
        <Filename Value="C:\Programme\lazarus\fpc\2.4.4\source\rtl\objpas\sysutils\sysutilh.inc"/>
        <WindowIndex Value="0"/>
        <TopLine Value="168"/>
        <CursorPos X="1" Y="1"/>
        <UsageCount Value="9"/>
      </Unit68>
      <Unit69>
        <Filename Value="C:\Programme\lazarus\fpc\2.4.4\source\rtl\win\sysutils.pp"/>
        <UnitName Value="sysutils"/>
        <WindowIndex Value="0"/>
        <TopLine Value="25"/>
        <CursorPos X="10" Y="35"/>
        <UsageCount Value="9"/>
      </Unit69>
      <Unit70>
        <Filename Value="..\..\..\general\src\uerror.pas"/>
        <UnitName Value="uError"/>
        <WindowIndex Value="0"/>
        <TopLine Value="111"/>
        <CursorPos X="41" Y="127"/>
        <UsageCount Value="10"/>
      </Unit70>
      <Unit71>
        <Filename Value="..\..\..\general\src\ugeneralstrconsts.pas"/>
        <UnitName Value="uGeneralStrConsts"/>
        <WindowIndex Value="0"/>
        <TopLine Value="1"/>
        <CursorPos X="1" Y="22"/>
        <UsageCount Value="10"/>
      </Unit71>
      <Unit72>
        <Filename Value="..\base_messaging\umimemessages.pas"/>
        <UnitName Value="uMimeMessages"/>
        <EditorIndex Value="3"/>
        <WindowIndex Value="0"/>
        <TopLine Value="159"/>
        <CursorPos X="3" Y="180"/>
        <UsageCount Value="26"/>
        <Loaded Value="True"/>
      </Unit72>
      <Unit73>
        <Filename Value="C:\test.txt"/>
        <WindowIndex Value="0"/>
        <TopLine Value="1"/>
        <CursorPos X="32" Y="7"/>
        <UsageCount Value="9"/>
        <DefaultSyntaxHighlighter Value="None"/>
      </Unit73>
      <Unit74>
        <Filename Value="C:\Dokumente und Einstellungen\ulrich\Desktop\Re  1 test.eml"/>
        <WindowIndex Value="0"/>
        <TopLine Value="1"/>
        <CursorPos X="43" Y="15"/>
        <UsageCount Value="9"/>
        <DefaultSyntaxHighlighter Value="None"/>
      </Unit74>
      <Unit75>
        <Filename Value="C:\Dokumente und Einstellungen\ulrich\Desktop\1 test1.eml"/>
        <WindowIndex Value="0"/>
        <TopLine Value="1"/>
        <CursorPos X="25" Y="11"/>
        <UsageCount Value="9"/>
        <DefaultSyntaxHighlighter Value="None"/>
      </Unit75>
      <Unit76>
        <Filename Value="C:\Programme\lazarus\fpc\2.4.4\source\rtl\objpas\sysutils\intfh.inc"/>
        <WindowIndex Value="0"/>
        <TopLine Value="5"/>
        <CursorPos X="10" Y="38"/>
        <UsageCount Value="9"/>
      </Unit76>
      <Unit77>
        <Filename Value="..\..\..\LKomponenten\zeos\src\plain\ZPlainDriver.pas"/>
        <UnitName Value="ZPlainDriver"/>
        <WindowIndex Value="0"/>
        <TopLine Value="65"/>
        <CursorPos X="3" Y="65"/>
        <UsageCount Value="10"/>
        <DefaultSyntaxHighlighter Value="Delphi"/>
      </Unit77>
      <Unit78>
        <Filename Value="..\..\..\LKomponenten\zeos\src\dbc\ZDbcDbLibMsSqlMetadata.pas"/>
        <UnitName Value="ZDbcDbLibMsSqlMetadata"/>
        <WindowIndex Value="0"/>
        <TopLine Value="395"/>
        <CursorPos X="14" Y="167"/>
        <UsageCount Value="10"/>
        <DefaultSyntaxHighlighter Value="Delphi"/>
      </Unit78>
      <Unit79>
        <Filename Value="..\..\..\LKomponenten\zeos\src\dbc\ZDbcConnection.pas"/>
        <UnitName Value="ZDbcConnection"/>
        <WindowIndex Value="0"/>
        <TopLine Value="467"/>
        <CursorPos X="23" Y="486"/>
        <UsageCount Value="10"/>
        <DefaultSyntaxHighlighter Value="Delphi"/>
      </Unit79>
      <Unit80>
        <Filename Value="..\..\..\LKomponenten\zeos\src\dbc\ZDbcDbLibStatement.pas"/>
        <UnitName Value="ZDbcDbLibStatement"/>
        <WindowIndex Value="0"/>
        <TopLine Value="313"/>
        <CursorPos X="1" Y="343"/>
        <UsageCount Value="10"/>
        <DefaultSyntaxHighlighter Value="Delphi"/>
      </Unit80>
      <Unit81>
        <Filename Value="..\..\..\LKomponenten\zeos\src\dbc\ZDbcResultSet.pas"/>
        <UnitName Value="ZDbcResultSet"/>
        <WindowIndex Value="0"/>
        <TopLine Value="97"/>
        <CursorPos X="1" Y="1724"/>
        <UsageCount Value="9"/>
        <DefaultSyntaxHighlighter Value="Delphi"/>
      </Unit81>
      <Unit82>
        <Filename Value="..\..\..\LKomponenten\zeos\src\dbc\ZDbcCachedResultSet.pas"/>
        <UnitName Value="ZDbcCachedResultSet"/>
        <WindowIndex Value="0"/>
        <TopLine Value="836"/>
        <CursorPos X="23" Y="860"/>
        <UsageCount Value="9"/>
        <DefaultSyntaxHighlighter Value="Delphi"/>
      </Unit82>
      <Unit83>
        <Filename Value="..\..\..\LKomponenten\zeos\src\dbc\ZDbcCache.pas"/>
        <UnitName Value="ZDbcCache"/>
        <WindowIndex Value="0"/>
        <TopLine Value="142"/>
        <CursorPos X="14" Y="160"/>
        <UsageCount Value="9"/>
        <DefaultSyntaxHighlighter Value="Delphi"/>
      </Unit83>
      <Unit84>
        <Filename Value="..\..\..\LKomponenten\zeos\src\dbc\ZDbcDbLibResultSet.pas"/>
        <UnitName Value="ZDbcDbLibResultSet"/>
        <WindowIndex Value="0"/>
        <TopLine Value="156"/>
        <CursorPos X="26" Y="177"/>
        <UsageCount Value="9"/>
        <DefaultSyntaxHighlighter Value="Delphi"/>
      </Unit84>
      <Unit85>
        <Filename Value="..\..\..\LKomponenten\zeos\src\dbc\ZDbcStatement.pas"/>
        <UnitName Value="ZDbcStatement"/>
        <WindowIndex Value="0"/>
        <TopLine Value="433"/>
        <CursorPos X="1" Y="458"/>
        <UsageCount Value="9"/>
        <DefaultSyntaxHighlighter Value="Delphi"/>
      </Unit85>
      <Unit86>
        <Filename Value="..\..\..\LKomponenten\zeos\src\dbc\ZDbcDbLibUtils.pas"/>
        <UnitName Value="ZDbcDbLibUtils"/>
        <WindowIndex Value="0"/>
        <TopLine Value="140"/>
        <CursorPos X="1" Y="167"/>
        <UsageCount Value="9"/>
        <DefaultSyntaxHighlighter Value="Delphi"/>
      </Unit86>
      <Unit87>
        <Filename Value="..\..\..\LKomponenten\zeos\src\component\ZAbstractDataset.pas"/>
        <UnitName Value="ZAbstractDataset"/>
        <WindowIndex Value="0"/>
        <TopLine Value="400"/>
        <CursorPos X="32" Y="415"/>
        <UsageCount Value="9"/>
        <DefaultSyntaxHighlighter Value="Delphi"/>
      </Unit87>
      <Unit88>
        <Filename Value="C:\Programme\lazarus\fpc\2.6.0\source\rtl\objpas\sysutils\datih.inc"/>
        <WindowIndex Value="0"/>
        <TopLine Value="144"/>
        <CursorPos X="17" Y="162"/>
        <UsageCount Value="10"/>
      </Unit88>
      <Unit89>
        <Filename Value="C:\Programme\lazarus\fpc\2.6.0\source\rtl\objpas\sysutils\dati.inc"/>
        <WindowIndex Value="0"/>
        <TopLine Value="219"/>
        <CursorPos X="3" Y="221"/>
        <UsageCount Value="9"/>
      </Unit89>
      <Unit90>
        <Filename Value="C:\Programme\lazarus\components\lazutils\lazclasses.pas"/>
        <UnitName Value="LazClasses"/>
        <WindowIndex Value="0"/>
        <TopLine Value="91"/>
        <CursorPos X="1" Y="1"/>
        <UsageCount Value="9"/>
      </Unit90>
      <Unit91>
        <Filename Value="C:\Programme\lazarus\components\lazutils\lazdbglog.pas"/>
        <UnitName Value="LazDbgLog"/>
        <WindowIndex Value="0"/>
        <TopLine Value="3"/>
        <CursorPos X="1" Y="1"/>
        <UsageCount Value="9"/>
      </Unit91>
      <Unit92>
        <Filename Value="C:\Programme\lazarus\components\lazutils\lazutf8.pas"/>
        <UnitName Value="LazUTF8"/>
        <WindowIndex Value="0"/>
        <TopLine Value="79"/>
        <CursorPos X="1" Y="1"/>
        <UsageCount Value="9"/>
      </Unit92>
      <Unit93>
        <Filename Value="C:\Programme\lazarus\components\lazutils\lazfileutils.pas"/>
        <UnitName Value="LazFileUtils"/>
        <WindowIndex Value="0"/>
        <TopLine Value="1"/>
        <CursorPos X="1" Y="1"/>
        <UsageCount Value="9"/>
      </Unit93>
      <Unit94>
        <Filename Value="C:\Programme\lazarus\components\lazutils\lazutf8sysutils.pas"/>
        <UnitName Value="lazutf8sysutils"/>
        <WindowIndex Value="0"/>
        <TopLine Value="3"/>
        <CursorPos X="23" Y="90"/>
        <UsageCount Value="10"/>
      </Unit94>
      <Unit95>
        <Filename Value="C:\Programme\lazarus\fpc\2.6.0\source\rtl\objpas\dateutils.pp"/>
        <UnitName Value="dateutils"/>
        <WindowIndex Value="0"/>
        <TopLine Value="1"/>
        <CursorPos X="8" Y="1"/>
        <UsageCount Value="9"/>
      </Unit95>
      <Unit96>
        <Filename Value="C:\Programme\lazarus\fpc\2.6.0\source\rtl\objpas\dateutil.inc"/>
        <WindowIndex Value="0"/>
        <TopLine Value="394"/>
        <CursorPos X="78" Y="5"/>
        <UsageCount Value="9"/>
      </Unit96>
      <Unit97>
        <Filename Value="..\..\..\LKomponenten\lnet\lib\lhttputil.pp"/>
        <UnitName Value="lHTTPUtil"/>
        <WindowIndex Value="0"/>
        <TopLine Value="59"/>
        <CursorPos X="12" Y="50"/>
        <UsageCount Value="9"/>
      </Unit97>
      <Unit98>
        <Filename Value="..\..\..\LKomponenten\lnet\lib\ltimer.pp"/>
        <UnitName Value="ltimer"/>
        <WindowIndex Value="0"/>
        <TopLine Value="48"/>
        <CursorPos X="1" Y="1"/>
        <UsageCount Value="9"/>
      </Unit98>
      <Unit99>
        <Filename Value="C:\Programme\lazarus\fpc\2.6.1\source\packages\fcl-base\src\eventlog.pp"/>
        <UnitName Value="eventlog"/>
        <WindowIndex Value="0"/>
        <TopLine Value="7"/>
        <CursorPos X="3" Y="26"/>
        <UsageCount Value="9"/>
      </Unit99>
      <Unit100>
        <Filename Value="ulsmtpsrv.pas"/>
        <IsPartOfProject Value="True"/>
        <UnitName Value="ulsmtpsrv"/>
        <EditorIndex Value="7"/>
        <WindowIndex Value="0"/>
        <TopLine Value="45"/>
        <CursorPos X="28" Y="227"/>
        <UsageCount Value="63"/>
        <Loaded Value="True"/>
      </Unit100>
      <Unit101>
        <Filename Value="..\..\..\XanaNews\components\thirdparty\Indy10\Protocols\IdNNTP.pas"/>
        <UnitName Value="IdNNTP"/>
        <WindowIndex Value="0"/>
        <TopLine Value="1346"/>
        <CursorPos X="25" Y="1374"/>
        <UsageCount Value="12"/>
      </Unit101>
      <Unit102>
        <Filename Value="..\..\..\XanaNews\components\thirdparty\Indy10\Core\IdResourceStringsCore.pas"/>
        <UnitName Value="IdResourceStringsCore"/>
        <WindowIndex Value="0"/>
        <TopLine Value="163"/>
        <CursorPos X="21" Y="182"/>
        <UsageCount Value="9"/>
      </Unit102>
      <Unit103>
        <Filename Value="..\..\..\XanaNews\components\thirdparty\Indy10\Core\IdReply.pas"/>
        <UnitName Value="IdReply"/>
        <WindowIndex Value="0"/>
        <TopLine Value="266"/>
        <CursorPos X="36" Y="285"/>
        <UsageCount Value="9"/>
      </Unit103>
      <Unit104>
        <Filename Value="..\..\..\XanaNews\source\MainForm.dfm"/>
        <WindowIndex Value="0"/>
        <TopLine Value="4339"/>
        <CursorPos X="27" Y="4358"/>
        <UsageCount Value="11"/>
        <DefaultSyntaxHighlighter Value="LFM"/>
      </Unit104>
      <Unit105>
        <Filename Value="..\..\..\XanaNews\source\MainForm.pas"/>
        <UnitName Value="MainForm"/>
        <WindowIndex Value="0"/>
        <TopLine Value="2962"/>
        <CursorPos X="14" Y="2992"/>
        <UsageCount Value="12"/>
      </Unit105>
      <Unit106>
        <Filename Value="..\..\..\XanaNews\source\unitNNTPFilters.pas"/>
        <UnitName Value="unitNNTPFilters"/>
        <WindowIndex Value="0"/>
        <TopLine Value="49"/>
        <CursorPos X="14" Y="67"/>
        <UsageCount Value="12"/>
      </Unit106>
      <Unit107>
        <Filename Value="..\..\..\XanaNews\source\unitMessageYEncodedBinary.pas"/>
        <UnitName Value="unitMessageYEncodedBinary"/>
        <WindowIndex Value="0"/>
        <TopLine Value="59"/>
        <CursorPos X="39" Y="77"/>
        <UsageCount Value="12"/>
      </Unit107>
      <Unit108>
        <Filename Value="..\..\..\XanaNews\source\unitLog.pas"/>
        <UnitName Value="unitLog"/>
        <WindowIndex Value="0"/>
        <TopLine Value="27"/>
        <CursorPos X="37" Y="37"/>
        <UsageCount Value="12"/>
      </Unit108>
      <Unit109>
        <Filename Value="..\..\..\XanaNews\source\unitNNTPServices.pas"/>
        <UnitName Value="unitNNTPServices"/>
        <WindowIndex Value="0"/>
        <TopLine Value="1162"/>
        <CursorPos X="73" Y="1298"/>
        <UsageCount Value="12"/>
      </Unit109>
      <Unit110>
        <Filename Value="..\..\..\LKomponenten\synapse\dnssend.pas"/>
        <UnitName Value="dnssend"/>
        <WindowIndex Value="0"/>
        <TopLine Value="562"/>
        <CursorPos X="28" Y="577"/>
        <UsageCount Value="10"/>
      </Unit110>
      <Unit111>
        <Filename Value="..\..\..\LKomponenten\synapse\blcksock.pas"/>
        <UnitName Value="blcksock"/>
        <WindowIndex Value="0"/>
        <TopLine Value="1459"/>
        <CursorPos X="14" Y="1478"/>
        <UsageCount Value="10"/>
      </Unit111>
      <Unit112>
        <Filename Value="..\messageimport\pop3receiver.lpr"/>
        <UnitName Value="pop3receiver"/>
        <WindowIndex Value="0"/>
        <TopLine Value="397"/>
        <CursorPos X="1" Y="412"/>
        <UsageCount Value="9"/>
      </Unit112>
      <Unit113>
        <Filename Value="..\messageimport\smtpsender.lpr"/>
        <UnitName Value="smtpsender"/>
        <WindowIndex Value="0"/>
        <TopLine Value="117"/>
        <CursorPos X="1" Y="132"/>
        <UsageCount Value="9"/>
      </Unit113>
      <Unit114>
        <Filename Value="..\..\..\LKomponenten\synapse\smtpsend.pas"/>
        <UnitName Value="smtpsend"/>
        <WindowIndex Value="0"/>
        <TopLine Value="513"/>
        <CursorPos X="1" Y="535"/>
        <UsageCount Value="10"/>
      </Unit114>
      <Unit115>
        <Filename Value="..\..\..\lkomponenten\lnet\lib\lcommon.pp"/>
        <UnitName Value="lCommon"/>
        <WindowIndex Value="0"/>
        <TopLine Value="62"/>
        <CursorPos X="3" Y="79"/>
        <UsageCount Value="10"/>
      </Unit115>
    </Units>
    <JumpHistory Count="30" HistoryIndex="29">
      <Position1>
        <Filename Value="mta.lpr"/>
        <Caret Line="73" Column="1" TopLine="47"/>
      </Position1>
      <Position2>
        <Filename Value="mta.lpr"/>
        <Caret Line="80" Column="1" TopLine="54"/>
      </Position2>
      <Position3>
        <Filename Value="mta.lpr"/>
        <Caret Line="81" Column="1" TopLine="54"/>
      </Position3>
      <Position4>
        <Filename Value="..\base\dbintfs\ubasedbinterface.pas"/>
        <Caret Line="1310" Column="1" TopLine="1291"/>
      </Position4>
      <Position5>
        <Filename Value="..\base\dbintfs\ubasedbinterface.pas"/>
        <Caret Line="1311" Column="1" TopLine="1291"/>
      </Position5>
      <Position6>
        <Filename Value="..\base\dbintfs\ubasedbinterface.pas"/>
        <Caret Line="1312" Column="1" TopLine="1291"/>
      </Position6>
      <Position7>
        <Filename Value="..\base\dbintfs\uzeosdbdm.pas"/>
        <Caret Line="909" Column="1" TopLine="889"/>
      </Position7>
      <Position8>
        <Filename Value="..\base\dbintfs\uzeosdbdm.pas"/>
        <Caret Line="910" Column="1" TopLine="889"/>
      </Position8>
      <Position9>
        <Filename Value="..\base\dbintfs\uzeosdbdm.pas"/>
        <Caret Line="911" Column="1" TopLine="889"/>
      </Position9>
      <Position10>
        <Filename Value="..\base\dbintfs\ubasedbinterface.pas"/>
        <Caret Line="1310" Column="1" TopLine="1291"/>
      </Position10>
      <Position11>
        <Filename Value="..\base\dbintfs\ubasedbinterface.pas"/>
        <Caret Line="1311" Column="1" TopLine="1291"/>
      </Position11>
      <Position12>
        <Filename Value="..\base\dbintfs\ubasedbinterface.pas"/>
        <Caret Line="1312" Column="1" TopLine="1291"/>
      </Position12>
      <Position13>
        <Filename Value="..\base\dbintfs\ubasedbinterface.pas"/>
        <Caret Line="1310" Column="1" TopLine="1291"/>
      </Position13>
      <Position14>
        <Filename Value="..\base\dbintfs\ubasedbinterface.pas"/>
        <Caret Line="1311" Column="1" TopLine="1291"/>
      </Position14>
      <Position15>
        <Filename Value="..\base\dbintfs\ubasedbinterface.pas"/>
        <Caret Line="1312" Column="1" TopLine="1291"/>
      </Position15>
      <Position16>
        <Filename Value="..\base\dbintfs\uzeosdbdm.pas"/>
        <Caret Line="764" Column="1" TopLine="745"/>
      </Position16>
      <Position17>
        <Filename Value="..\base\dbintfs\uzeosdbdm.pas"/>
        <Caret Line="765" Column="1" TopLine="745"/>
      </Position17>
      <Position18>
        <Filename Value="..\base\dbintfs\uzeosdbdm.pas"/>
        <Caret Line="766" Column="1" TopLine="745"/>
      </Position18>
      <Position19>
        <Filename Value="..\base\dbintfs\uzeosdbdm.pas"/>
        <Caret Line="767" Column="1" TopLine="745"/>
      </Position19>
      <Position20>
        <Filename Value="..\base\dbintfs\uzeosdbdm.pas"/>
        <Caret Line="768" Column="1" TopLine="745"/>
      </Position20>
      <Position21>
        <Filename Value="..\base\dbintfs\uzeosdbdm.pas"/>
        <Caret Line="769" Column="1" TopLine="745"/>
      </Position21>
      <Position22>
        <Filename Value="..\base\dbintfs\uzeosdbdm.pas"/>
        <Caret Line="770" Column="1" TopLine="745"/>
      </Position22>
      <Position23>
        <Filename Value="mta.lpr"/>
        <Caret Line="84" Column="1" TopLine="54"/>
      </Position23>
      <Position24>
        <Filename Value="mta.lpr"/>
        <Caret Line="346" Column="1" TopLine="327"/>
      </Position24>
      <Position25>
        <Filename Value="mta.lpr"/>
        <Caret Line="347" Column="1" TopLine="327"/>
      </Position25>
      <Position26>
        <Filename Value="mta.lpr"/>
        <Caret Line="348" Column="1" TopLine="327"/>
      </Position26>
      <Position27>
        <Filename Value="mta.lpr"/>
        <Caret Line="385" Column="1" TopLine="367"/>
      </Position27>
      <Position28>
        <Filename Value="mta.lpr"/>
        <Caret Line="348" Column="42" TopLine="325"/>
      </Position28>
      <Position29>
        <Filename Value="mta.lpr"/>
        <Caret Line="345" Column="21" TopLine="325"/>
      </Position29>
      <Position30>
        <Filename Value="mta.lpr"/>
        <Caret Line="33" Column="29" TopLine="14"/>
      </Position30>
    </JumpHistory>
  </ProjectOptions>
  <CompilerOptions>
    <Version Value="11"/>
    <PathDelim Value="\"/>
    <Target>
      <Filename Value="..\..\output\$(TargetCPU)-$(TargetOS)\web\mta"/>
    </Target>
    <SearchPaths>
      <IncludeFiles Value="$(ProjOutDir)"/>
      <UnitOutputDirectory Value="lib\$(TargetCPU)-$(TargetOS)"/>
    </SearchPaths>
    <Parsing>
      <SyntaxOptions>
        <CStyleOperator Value="False"/>
      </SyntaxOptions>
    </Parsing>
    <Linking>
      <Debugging>
        <UseExternalDbgSyms Value="True"/>
      </Debugging>
    </Linking>
    <Other>
      <CompilerMessages>
        <IgnoredMessages idx5024="True"/>
        <UseMsgFile Value="True"/>
      </CompilerMessages>
      <CustomOptions Value="-dHASREPORTS
-dSTATISTICS"/>
      <CompilerPath Value="$(CompPath)"/>
    </Other>
  </CompilerOptions>
  <Debugging>
    <BreakPoints Count="3">
      <Item1>
        <Kind Value="bpkSource"/>
        <WatchScope Value="wpsLocal"/>
        <WatchKind Value="wpkWrite"/>
        <Source Value="mta.lpr"/>
        <Line Value="420"/>
      </Item1>
      <Item2>
        <Kind Value="bpkSource"/>
        <WatchScope Value="wpsLocal"/>
        <WatchKind Value="wpkWrite"/>
        <Source Value="mta.lpr"/>
        <Line Value="350"/>
      </Item2>
      <Item3>
        <Kind Value="bpkSource"/>
        <WatchScope Value="wpsLocal"/>
        <WatchKind Value="wpkWrite"/>
        <Source Value="mta.lpr"/>
        <Line Value="337"/>
      </Item3>
    </BreakPoints>
    <Watches Count="1">
      <Item1>
        <Expression Value="aFilter"/>
      </Item1>
    </Watches>
    <Exceptions Count="4">
      <Item1>
        <Name Value="EAbort"/>
      </Item1>
      <Item2>
        <Name Value="ECodetoolError"/>
      </Item2>
      <Item3>
        <Name Value="EFOpenError"/>
      </Item3>
      <Item4>
        <Name Value="EVariantTypeCastError"/>
      </Item4>
    </Exceptions>
  </Debugging>
  <EditorMacros Count="0"/>
</CONFIG>
