<?xml version="1.0" encoding="UTF-8"?>
<CONFIG>
  <ProjectOptions>
    <Version Value="9"/>
    <PathDelim Value="\"/>
    <General>
      <Flags>
        <SaveClosedFiles Value="False"/>
      </Flags>
      <SessionStorage Value="InIDEConfig"/>
      <MainUnit Value="0"/>
      <ResourceType Value="res"/>
      <UseXPManifest Value="True"/>
      <Icon Value="0"/>
    </General>
    <i18n>
      <EnableI18N LFM="False"/>
    </i18n>
    <VersionInfo>
      <Language Value=""/>
      <CharSet Value=""/>
      <StringTable ProductVersion=""/>
    </VersionInfo>
    <BuildModes Count="1">
      <Item1 Name="default" Default="True"/>
    </BuildModes>
    <PublishOptions>
      <Version Value="2"/>
      <IgnoreBinaries Value="False"/>
      <IncludeFileFilter Value="*.(pas|pp|inc|lfm|lpr|lrs|lpi|lpk|sh|xml)"/>
      <ExcludeFileFilter Value="*.(bak|ppu|ppw|o|so);*~;backup"/>
    </PublishOptions>
    <RunParams>
      <local>
        <FormatVersion Value="1"/>
        <CommandLineParams Value="&quot;--config-path=devel&quot;"/>
      </local>
    </RunParams>
    <RequiredPackages Count="8">
      <Item1>
        <PackageName Value="pdocuments"/>
      </Item1>
      <Item2>
        <PackageName Value="lazmouseandkeyinput"/>
      </Item2>
      <Item3>
        <PackageName Value="richmemopackage"/>
      </Item3>
      <Item4>
        <PackageName Value="pVisualPrometApp"/>
      </Item4>
      <Item5>
        <PackageName Value="general"/>
      </Item5>
      <Item6>
        <PackageName Value="FPCUnitTestRunner"/>
      </Item6>
      <Item7>
        <PackageName Value="LCL"/>
      </Item7>
      <Item8>
        <PackageName Value="FCL"/>
      </Item8>
    </RequiredPackages>
    <Units Count="16">
      <Unit0>
        <Filename Value="testgui.lpr"/>
        <IsPartOfProject Value="True"/>
      </Unit0>
      <Unit1>
        <Filename Value="tlogin.pas"/>
        <IsPartOfProject Value="True"/>
        <UnitName Value="tLogin"/>
      </Unit1>
      <Unit2>
        <Filename Value="tlogout.pas"/>
        <IsPartOfProject Value="True"/>
      </Unit2>
      <Unit3>
        <Filename Value="tmemoryleak.pas"/>
        <IsPartOfProject Value="True"/>
      </Unit3>
      <Unit4>
        <Filename Value="utransaction.pas"/>
        <IsPartOfProject Value="True"/>
        <UnitName Value="utransaction"/>
      </Unit4>
      <Unit5>
        <Filename Value="utfulllogout.pas"/>
        <IsPartOfProject Value="True"/>
      </Unit5>
      <Unit6>
        <Filename Value="ucreatetable.pas"/>
        <IsPartOfProject Value="True"/>
      </Unit6>
      <Unit7>
        <Filename Value="udocumentmanagement.pas"/>
        <IsPartOfProject Value="True"/>
        <UnitName Value="udocumentmanagement"/>
      </Unit7>
      <Unit8>
        <Filename Value="ulinkcheck.pas"/>
        <IsPartOfProject Value="True"/>
      </Unit8>
      <Unit9>
        <Filename Value="upersontest.pas"/>
        <IsPartOfProject Value="True"/>
        <UnitName Value="upersontest"/>
      </Unit9>
      <Unit10>
        <Filename Value="umasterdatatest.pas"/>
        <IsPartOfProject Value="True"/>
        <UnitName Value="umasterdatatest"/>
      </Unit10>
      <Unit11>
        <Filename Value="uprojecttest.pas"/>
        <IsPartOfProject Value="True"/>
      </Unit11>
      <Unit12>
        <Filename Value="uordertest.pas"/>
        <IsPartOfProject Value="True"/>
      </Unit12>
      <Unit13>
        <Filename Value="utgridview.pas"/>
        <IsPartOfProject Value="True"/>
      </Unit13>
      <Unit14>
        <Filename Value="utzugferd.pas"/>
        <IsPartOfProject Value="True"/>
      </Unit14>
      <Unit15>
        <Filename Value="tscripttest.pas"/>
        <IsPartOfProject Value="True"/>
        <UnitName Value="tscripttest"/>
      </Unit15>
    </Units>
  </ProjectOptions>
  <CompilerOptions>
    <Version Value="11"/>
    <PathDelim Value="\"/>
    <Target>
      <Filename Value="..\..\output\$(TargetCPU)-$(TargetOS)\testgui"/>
    </Target>
    <SearchPaths>
      <IncludeFiles Value="$(ProjOutDir)"/>
      <UnitOutputDirectory Value="lib\$(TargetCPU)-$(TargetOS)-$(LCLWidgetType)"/>
    </SearchPaths>
    <Linking>
      <Debugging>
        <UseExternalDbgSyms Value="True"/>
      </Debugging>
      <Options>
        <Win32>
          <GraphicApplication Value="True"/>
        </Win32>
      </Options>
    </Linking>
    <Other>
      <CustomOptions Value="-dUSEFORM"/>
    </Other>
  </CompilerOptions>
  <Debugging>
    <Exceptions Count="2">
      <Item1>
        <Name Value="EZSQLException"/>
      </Item1>
      <Item2>
        <Name Value="EProcess"/>
      </Item2>
    </Exceptions>
  </Debugging>
</CONFIG>
