<?xml version="1.0"?>
<CONFIG>
  <ProjectOptions>
    <Version Value="9"/>
    <PathDelim Value="\"/>
    <General>
      <Flags>
        <LRSInOutputDirectory Value="False"/>
      </Flags>
      <MainUnit Value="0"/>
      <Title Value="rssreceiver"/>
      <Icon Value="0"/>
      <ActiveWindowIndexAtStart Value="0"/>
    </General>
    <VersionInfo>
      <StringTable ProductVersion=""/>
    </VersionInfo>
    <MacroValues Count="1">
      <Macro1 Name="LCLWidgetType" Value="nogui"/>
    </MacroValues>
    <BuildModes Count="1">
      <Item1 Name="default" Default="True"/>
    </BuildModes>
    <PublishOptions>
      <Version Value="2"/>
      <IgnoreBinaries Value="False"/>
      <IncludeFileFilter Value="*.(pas|pp|inc|lfm|lpr|lrs|lpi|lpk|sh|xml)"/>
      <ExcludeFileFilter Value="*.(bak|ppu|ppw|o|so);*~;backup"/>
    </PublishOptions>
    <RunParams>
      <local>
        <FormatVersion Value="1"/>
        <CommandLineParams Value="--mandant=Stora"/>
        <LaunchingApplication PathPlusParams="\usr\X11R6\bin\xterm -T 'Lazarus Run Output' -e $(LazarusDir)\tools\runwait.sh $(TargetCmdLine)"/>
      </local>
    </RunParams>
    <RequiredPackages Count="2">
      <Item1>
        <PackageName Value="laz_synapse"/>
      </Item1>
      <Item2>
        <PackageName Value="pcmdprometapp"/>
        <DefaultFilename Value="..\base\pcmdprometapp.lpk"/>
      </Item2>
    </RequiredPackages>
    <Units Count="61">
      <Unit0>
        <Filename Value="rssreceiver.lpr"/>
        <IsPartOfProject Value="True"/>
        <UnitName Value="rssreceiver"/>
        <EditorIndex Value="0"/>
        <WindowIndex Value="0"/>
        <TopLine Value="271"/>
        <CursorPos X="1" Y="292"/>
        <UsageCount Value="63"/>
        <Loaded Value="True"/>
        <LoadedDesigner Value="True"/>
      </Unit0>
      <Unit1>
        <Filename Value="dbsync.lpr"/>
        <UnitName Value="dbsync"/>
        <TopLine Value="1"/>
        <CursorPos X="22" Y="1"/>
        <UsageCount Value="9"/>
      </Unit1>
      <Unit2>
        <Filename Value="udbsyncmain.pas"/>
        <UnitName Value="udbsyncmain"/>
        <TopLine Value="70"/>
        <CursorPos X="1" Y="91"/>
        <UsageCount Value="9"/>
      </Unit2>
      <Unit3>
        <Filename Value="..\..\lazarus\components\tdbf\dbflaz.pas"/>
        <UnitName Value="DBFLaz"/>
        <TopLine Value="1"/>
        <CursorPos X="1" Y="1"/>
        <UsageCount Value="9"/>
      </Unit3>
      <Unit4>
        <Filename Value="udata.pas"/>
        <ComponentName Value="Data"/>
        <HasResources Value="True"/>
        <ResourceBaseClass Value="DataModule"/>
        <UnitName Value="uData"/>
        <WindowIndex Value="0"/>
        <TopLine Value="2075"/>
        <CursorPos X="1" Y="2089"/>
        <UsageCount Value="22"/>
      </Unit4>
      <Unit5>
        <Filename Value="uintfstrconsts.pas"/>
        <UnitName Value="uIntfStrConsts"/>
        <WindowIndex Value="0"/>
        <TopLine Value="1"/>
        <CursorPos X="59" Y="10"/>
        <UsageCount Value="13"/>
      </Unit5>
      <Unit6>
        <Filename Value="uzeosdm.pas"/>
        <UnitName Value="uZeOSDM"/>
        <WindowIndex Value="0"/>
        <TopLine Value="188"/>
        <CursorPos X="1" Y="200"/>
        <UsageCount Value="17"/>
      </Unit6>
      <Unit7>
        <Filename Value="umessages.pas"/>
        <UnitName Value="uMessages"/>
        <WindowIndex Value="0"/>
        <TopLine Value="39"/>
        <CursorPos X="25" Y="39"/>
        <UsageCount Value="23"/>
      </Unit7>
      <Unit8>
        <Filename Value="..\..\lkomponenten\synapse\pop3send.pas"/>
        <UnitName Value="pop3send"/>
        <TopLine Value="306"/>
        <CursorPos X="1" Y="322"/>
        <UsageCount Value="10"/>
      </Unit8>
      <Unit9>
        <Filename Value="..\..\lazarus\lcl\controls.pp"/>
        <UnitName Value="Controls"/>
        <TopLine Value="39"/>
        <CursorPos X="3" Y="55"/>
        <UsageCount Value="9"/>
      </Unit9>
      <Unit10>
        <Filename Value="..\..\lkomponenten\synapse\synautil.pas"/>
        <UnitName Value="synautil"/>
        <WindowIndex Value="0"/>
        <TopLine Value="594"/>
        <CursorPos X="1" Y="606"/>
        <UsageCount Value="14"/>
      </Unit10>
      <Unit11>
        <Filename Value="..\..\lazarus\lcl\include\lclintf.inc"/>
        <TopLine Value="385"/>
        <CursorPos X="23" Y="402"/>
        <UsageCount Value="10"/>
      </Unit11>
      <Unit12>
        <Filename Value="..\..\lazarus\components\lazreport\source\lr_desgn.pas"/>
        <UnitName Value="LR_Desgn"/>
        <TopLine Value="6350"/>
        <CursorPos X="1" Y="6366"/>
        <UsageCount Value="9"/>
      </Unit12>
      <Unit13>
        <Filename Value="..\..\lazarus\lcl\include\rasterimage.inc"/>
        <TopLine Value="872"/>
        <CursorPos X="1" Y="894"/>
        <UsageCount Value="9"/>
      </Unit13>
      <Unit14>
        <Filename Value="..\..\lazarus\fpc\2.2.2\source\rtl\i386\i386.inc"/>
        <TopLine Value="1309"/>
        <CursorPos X="22" Y="1329"/>
        <UsageCount Value="9"/>
      </Unit14>
      <Unit15>
        <Filename Value="..\..\lazarus\fpc\2.2.2\source\rtl\objpas\classes\reader.inc"/>
        <TopLine Value="670"/>
        <CursorPos X="1" Y="686"/>
        <UsageCount Value="9"/>
      </Unit15>
      <Unit16>
        <Filename Value="..\..\lazarus\fpc\2.2.2\source\rtl\inc\except.inc"/>
        <TopLine Value="177"/>
        <CursorPos X="30" Y="196"/>
        <UsageCount Value="9"/>
      </Unit16>
      <Unit17>
        <Filename Value="ureportdata.pas"/>
        <ComponentName Value="ReportData"/>
        <ResourceBaseClass Value="DataModule"/>
        <UnitName Value="uReportData"/>
        <WindowIndex Value="0"/>
        <TopLine Value="9"/>
        <CursorPos X="16" Y="13"/>
        <UsageCount Value="32"/>
      </Unit17>
      <Unit18>
        <Filename Value="..\..\lkomponenten\synapse\mimepart.pas"/>
        <UnitName Value="mimepart"/>
        <TopLine Value="197"/>
        <CursorPos X="15" Y="209"/>
        <UsageCount Value="17"/>
      </Unit18>
      <Unit19>
        <Filename Value="zeos\src\dbc\ZDbcSqLiteUtils.pas"/>
        <UnitName Value="ZDbcSqLiteUtils"/>
        <TopLine Value="213"/>
        <CursorPos X="1" Y="236"/>
        <UsageCount Value="11"/>
      </Unit19>
      <Unit20>
        <Filename Value="zeos\src\dbc\ZDbcUtils.pas"/>
        <UnitName Value="ZDbcUtils"/>
        <TopLine Value="355"/>
        <CursorPos X="32" Y="375"/>
        <UsageCount Value="9"/>
      </Unit20>
      <Unit21>
        <Filename Value="zeos\src\component\ZAbstractDataset.pas"/>
        <UnitName Value="ZAbstractDataset"/>
        <TopLine Value="408"/>
        <CursorPos X="36" Y="419"/>
        <UsageCount Value="10"/>
      </Unit21>
      <Unit22>
        <Filename Value="..\..\lazarus\lcl\interfaces\win32\win32wscontrols.pp"/>
        <UnitName Value="Win32WSControls"/>
        <TopLine Value="212"/>
        <CursorPos X="1" Y="224"/>
        <UsageCount Value="10"/>
      </Unit22>
      <Unit23>
        <Filename Value="..\..\lazarus\lcl\fileutil.pas"/>
        <UnitName Value="FileUtil"/>
        <TopLine Value="170"/>
        <CursorPos X="10" Y="186"/>
        <UsageCount Value="10"/>
      </Unit23>
      <Unit24>
        <Filename Value="fparchive\AbTempFileStream.pas"/>
        <UnitName Value="AbTempFileStream"/>
        <TopLine Value="1"/>
        <CursorPos X="1" Y="1"/>
        <UsageCount Value="10"/>
      </Unit24>
      <Unit25>
        <Filename Value="ubasedatamodule.pas"/>
        <UnitName Value="uBaseDataModule"/>
        <WindowIndex Value="0"/>
        <TopLine Value="2552"/>
        <CursorPos X="30" Y="2564"/>
        <UsageCount Value="15"/>
      </Unit25>
      <Unit26>
        <Filename Value="zeos\src\plain\ZPlainSqLiteDriver.pas"/>
        <UnitName Value="ZPlainSqLiteDriver"/>
        <TopLine Value="756"/>
        <CursorPos X="1" Y="772"/>
        <UsageCount Value="10"/>
      </Unit26>
      <Unit27>
        <Filename Value="udocumentmanagement.pas"/>
        <UnitName Value="uDocumentmanagement"/>
        <WindowIndex Value="0"/>
        <TopLine Value="1"/>
        <CursorPos X="21" Y="1"/>
        <UsageCount Value="15"/>
      </Unit27>
      <Unit28>
        <Filename Value="..\..\rss.xml"/>
        <TopLine Value="1"/>
        <CursorPos X="1" Y="1"/>
        <UsageCount Value="13"/>
        <DefaultSyntaxHighlighter Value="XML"/>
      </Unit28>
      <Unit29>
        <Filename Value="pop3receiver.lpr"/>
        <UnitName Value="pop3receiver"/>
        <WindowIndex Value="0"/>
        <TopLine Value="363"/>
        <CursorPos X="17" Y="246"/>
        <UsageCount Value="11"/>
      </Unit29>
      <Unit30>
        <Filename Value="..\..\lazarus\fpc\2.2.4\source\packages\hash\src\md5.pp"/>
        <UnitName Value="md5"/>
        <TopLine Value="132"/>
        <CursorPos X="19" Y="154"/>
        <UsageCount Value="10"/>
      </Unit30>
      <Unit31>
        <Filename Value="..\..\lazarus\fpc\2.2.4\source\rtl\objpas\sysutils\datih.inc"/>
        <TopLine Value="118"/>
        <CursorPos X="10" Y="130"/>
        <UsageCount Value="11"/>
      </Unit31>
      <Unit32>
        <Filename Value="components\zeos\src\component\ZAbstractRODataset.pas"/>
        <UnitName Value="ZAbstractRODataset"/>
        <TopLine Value="2621"/>
        <CursorPos X="1" Y="2633"/>
        <UsageCount Value="13"/>
      </Unit32>
      <Unit33>
        <Filename Value="..\..\general\src\Utils.pas"/>
        <UnitName Value="Utils"/>
        <WindowIndex Value="0"/>
        <TopLine Value="1"/>
        <CursorPos X="69" Y="20"/>
        <UsageCount Value="12"/>
      </Unit33>
      <Unit34>
        <Filename Value="..\..\lazarus\fpc\2.2.4\source\rtl\objpas\sysutils\dati.inc"/>
        <TopLine Value="657"/>
        <CursorPos X="35" Y="661"/>
        <UsageCount Value="11"/>
      </Unit34>
      <Unit35>
        <Filename Value="..\..\lazarus\fpc\2.2.4\source\rtl\objpas\sysutils\sysinth.inc"/>
        <TopLine Value="45"/>
        <CursorPos X="30" Y="55"/>
        <UsageCount Value="11"/>
      </Unit35>
      <Unit36>
        <Filename Value="..\..\lazarus\fpc\2.2.4\source\packages\fcl-xml\src\dom.pp"/>
        <UnitName Value="DOM"/>
        <TopLine Value="253"/>
        <CursorPos X="14" Y="265"/>
        <UsageCount Value="10"/>
      </Unit36>
      <Unit37>
        <Filename Value="..\..\lazarus\ideintf\projectresourcesintf.pas"/>
        <UnitName Value="ProjectResourcesIntf"/>
        <TopLine Value="81"/>
        <CursorPos X="35" Y="20"/>
        <UsageCount Value="10"/>
      </Unit37>
      <Unit38>
        <Filename Value="C:\FPC\2.4.0\source\fpcsrc\packages\fcl-db\src\dbase\dbf.pas"/>
        <UnitName Value="dbf"/>
        <TopLine Value="414"/>
        <CursorPos X="24" Y="425"/>
        <UsageCount Value="10"/>
      </Unit38>
      <Unit39>
        <Filename Value="components\zeos\src\dbc\ZDbcDbLib.pas"/>
        <UnitName Value="ZDbcDbLib"/>
        <TopLine Value="370"/>
        <CursorPos X="28" Y="384"/>
        <UsageCount Value="10"/>
      </Unit39>
      <Unit40>
        <Filename Value="components\zeos\src\dbc\ZDbcSqLiteUtils.pas"/>
        <UnitName Value="ZDbcSqLiteUtils"/>
        <WindowIndex Value="0"/>
        <TopLine Value="225"/>
        <CursorPos X="47" Y="236"/>
        <UsageCount Value="10"/>
      </Unit40>
      <Unit41>
        <Filename Value="..\base\ubasecustomapplication.pas"/>
        <UnitName Value="uBaseCustomApplication"/>
        <EditorIndex Value="6"/>
        <WindowIndex Value="0"/>
        <TopLine Value="1"/>
        <CursorPos X="72" Y="6"/>
        <UsageCount Value="13"/>
        <Loaded Value="True"/>
      </Unit41>
      <Unit42>
        <Filename Value="..\base\ubasedbclasses.pas"/>
        <UnitName Value="uBaseDbClasses"/>
        <WindowIndex Value="0"/>
        <TopLine Value="926"/>
        <CursorPos X="1" Y="938"/>
        <UsageCount Value="10"/>
      </Unit42>
      <Unit43>
        <Filename Value="..\components\zeos\src\component\zabstractrodataset.pas"/>
        <UnitName Value="ZAbstractRODataset"/>
        <WindowIndex Value="0"/>
        <TopLine Value="2763"/>
        <CursorPos X="1" Y="2775"/>
        <UsageCount Value="10"/>
        <DefaultSyntaxHighlighter Value="Delphi"/>
      </Unit43>
      <Unit44>
        <Filename Value="..\base\udata.pas"/>
        <UnitName Value="uData"/>
        <WindowIndex Value="0"/>
        <TopLine Value="1"/>
        <CursorPos X="22" Y="8"/>
        <UsageCount Value="10"/>
      </Unit44>
      <Unit45>
        <Filename Value="D:\lazarus\fpc\packages\fcl-base\src\custapp.pp"/>
        <UnitName Value="CustApp"/>
        <WindowIndex Value="0"/>
        <TopLine Value="32"/>
        <CursorPos X="15" Y="42"/>
        <UsageCount Value="10"/>
      </Unit45>
      <Unit46>
        <Filename Value="..\base\usystemmessage.pas"/>
        <UnitName Value="uSystemMessage"/>
        <WindowIndex Value="0"/>
        <TopLine Value="147"/>
        <CursorPos X="1" Y="163"/>
        <UsageCount Value="10"/>
      </Unit46>
      <Unit47>
        <Filename Value="..\base\dbintfs\ubasedbclasses.pas"/>
        <UnitName Value="uBaseDbClasses"/>
        <WindowIndex Value="0"/>
        <TopLine Value="124"/>
        <CursorPos X="15" Y="124"/>
        <UsageCount Value="10"/>
      </Unit47>
      <Unit48>
        <Filename Value="..\base\dbintfs\ubasedbinterface.pas"/>
        <UnitName Value="uBaseDBInterface"/>
        <IsVisibleTab Value="True"/>
        <EditorIndex Value="3"/>
        <WindowIndex Value="0"/>
        <TopLine Value="1231"/>
        <CursorPos X="1" Y="1258"/>
        <ExtraEditorCount Value="1"/>
        <UsageCount Value="13"/>
        <Loaded Value="True"/>
      </Unit48>
      <Unit49>
        <Filename Value="..\base\dbintfs\ubaseerpdbclasses.pas"/>
        <UnitName Value="uBaseERPDBClasses"/>
        <EditorIndex Value="5"/>
        <WindowIndex Value="0"/>
        <TopLine Value="86"/>
        <CursorPos X="1" Y="101"/>
        <UsageCount Value="13"/>
        <Loaded Value="True"/>
      </Unit49>
      <Unit50>
        <Filename Value="..\base\dbintfs\uzeosdbdm.pas"/>
        <UnitName Value="uZeosDBDM"/>
        <EditorIndex Value="2"/>
        <WindowIndex Value="0"/>
        <TopLine Value="420"/>
        <CursorPos X="1" Y="440"/>
        <UsageCount Value="12"/>
        <Loaded Value="True"/>
      </Unit50>
      <Unit51>
        <Filename Value="..\components\zeos\src\dbc\ZDbcSqLiteUtils.pas"/>
        <UnitName Value="ZDbcSqLiteUtils"/>
        <WindowIndex Value="0"/>
        <TopLine Value="224"/>
        <CursorPos X="18" Y="233"/>
        <UsageCount Value="10"/>
        <DefaultSyntaxHighlighter Value="Delphi"/>
      </Unit51>
      <Unit52>
        <Filename Value="..\components\zeos\src\dbc\ZDbcSqLiteStatement.pas"/>
        <UnitName Value="ZDbcSqLiteStatement"/>
        <WindowIndex Value="0"/>
        <TopLine Value="175"/>
        <CursorPos X="1" Y="187"/>
        <UsageCount Value="10"/>
        <DefaultSyntaxHighlighter Value="Delphi"/>
      </Unit52>
      <Unit53>
        <Filename Value="D:\lkomponenten\synapse\ssfpc.pas"/>
        <UnitName Value="ssfpc"/>
        <WindowIndex Value="0"/>
        <TopLine Value="638"/>
        <CursorPos X="1" Y="657"/>
        <UsageCount Value="10"/>
      </Unit53>
      <Unit54>
        <Filename Value="D:\lkomponenten\synapse\blcksock.pas"/>
        <UnitName Value="blcksock"/>
        <WindowIndex Value="0"/>
        <TopLine Value="2406"/>
        <CursorPos X="1" Y="2426"/>
        <UsageCount Value="11"/>
      </Unit54>
      <Unit55>
        <Filename Value="D:\lkomponenten\synapse\httpsend.pas"/>
        <UnitName Value="httpsend"/>
        <WindowIndex Value="0"/>
        <TopLine Value="654"/>
        <CursorPos X="1" Y="669"/>
        <UsageCount Value="11"/>
      </Unit55>
      <Unit56>
        <Filename Value="C:\lazarus\designer\jitforms.pp"/>
        <UnitName Value="JITForms"/>
        <WindowIndex Value="0"/>
        <TopLine Value="772"/>
        <CursorPos X="44" Y="787"/>
        <UsageCount Value="10"/>
      </Unit56>
      <Unit57>
        <Filename Value="D:\tmp\rss.xml"/>
        <WindowIndex Value="0"/>
        <TopLine Value="1"/>
        <CursorPos X="1" Y="1"/>
        <UsageCount Value="10"/>
        <DefaultSyntaxHighlighter Value="XML"/>
      </Unit57>
      <Unit58>
        <Filename Value="..\base\dbintfs\usystemmessage.pas"/>
        <UnitName Value="uSystemMessage"/>
        <EditorIndex Value="1"/>
        <WindowIndex Value="0"/>
        <TopLine Value="117"/>
        <CursorPos X="1" Y="135"/>
        <UsageCount Value="10"/>
        <Loaded Value="True"/>
      </Unit58>
      <Unit59>
        <Filename Value="D:\general\src\Utils.pas"/>
        <UnitName Value="Utils"/>
        <WindowIndex Value="0"/>
        <TopLine Value="483"/>
        <CursorPos X="1" Y="513"/>
        <UsageCount Value="10"/>
      </Unit59>
      <Unit60>
        <Filename Value="..\base\dbintfs\uprocessmanager.pas"/>
        <UnitName Value="uProcessManager"/>
        <EditorIndex Value="4"/>
        <WindowIndex Value="0"/>
        <TopLine Value="54"/>
        <CursorPos X="1" Y="75"/>
        <UsageCount Value="10"/>
        <Loaded Value="True"/>
      </Unit60>
    </Units>
    <JumpHistory Count="30" HistoryIndex="29">
      <Position1>
        <Filename Value="rssreceiver.lpr"/>
        <Caret Line="251" Column="1" TopLine="222"/>
      </Position1>
      <Position2>
        <Filename Value="rssreceiver.lpr"/>
        <Caret Line="253" Column="1" TopLine="223"/>
      </Position2>
      <Position3>
        <Filename Value="rssreceiver.lpr"/>
        <Caret Line="254" Column="1" TopLine="224"/>
      </Position3>
      <Position4>
        <Filename Value="rssreceiver.lpr"/>
        <Caret Line="263" Column="1" TopLine="245"/>
      </Position4>
      <Position5>
        <Filename Value="rssreceiver.lpr"/>
        <Caret Line="264" Column="1" TopLine="245"/>
      </Position5>
      <Position6>
        <Filename Value="rssreceiver.lpr"/>
        <Caret Line="265" Column="1" TopLine="245"/>
      </Position6>
      <Position7>
        <Filename Value="rssreceiver.lpr"/>
        <Caret Line="266" Column="1" TopLine="245"/>
      </Position7>
      <Position8>
        <Filename Value="rssreceiver.lpr"/>
        <Caret Line="268" Column="1" TopLine="245"/>
      </Position8>
      <Position9>
        <Filename Value="rssreceiver.lpr"/>
        <Caret Line="270" Column="1" TopLine="245"/>
      </Position9>
      <Position10>
        <Filename Value="rssreceiver.lpr"/>
        <Caret Line="271" Column="1" TopLine="245"/>
      </Position10>
      <Position11>
        <Filename Value="rssreceiver.lpr"/>
        <Caret Line="273" Column="1" TopLine="245"/>
      </Position11>
      <Position12>
        <Filename Value="rssreceiver.lpr"/>
        <Caret Line="274" Column="1" TopLine="245"/>
      </Position12>
      <Position13>
        <Filename Value="rssreceiver.lpr"/>
        <Caret Line="275" Column="1" TopLine="245"/>
      </Position13>
      <Position14>
        <Filename Value="rssreceiver.lpr"/>
        <Caret Line="278" Column="1" TopLine="248"/>
      </Position14>
      <Position15>
        <Filename Value="rssreceiver.lpr"/>
        <Caret Line="279" Column="1" TopLine="249"/>
      </Position15>
      <Position16>
        <Filename Value="rssreceiver.lpr"/>
        <Caret Line="280" Column="1" TopLine="250"/>
      </Position16>
      <Position17>
        <Filename Value="rssreceiver.lpr"/>
        <Caret Line="281" Column="1" TopLine="251"/>
      </Position17>
      <Position18>
        <Filename Value="rssreceiver.lpr"/>
        <Caret Line="283" Column="1" TopLine="253"/>
      </Position18>
      <Position19>
        <Filename Value="rssreceiver.lpr"/>
        <Caret Line="284" Column="1" TopLine="254"/>
      </Position19>
      <Position20>
        <Filename Value="rssreceiver.lpr"/>
        <Caret Line="285" Column="1" TopLine="255"/>
      </Position20>
      <Position21>
        <Filename Value="rssreceiver.lpr"/>
        <Caret Line="286" Column="1" TopLine="256"/>
      </Position21>
      <Position22>
        <Filename Value="rssreceiver.lpr"/>
        <Caret Line="292" Column="1" TopLine="262"/>
      </Position22>
      <Position23>
        <Filename Value="rssreceiver.lpr"/>
        <Caret Line="293" Column="1" TopLine="263"/>
      </Position23>
      <Position24>
        <Filename Value="rssreceiver.lpr"/>
        <Caret Line="294" Column="1" TopLine="264"/>
      </Position24>
      <Position25>
        <Filename Value="rssreceiver.lpr"/>
        <Caret Line="295" Column="1" TopLine="265"/>
      </Position25>
      <Position26>
        <Filename Value="rssreceiver.lpr"/>
        <Caret Line="240" Column="1" TopLine="228"/>
      </Position26>
      <Position27>
        <Filename Value="rssreceiver.lpr"/>
        <Caret Line="286" Column="1" TopLine="271"/>
      </Position27>
      <Position28>
        <Filename Value="..\base\ubasecustomapplication.pas"/>
        <Caret Line="274" Column="16" TopLine="264"/>
      </Position28>
      <Position29>
        <Filename Value="..\base\ubasecustomapplication.pas"/>
        <Caret Line="44" Column="13" TopLine="25"/>
      </Position29>
      <Position30>
        <Filename Value="..\base\ubasecustomapplication.pas"/>
        <Caret Line="173" Column="36" TopLine="171"/>
      </Position30>
    </JumpHistory>
  </ProjectOptions>
  <CompilerOptions>
    <Version Value="11"/>
    <PathDelim Value="\"/>
    <Target>
      <Filename Value="..\..\output\$(TargetCPU)-$(TargetOS)\tools\rssreceiver"/>
    </Target>
    <SearchPaths>
      <UnitOutputDirectory Value="lib\$(TargetCPU)-$(TargetOS)"/>
    </SearchPaths>
    <Parsing>
      <SyntaxOptions>
        <CStyleOperator Value="False"/>
        <UseAnsiStrings Value="False"/>
      </SyntaxOptions>
    </Parsing>
    <Linking>
      <Debugging>
        <UseExternalDbgSyms Value="True"/>
      </Debugging>
    </Linking>
    <Other>
      <CompilerMessages>
        <UseMsgFile Value="True"/>
      </CompilerMessages>
      <CompilerPath Value="$(CompPath)"/>
    </Other>
    <LCLWidgetType Value="nogui"/>
  </CompilerOptions>
  <Debugging>
    <BreakPoints Count="4">
      <Item1>
        <Kind Value="bpkSource"/>
        <WatchScope Value="wpsGlobal"/>
        <WatchKind Value="wpkWrite"/>
        <Source Value="umain.pas"/>
        <Line Value="1220"/>
      </Item1>
      <Item2>
        <Kind Value="bpkSource"/>
        <WatchScope Value="wpsGlobal"/>
        <WatchKind Value="wpkWrite"/>
        <Source Value="uregister.pas"/>
        <Line Value="62"/>
      </Item2>
      <Item3>
        <Kind Value="bpkSource"/>
        <WatchScope Value="wpsGlobal"/>
        <WatchKind Value="wpkWrite"/>
        <Source Value="umessages.pas"/>
        <Line Value="893"/>
      </Item3>
      <Item4>
        <Kind Value="bpkSource"/>
        <WatchScope Value="wpsGlobal"/>
        <WatchKind Value="wpkWrite"/>
        <Source Value="umessages.pas"/>
        <Line Value="922"/>
      </Item4>
    </BreakPoints>
    <Watches Count="1">
      <Item1>
        <Expression Value="aNode.FNodeName"/>
        <Enabled Value="False"/>
      </Item1>
    </Watches>
    <Exceptions Count="2">
      <Item1>
        <Name Value="EConvertError"/>
      </Item1>
      <Item2>
        <Name Value="EXMLReadError"/>
      </Item2>
    </Exceptions>
  </Debugging>
  <EditorMacros Count="0"/>
</CONFIG>
