<?xml version="1.0" encoding="UTF-8"?>
<CONFIG>
  <ProjectOptions>
    <Version Value="9"/>
    <General>
      <Flags>
        <SaveClosedFiles Value="False"/>
        <MainUnitHasUsesSectionForAllUnits Value="False"/>
      </Flags>
      <MainUnit Value="0"/>
      <AutoCreateForms Value="False"/>
      <Title Value="Promet-ERP"/>
      <ResourceType Value="res"/>
      <UseXPManifest Value="True"/>
      <Icon Value="0"/>
      <ActiveWindowIndexAtStart Value="0"/>
    </General>
    <i18n>
      <EnableI18N Value="True" LFM="False"/>
      <OutDir Value="../../languages"/>
    </i18n>
    <VersionInfo>
      <UseVersionInfo Value="True"/>
      <AutoIncrementBuild Value="True"/>
      <MajorVersionNr Value="7"/>
      <RevisionNr Value="323"/>
      <BuildNr Value="319"/>
      <StringTable CompanyName="CUTEC" FileDescription="Promet-ERP" ProductName="Promet-ERP" ProductVersion=""/>
    </VersionInfo>
    <BuildModes Count="5" Active="Default">
      <Item1 Name="Default" Default="True"/>
      <Item2 Name="Debug">
        <CompilerOptions>
          <Version Value="11"/>
          <Target>
            <Filename Value="../../output/$(TargetCPU)-$(TargetOS)/prometerp"/>
          </Target>
          <SearchPaths>
            <IncludeFiles Value="$(ProjOutDir)"/>
            <UnitOutputDirectory Value="lib/$(TargetCPU)-$(TargetOS)"/>
          </SearchPaths>
          <CodeGeneration>
            <SmallerCode Value="True"/>
          </CodeGeneration>
          <Linking>
            <Debugging>
              <UseHeaptrc Value="True"/>
              <UseExternalDbgSyms Value="True"/>
            </Debugging>
            <Options>
              <Win32>
                <GraphicApplication Value="True"/>
              </Win32>
            </Options>
          </Linking>
          <Other>
            <CompilerMessages>
              <UseMsgFile Value="True"/>
            </CompilerMessages>
            <CustomOptions Value="-WA"/>
            <CompilerPath Value="$(CompPath)"/>
          </Other>
        </CompilerOptions>
      </Item2>
      <Item3 Name="Win32">
        <MacroValues Count="1">
          <Macro1 Name="LCLWidgetType" Value="win32"/>
        </MacroValues>
        <CompilerOptions>
          <Version Value="11"/>
          <Target>
            <Filename Value="../../output/$(TargetCPU)-$(TargetOS)/prometerp"/>
          </Target>
          <SearchPaths>
            <IncludeFiles Value="$(ProjOutDir)"/>
            <UnitOutputDirectory Value="lib/$(TargetCPU)-$(TargetOS)"/>
          </SearchPaths>
          <CodeGeneration>
            <TargetCPU Value="i386"/>
            <TargetOS Value="win32"/>
          </CodeGeneration>
          <Linking>
            <Debugging>
              <UseExternalDbgSyms Value="True"/>
            </Debugging>
            <Options>
              <Win32>
                <GraphicApplication Value="True"/>
              </Win32>
            </Options>
          </Linking>
          <Other>
            <CompilerMessages>
              <UseMsgFile Value="True"/>
            </CompilerMessages>
            <CompilerPath Value="$(CompPath)"/>
          </Other>
        </CompilerOptions>
      </Item3>
      <Item4 Name="Win64">
        <MacroValues Count="1">
          <Macro1 Name="LCLWidgetType" Value="win32"/>
        </MacroValues>
        <CompilerOptions>
          <Version Value="11"/>
          <Target>
            <Filename Value="../../output/$(TargetCPU)-$(TargetOS)/prometerp"/>
          </Target>
          <SearchPaths>
            <IncludeFiles Value="$(ProjOutDir)"/>
            <UnitOutputDirectory Value="lib/$(TargetCPU)-$(TargetOS)"/>
          </SearchPaths>
          <CodeGeneration>
            <TargetCPU Value="x86_64"/>
            <TargetOS Value="win64"/>
          </CodeGeneration>
          <Linking>
            <Debugging>
              <UseExternalDbgSyms Value="True"/>
            </Debugging>
            <Options>
              <Win32>
                <GraphicApplication Value="True"/>
              </Win32>
            </Options>
          </Linking>
          <Other>
            <CompilerMessages>
              <UseMsgFile Value="True"/>
            </CompilerMessages>
            <CompilerPath Value="$(CompPath)"/>
          </Other>
        </CompilerOptions>
      </Item4>
      <Item5 Name="DebugOSX">
        <CompilerOptions>
          <Version Value="11"/>
          <Target>
            <Filename Value="../../output/$(TargetCPU)-$(TargetOS)/prometerp"/>
          </Target>
          <SearchPaths>
            <IncludeFiles Value="$(ProjOutDir)"/>
            <UnitOutputDirectory Value="lib/$(TargetCPU)-$(TargetOS)-$(TargetWidgetset)"/>
          </SearchPaths>
          <CodeGeneration>
            <Checks>
              <IOChecks Value="True"/>
              <RangeChecks Value="True"/>
              <OverflowChecks Value="True"/>
              <StackChecks Value="True"/>
            </Checks>
            <SmallerCode Value="True"/>
          </CodeGeneration>
          <Linking>
            <Debugging>
              <GenerateDebugInfo Value="False"/>
              <DebugInfoType Value="dsStabs"/>
              <UseLineInfoUnit Value="False"/>
              <UseExternalDbgSyms Value="True"/>
            </Debugging>
            <Options>
              <Win32>
                <GraphicApplication Value="True"/>
              </Win32>
            </Options>
          </Linking>
          <Other>
            <CompilerMessages>
              <UseMsgFile Value="True"/>
            </CompilerMessages>
            <CustomOptions Value="-dHASMESSAGING"/>
            <CompilerPath Value="$(CompPath)"/>
          </Other>
        </CompilerOptions>
      </Item5>
      <SharedMatrixOptions Count="2">
        <Item1 ID="724251795577" Modes="Win32,Win64" Type="IDEMacro" MacroName="LCLWidgetType" Value="win32"/>
        <Item2 ID="699350395536" Type="IDEMacro" MacroName="LCLWidgetType" Value="cocoa"/>
      </SharedMatrixOptions>
    </BuildModes>
    <PublishOptions>
      <Version Value="2"/>
      <IncludeFileFilter Value="*.(pas|pp|inc|lfm|lpr|lrs|lpi|lpk|sh|xml)"/>
      <ExcludeFileFilter Value="*.(bak|ppu|o|so);*~;backup"/>
    </PublishOptions>
    <RunParams>
      <local>
        <FormatVersion Value="1"/>
      </local>
    </RunParams>
    <RequiredPackages Count="25">
      <Item1>
        <PackageName Value="pack_powerpdf"/>
      </Item1>
      <Item2>
        <PackageName Value="pOptions"/>
        <DefaultFilename Value="../base_options/poptions.lpk"/>
      </Item2>
      <Item3>
        <PackageName Value="lazreport"/>
      </Item3>
      <Item4>
        <PackageName Value="pvisualframes"/>
        <DefaultFilename Value="../base_frames/pvisualframes.lpk"/>
      </Item4>
      <Item5>
        <PackageName Value="pvisualforms"/>
        <DefaultFilename Value="../base/pvisualforms.lpk"/>
      </Item5>
      <Item6>
        <PackageName Value="LazControls"/>
      </Item6>
      <Item7>
        <PackageName Value="ptimes"/>
        <DefaultFilename Value="../timeregistering/ptimes.lpk"/>
      </Item7>
      <Item8>
        <PackageName Value="pDocManage"/>
        <DefaultFilename Value="../base_docmanage/pdocmanage.lpk" Prefer="True"/>
      </Item8>
      <Item9>
        <PackageName Value="tabeditor"/>
        <DefaultFilename Value="../editform/tabeditor.lpk"/>
      </Item9>
      <Item10>
        <PackageName Value="statisticsaddon"/>
        <DefaultFilename Value="../statistics/statisticsaddon.lpk"/>
      </Item10>
      <Item11>
        <PackageName Value="base_inet"/>
        <DefaultFilename Value="../base_inet/base_inet.lpk" Prefer="True"/>
      </Item11>
      <Item12>
        <PackageName Value="prepair"/>
        <DefaultFilename Value="../base_repair/prepair.lpk"/>
      </Item12>
      <Item13>
        <PackageName Value="pmessaging"/>
        <DefaultFilename Value="../base_messaging/pmessaging.lpk"/>
      </Item13>
      <Item14>
        <PackageName Value="perp"/>
        <DefaultFilename Value="../base_erp/perp.lpk"/>
      </Item14>
      <Item15>
        <PackageName Value="pcalendar"/>
        <DefaultFilename Value="../base_calendar/pcalendar.lpk" Prefer="True"/>
      </Item15>
      <Item16>
        <PackageName Value="projectmanagement"/>
        <DefaultFilename Value="../projectmanagement/projectmanagement.lpk"/>
      </Item16>
      <Item17>
        <PackageName Value="ZVDateTimeCtrls"/>
        <DefaultFilename Value="../components/ZVDateTimeCtrls/zvdatetimectrls.lpk"/>
      </Item17>
      <Item18>
        <PackageName Value="phelp"/>
        <DefaultFilename Value="../base_help/phelp.lpk"/>
      </Item18>
      <Item19>
        <PackageName Value="pPhones"/>
        <DefaultFilename Value="../base_phone/pphones.lpk"/>
      </Item19>
      <Item20>
        <PackageName Value="TurboPowerIPro"/>
        <MinVersion Major="1" Valid="True"/>
      </Item20>
      <Item21>
        <PackageName Value="FCL"/>
        <MinVersion Major="1" Release="1" Valid="True"/>
      </Item21>
      <Item22>
        <PackageName Value="LCLBase"/>
        <MinVersion Major="1" Release="1" Valid="True"/>
      </Item22>
      <Item23>
        <PackageName Value="general"/>
        <DefaultFilename Value="../../../general/general.lpk"/>
      </Item23>
      <Item24>
        <PackageName Value="pVisualPrometApp"/>
        <DefaultFilename Value="../base/pvisualprometapp.lpk"/>
      </Item24>
      <Item25>
        <PackageName Value="LCL"/>
      </Item25>
    </RequiredPackages>
    <Units Count="53">
      <Unit0>
        <Filename Value="prometerp.lpr"/>
        <IsPartOfProject Value="True"/>
        <UnitName Value="prometerp"/>
        <WindowIndex Value="0"/>
        <TopLine Value="1"/>
        <CursorPos X="1" Y="20"/>
        <UsageCount Value="119"/>
      </Unit0>
      <Unit1>
        <Filename Value="umain.pas"/>
        <IsPartOfProject Value="True"/>
        <ComponentName Value="fMain"/>
        <HasResources Value="True"/>
        <ResourceBaseClass Value="Form"/>
        <UnitName Value="uMain"/>
        <EditorIndex Value="10"/>
        <WindowIndex Value="0"/>
        <TopLine Value="1"/>
        <CursorPos X="80" Y="8"/>
        <UsageCount Value="119"/>
        <Loaded Value="True"/>
        <LoadedDesigner Value="True"/>
      </Unit1>
      <Unit2>
        <Filename Value="upersonframe.pas"/>
        <IsPartOfProject Value="True"/>
        <ComponentName Value="fPersonFrame"/>
        <HasResources Value="True"/>
        <ResourceBaseClass Value="Frame"/>
        <UnitName Value="uPersonFrame"/>
        <WindowIndex Value="0"/>
        <TopLine Value="192"/>
        <CursorPos X="18" Y="178"/>
        <UsageCount Value="119"/>
      </Unit2>
      <Unit3>
        <Filename Value="uaddressframe.pas"/>
        <IsPartOfProject Value="True"/>
        <ComponentName Value="fAddressFrame"/>
        <HasResources Value="True"/>
        <ResourceBaseClass Value="Frame"/>
        <UnitName Value="uAddressFrame"/>
        <WindowIndex Value="0"/>
        <TopLine Value="1"/>
        <CursorPos X="1" Y="1"/>
        <UsageCount Value="119"/>
      </Unit3>
      <Unit4>
        <Filename Value="upersonfinance.pas"/>
        <IsPartOfProject Value="True"/>
        <ComponentName Value="fPersonFinance"/>
        <HasResources Value="True"/>
        <ResourceBaseClass Value="Frame"/>
        <UnitName Value="uPersonFinance"/>
        <WindowIndex Value="0"/>
        <TopLine Value="43"/>
        <CursorPos X="98" Y="66"/>
        <UsageCount Value="119"/>
      </Unit4>
      <Unit5>
        <Filename Value="uaccountingframe.pas"/>
        <IsPartOfProject Value="True"/>
        <ComponentName Value="fAccountingFrame"/>
        <HasResources Value="True"/>
        <ResourceBaseClass Value="Frame"/>
        <UnitName Value="uAccountingFrame"/>
        <WindowIndex Value="0"/>
        <TopLine Value="218"/>
        <CursorPos X="15" Y="235"/>
        <UsageCount Value="119"/>
      </Unit5>
      <Unit6>
        <Filename Value="uaccountingque.pas"/>
        <IsPartOfProject Value="True"/>
        <ComponentName Value="fAccountingQue"/>
        <HasResources Value="True"/>
        <ResourceBaseClass Value="Form"/>
        <UnitName Value="uAccountingque"/>
        <WindowIndex Value="0"/>
        <TopLine Value="223"/>
        <CursorPos X="1" Y="241"/>
        <UsageCount Value="119"/>
      </Unit6>
      <Unit7>
        <Filename Value="ubankingdialog.pas"/>
        <IsPartOfProject Value="True"/>
        <ComponentName Value="fbankingDialog"/>
        <ResourceBaseClass Value="Form"/>
        <UnitName Value="uBankingDialog"/>
        <UsageCount Value="119"/>
      </Unit7>
      <Unit8>
        <Filename Value="uaccountingtransfer.pas"/>
        <IsPartOfProject Value="True"/>
        <ComponentName Value="fTransfer"/>
        <HasResources Value="True"/>
        <ResourceBaseClass Value="Form"/>
        <UnitName Value="uAccountingTransfer"/>
        <WindowIndex Value="0"/>
        <TopLine Value="98"/>
        <CursorPos X="31" Y="122"/>
        <UsageCount Value="119"/>
      </Unit8>
      <Unit9>
        <Filename Value="uarticlestorageframe.pas"/>
        <IsPartOfProject Value="True"/>
        <ComponentName Value="fArticleStorageFrame"/>
        <HasResources Value="True"/>
        <ResourceBaseClass Value="Frame"/>
        <UnitName Value="uArticleStorageFrame"/>
        <UsageCount Value="119"/>
      </Unit9>
      <Unit10>
        <Filename Value="utextframe.pas"/>
        <IsPartOfProject Value="True"/>
        <ComponentName Value="fTextFrame"/>
        <ResourceBaseClass Value="Frame"/>
        <UnitName Value="uTextFrame"/>
        <UsageCount Value="119"/>
      </Unit10>
      <Unit11>
        <Filename Value="uarticleframe.pas"/>
        <IsPartOfProject Value="True"/>
        <ComponentName Value="fArticleFrame"/>
        <HasResources Value="True"/>
        <ResourceBaseClass Value="Frame"/>
        <UnitName Value="uArticleFrame"/>
        <WindowIndex Value="0"/>
        <TopLine Value="763"/>
        <CursorPos X="1" Y="779"/>
        <UsageCount Value="119"/>
      </Unit11>
      <Unit12>
        <Filename Value="uarticlepositionframe.pas"/>
        <IsPartOfProject Value="True"/>
        <ComponentName Value="fArticlePositionFrame"/>
        <HasResources Value="True"/>
        <ResourceBaseClass Value="Frame"/>
        <UnitName Value="uArticlePositionFrame"/>
        <UsageCount Value="119"/>
      </Unit12>
      <Unit13>
        <Filename Value="uorderframe.pas"/>
        <IsPartOfProject Value="True"/>
        <ComponentName Value="fOrderFrame"/>
        <HasResources Value="True"/>
        <ResourceBaseClass Value="Frame"/>
        <UnitName Value="uOrderFrame"/>
        <WindowIndex Value="0"/>
        <TopLine Value="1"/>
        <CursorPos X="1" Y="1"/>
        <UsageCount Value="119"/>
        <LoadedDesigner Value="True"/>
      </Unit13>
      <Unit14>
        <Filename Value="uorderadditionalframe.pas"/>
        <IsPartOfProject Value="True"/>
        <ComponentName Value="fOrderAdditionalFrame"/>
        <HasResources Value="True"/>
        <ResourceBaseClass Value="Frame"/>
        <UnitName Value="uOrderAdditionalFrame"/>
        <UsageCount Value="119"/>
      </Unit14>
      <Unit15>
        <Filename Value="uoverviewframe.pas"/>
        <IsPartOfProject Value="True"/>
        <ComponentName Value="fOrderOverviewFrame"/>
        <HasResources Value="True"/>
        <ResourceBaseClass Value="Frame"/>
        <UnitName Value="uOverviewFrame"/>
        <UsageCount Value="119"/>
      </Unit15>
      <Unit16>
        <Filename Value="uorderdateframe.pas"/>
        <IsPartOfProject Value="True"/>
        <ComponentName Value="fOrderDateFrame"/>
        <HasResources Value="True"/>
        <ResourceBaseClass Value="Frame"/>
        <UnitName Value="uOrderDateFrame"/>
        <UsageCount Value="119"/>
      </Unit16>
      <Unit17>
        <Filename Value="uchangestatus.pas"/>
        <IsPartOfProject Value="True"/>
        <ComponentName Value="fChangeStatus"/>
        <HasResources Value="True"/>
        <ResourceBaseClass Value="Form"/>
        <UnitName Value="uChangeStatus"/>
        <UsageCount Value="119"/>
      </Unit17>
      <Unit18>
        <Filename Value="unewstorage.pas"/>
        <IsPartOfProject Value="True"/>
        <ComponentName Value="fNewStorage"/>
        <HasResources Value="True"/>
        <ResourceBaseClass Value="Form"/>
        <UnitName Value="uNewStorage"/>
        <UsageCount Value="119"/>
      </Unit18>
      <Unit19>
        <Filename Value="ubookaccounting.pas"/>
        <IsPartOfProject Value="True"/>
        <ComponentName Value="fBookAccounting"/>
        <HasResources Value="True"/>
        <ResourceBaseClass Value="Form"/>
        <UnitName Value="uBookAccounting"/>
        <WindowIndex Value="0"/>
        <TopLine Value="7"/>
        <CursorPos X="44" Y="29"/>
        <UsageCount Value="119"/>
      </Unit19>
      <Unit20>
        <Filename Value="urepairpositionframe.pas"/>
        <IsPartOfProject Value="True"/>
        <ComponentName Value="fRepairPositionFrame"/>
        <HasResources Value="True"/>
        <ResourceBaseClass Value="Frame"/>
        <UnitName Value="uRepairPositionFrame"/>
        <UsageCount Value="119"/>
      </Unit20>
      <Unit21>
        <Filename Value="uarticlerepairframe.pas"/>
        <IsPartOfProject Value="True"/>
        <ComponentName Value="FArticlerepairFrame"/>
        <ResourceBaseClass Value="Frame"/>
        <UnitName Value="uarticlerepairframe"/>
        <UsageCount Value="119"/>
      </Unit21>
      <Unit22>
        <Filename Value="usystemoptions.pas"/>
        <IsPartOfProject Value="True"/>
        <ComponentName Value="fSystemOptions"/>
        <ResourceBaseClass Value="Frame"/>
        <UnitName Value="uSystemOptions"/>
        <UsageCount Value="119"/>
      </Unit22>
      <Unit23>
        <Filename Value="ucategoryoptions.pas"/>
        <IsPartOfProject Value="True"/>
        <ComponentName Value="fCategoryOptions"/>
        <HasResources Value="True"/>
        <ResourceBaseClass Value="Frame"/>
        <UnitName Value="ucategoryoptions"/>
        <UsageCount Value="119"/>
      </Unit23>
      <Unit24>
        <Filename Value="uordertypeoptions.pas"/>
        <IsPartOfProject Value="True"/>
        <ComponentName Value="forderTypeOptions"/>
        <HasResources Value="True"/>
        <ResourceBaseClass Value="Frame"/>
        <UnitName Value="uOrderTypeOptions"/>
        <UsageCount Value="119"/>
      </Unit24>
      <Unit25>
        <Filename Value="ustoragetypeoptions.pas"/>
        <IsPartOfProject Value="True"/>
        <ComponentName Value="fStorageTypeOptions"/>
        <ResourceBaseClass Value="Frame"/>
        <UnitName Value="uStorageTypeOptions"/>
        <UsageCount Value="119"/>
      </Unit25>
      <Unit26>
        <Filename Value="ucurrencyoptions.pas"/>
        <IsPartOfProject Value="True"/>
        <ComponentName Value="fCurrencyOptions"/>
        <ResourceBaseClass Value="Frame"/>
        <UnitName Value="uCurrencyOptions"/>
        <UsageCount Value="119"/>
      </Unit26>
      <Unit27>
        <Filename Value="ulanguageoptions.pas"/>
        <IsPartOfProject Value="True"/>
        <ComponentName Value="fLanguageOptions"/>
        <HasResources Value="True"/>
        <ResourceBaseClass Value="Frame"/>
        <UnitName Value="uLanguageOptions"/>
        <UsageCount Value="119"/>
      </Unit27>
      <Unit28>
        <Filename Value="urepairoptions.pas"/>
        <IsPartOfProject Value="True"/>
        <ComponentName Value="fRepairOptions"/>
        <HasResources Value="True"/>
        <ResourceBaseClass Value="Frame"/>
        <UnitName Value="uRepairOptions"/>
        <UsageCount Value="119"/>
      </Unit28>
      <Unit29>
        <Filename Value="uphoneoptions.pas"/>
        <IsPartOfProject Value="True"/>
        <ComponentName Value="fPhoneOptions"/>
        <HasResources Value="True"/>
        <ResourceBaseClass Value="Frame"/>
        <UnitName Value="uPhoneOptions"/>
        <UsageCount Value="119"/>
      </Unit29>
      <Unit30>
        <Filename Value="umailoptions.pas"/>
        <IsPartOfProject Value="True"/>
        <ComponentName Value="fMessageOptions"/>
        <HasResources Value="True"/>
        <ResourceBaseClass Value="Frame"/>
        <UnitName Value="uMailOptions"/>
        <WindowIndex Value="0"/>
        <TopLine Value="64"/>
        <CursorPos X="37" Y="202"/>
        <UsageCount Value="119"/>
      </Unit30>
      <Unit31>
        <Filename Value="umaileditoptions.pas"/>
        <IsPartOfProject Value="True"/>
        <ComponentName Value="fMailOptions"/>
        <HasResources Value="True"/>
        <ResourceBaseClass Value="Form"/>
        <UnitName Value="uMailEditoptions"/>
        <UsageCount Value="119"/>
      </Unit31>
      <Unit32>
        <Filename Value="uarticletext.pas"/>
        <IsPartOfProject Value="True"/>
        <ComponentName Value="fArticleTextFrame"/>
        <HasResources Value="True"/>
        <ResourceBaseClass Value="Frame"/>
        <UnitName Value="uArticleText"/>
        <WindowIndex Value="0"/>
        <TopLine Value="1"/>
        <CursorPos X="1" Y="1"/>
        <UsageCount Value="119"/>
      </Unit32>
      <Unit33>
        <Filename Value="ucopyarticledata.pas"/>
        <IsPartOfProject Value="True"/>
        <ComponentName Value="fCopyArticleData"/>
        <HasResources Value="True"/>
        <ResourceBaseClass Value="Form"/>
        <UnitName Value="uCopyArticleData"/>
        <UsageCount Value="119"/>
      </Unit33>
      <Unit34>
        <Filename Value="ufindtransaction.pas"/>
        <IsPartOfProject Value="True"/>
        <ComponentName Value="fFindTransaction"/>
        <HasResources Value="True"/>
        <ResourceBaseClass Value="Form"/>
        <UnitName Value="uFindTransaction"/>
        <UsageCount Value="119"/>
      </Unit34>
      <Unit35>
        <Filename Value="uorderaddressframe.pas"/>
        <IsPartOfProject Value="True"/>
        <ComponentName Value="fOrderAddress"/>
        <HasResources Value="True"/>
        <ResourceBaseClass Value="Frame"/>
        <UnitName Value="uorderaddressframe"/>
        <UsageCount Value="119"/>
      </Unit35>
      <Unit36>
        <Filename Value="uarticlesupplierframe.pas"/>
        <IsPartOfProject Value="True"/>
        <ComponentName Value="fArticleSupplierFrame"/>
        <HasResources Value="True"/>
        <ResourceBaseClass Value="Frame"/>
        <UnitName Value="uarticlesupplierframe"/>
        <UsageCount Value="119"/>
      </Unit36>
      <Unit37>
        <Filename Value="utimeframe.pas"/>
        <IsPartOfProject Value="True"/>
        <ComponentName Value="fTimeFrame"/>
        <HasResources Value="True"/>
        <ResourceBaseClass Value="Frame"/>
        <UnitName Value="uTimeFrame"/>
        <UsageCount Value="119"/>
      </Unit37>
      <Unit38>
        <Filename Value="uwizardnewaccount.pas"/>
        <IsPartOfProject Value="True"/>
        <ComponentName Value="fWizardNewAccount"/>
        <HasResources Value="True"/>
        <ResourceBaseClass Value="Form"/>
        <UnitName Value="uWizardnewaccount"/>
        <WindowIndex Value="0"/>
        <TopLine Value="327"/>
        <CursorPos X="82" Y="348"/>
        <UsageCount Value="119"/>
      </Unit38>
      <Unit39>
        <Filename Value="ubookserial.pas"/>
        <IsPartOfProject Value="True"/>
        <ComponentName Value="fBookSerial"/>
        <HasResources Value="True"/>
        <ResourceBaseClass Value="Form"/>
        <UnitName Value="uBookSerial"/>
        <UsageCount Value="119"/>
      </Unit39>
      <Unit40>
        <Filename Value="../base/ubasevisualcontrols.pas"/>
        <ComponentName Value="fVisualControls"/>
        <HasResources Value="True"/>
        <ResourceBaseClass Value="DataModule"/>
        <UnitName Value="uBaseVisualControls"/>
        <EditorIndex Value="0"/>
        <WindowIndex Value="0"/>
        <TopLine Value="1"/>
        <CursorPos X="94" Y="24"/>
        <UsageCount Value="56"/>
        <Loaded Value="True"/>
        <LoadedDesigner Value="True"/>
      </Unit40>
      <Unit41>
        <Filename Value="../base/dbintfs/ubasedbinterface.pas"/>
        <UnitName Value="uBaseDBInterface"/>
        <EditorIndex Value="2"/>
        <WindowIndex Value="0"/>
        <TopLine Value="281"/>
        <CursorPos X="14" Y="298"/>
        <UsageCount Value="50"/>
        <Loaded Value="True"/>
      </Unit41>
      <Unit42>
        <Filename Value="../base/ubasevisualapplication.pas"/>
        <UnitName Value="uBaseVisualApplication"/>
        <EditorIndex Value="12"/>
        <WindowIndex Value="0"/>
        <TopLine Value="483"/>
        <CursorPos X="52" Y="605"/>
        <UsageCount Value="43"/>
        <Loaded Value="True"/>
      </Unit42>
      <Unit43>
        <Filename Value="../base_frames/umaintreeframe.pas"/>
        <ComponentName Value="fMainTree"/>
        <HasResources Value="True"/>
        <ResourceBaseClass Value="Frame"/>
        <UnitName Value="uMainTreeFrame"/>
        <EditorIndex Value="11"/>
        <WindowIndex Value="0"/>
        <TopLine Value="1032"/>
        <CursorPos X="40" Y="1048"/>
        <UsageCount Value="37"/>
        <Loaded Value="True"/>
        <LoadedDesigner Value="True"/>
      </Unit43>
      <Unit44>
        <Filename Value="../base_docmanage/umanagedocframe.pas"/>
        <ComponentName Value="fManageDocFrame"/>
        <HasResources Value="True"/>
        <ResourceBaseClass Value="Frame"/>
        <UnitName Value="umanagedocframe"/>
        <WindowIndex Value="0"/>
        <TopLine Value="931"/>
        <CursorPos X="1" Y="948"/>
        <UsageCount Value="26"/>
        <Loaded Value="True"/>
        <LoadedDesigner Value="True"/>
      </Unit44>
      <Unit45>
        <Filename Value="../base_calendar/ucalendarframe.pas"/>
        <ComponentName Value="FCalendarFrame"/>
        <HasResources Value="True"/>
        <ResourceBaseClass Value="Frame"/>
        <UnitName Value="uCalendarFrame"/>
        <EditorIndex Value="1"/>
        <WindowIndex Value="0"/>
        <TopLine Value="189"/>
        <CursorPos X="43" Y="331"/>
        <UsageCount Value="25"/>
        <Loaded Value="True"/>
        <LoadedDesigner Value="True"/>
      </Unit45>
      <Unit46>
        <Filename Value="../base_documents/upreviewframe.pas"/>
        <UnitName Value="uPreviewFrame"/>
        <EditorIndex Value="9"/>
        <WindowIndex Value="0"/>
        <TopLine Value="591"/>
        <CursorPos X="119" Y="608"/>
        <UsageCount Value="23"/>
        <Loaded Value="True"/>
      </Unit46>
      <Unit47>
        <Filename Value="../base_pm/utasks.pas"/>
        <ComponentName Value="fTaskFrame"/>
        <HasResources Value="True"/>
        <ResourceBaseClass Value="Frame"/>
        <UnitName Value="utasks"/>
        <IsVisibleTab Value="True"/>
        <EditorIndex Value="3"/>
        <WindowIndex Value="0"/>
        <TopLine Value="1179"/>
        <CursorPos X="1" Y="1194"/>
        <UsageCount Value="21"/>
        <Loaded Value="True"/>
        <LoadedDesigner Value="True"/>
      </Unit47>
      <Unit48>
        <Filename Value="../base_forms/ugridview.pas"/>
        <UnitName Value="ugridview"/>
        <EditorIndex Value="8"/>
        <WindowIndex Value="0"/>
        <TopLine Value="396"/>
        <CursorPos X="22" Y="401"/>
        <UsageCount Value="21"/>
        <Loaded Value="True"/>
      </Unit48>
      <Unit49>
        <Filename Value="../base_pm/umeetingframe.pas"/>
        <ComponentName Value="fMeetingFrame"/>
        <HasResources Value="True"/>
        <ResourceBaseClass Value="Frame"/>
        <UnitName Value="uMeetingFrame"/>
        <EditorIndex Value="4"/>
        <WindowIndex Value="0"/>
        <TopLine Value="801"/>
        <CursorPos X="21" Y="821"/>
        <UsageCount Value="20"/>
        <Loaded Value="True"/>
        <LoadedDesigner Value="True"/>
      </Unit49>
      <Unit50>
        <Filename Value="../base/dbintfs/umeeting.pas"/>
        <UnitName Value="umeeting"/>
        <EditorIndex Value="5"/>
        <WindowIndex Value="0"/>
        <TopLine Value="454"/>
        <CursorPos X="21" Y="484"/>
        <UsageCount Value="20"/>
        <Loaded Value="True"/>
      </Unit50>
      <Unit51>
        <Filename Value="../base_help/uwikiframe.pas"/>
        <ComponentName Value="fWikiFrame"/>
        <HasResources Value="True"/>
        <ResourceBaseClass Value="Frame"/>
        <UnitName Value="uWikiFrame"/>
        <EditorIndex Value="6"/>
        <WindowIndex Value="0"/>
        <TopLine Value="462"/>
        <CursorPos X="16" Y="466"/>
        <UsageCount Value="20"/>
        <Loaded Value="True"/>
        <LoadedDesigner Value="True"/>
      </Unit51>
      <Unit52>
        <Filename Value="../base_help/uspelling.pas"/>
        <ComponentName Value="fSpellCheck"/>
        <HasResources Value="True"/>
        <ResourceBaseClass Value="Form"/>
        <UnitName Value="uspelling"/>
        <EditorIndex Value="7"/>
        <WindowIndex Value="0"/>
        <TopLine Value="60"/>
        <CursorPos X="67" Y="70"/>
        <UsageCount Value="21"/>
        <Loaded Value="True"/>
      </Unit52>
    </Units>
    <JumpHistory Count="9" HistoryIndex="8">
      <Position1>
        <Filename Value="../base_help/uwikiframe.pas"/>
        <Caret Line="20" Column="1" TopLine="1"/>
      </Position1>
      <Position2>
        <Filename Value="../base_help/uwikiframe.pas"/>
        <Caret Line="466" Column="29" TopLine="449"/>
      </Position2>
      <Position3>
        <Filename Value="../base_help/uwikiframe.pas"/>
        <Caret Line="63" Column="20" TopLine="46"/>
      </Position3>
      <Position4>
        <Filename Value="../base_help/uwikiframe.pas"/>
        <Caret Line="63" Column="20" TopLine="67"/>
      </Position4>
      <Position5>
        <Filename Value="../base_help/uwikiframe.pas"/>
        <Caret Line="464" Column="27" TopLine="462"/>
      </Position5>
      <Position6>
        <Filename Value="../base_help/uwikiframe.pas"/>
        <Caret Line="63" Column="5" TopLine="46"/>
      </Position6>
      <Position7>
        <Filename Value="../base_help/uwikiframe.pas"/>
        <Caret Line="471" Column="22" TopLine="462"/>
      </Position7>
      <Position8>
        <Filename Value="../base_help/uwikiframe.pas"/>
        <Caret Line="466" Column="16" TopLine="462"/>
      </Position8>
      <Position9>
        <Filename Value="../base_help/uspelling.pas"/>
        <Caret Line="87" Column="63" TopLine="70"/>
      </Position9>
    </JumpHistory>
  </ProjectOptions>
  <CompilerOptions>
    <Version Value="11"/>
    <Target>
      <Filename Value="../../output/$(TargetCPU)-$(TargetOS)/prometerp"/>
    </Target>
    <SearchPaths>
      <IncludeFiles Value="$(ProjOutDir)"/>
      <UnitOutputDirectory Value="lib/$(TargetCPU)-$(TargetOS)"/>
    </SearchPaths>
    <CodeGeneration>
      <Checks>
        <IOChecks Value="True"/>
        <RangeChecks Value="True"/>
        <OverflowChecks Value="True"/>
        <StackChecks Value="True"/>
      </Checks>
      <SmallerCode Value="True"/>
    </CodeGeneration>
    <Linking>
      <Debugging>
        <UseExternalDbgSyms Value="True"/>
      </Debugging>
      <Options>
        <Win32>
          <GraphicApplication Value="True"/>
        </Win32>
      </Options>
    </Linking>
    <Other>
      <CompilerMessages>
        <UseMsgFile Value="True"/>
      </CompilerMessages>
      <CustomOptions Value="-dHASMESSAGING"/>
      <CompilerPath Value="$(CompPath)"/>
    </Other>
  </CompilerOptions>
  <Debugging>
    <Exceptions Count="21">
      <Item1>
        <Name Value="EVariantError"/>
      </Item1>
      <Item2>
        <Name Value="EAccessViolation"/>
      </Item2>
      <Item3>
        <Name Value="EZSQLException"/>
      </Item3>
      <Item4>
        <Name Value="EConvertError"/>
      </Item4>
      <Item5>
        <Name Value="EInvalidGraphic"/>
        <Enabled Value="False"/>
      </Item5>
      <Item6>
        <Name Value="EDatabaseError"/>
      </Item6>
      <Item7>
        <Name Value="EReadError"/>
      </Item7>
      <Item8>
        <Name Value="EZDatabaseError"/>
      </Item8>
      <Item9>
        <Name Value="EInvalidOperation"/>
      </Item9>
      <Item10>
        <Name Value="Exception"/>
      </Item10>
      <Item11>
        <Name Value="EListError"/>
      </Item11>
      <Item12>
        <Name Value="EParserError"/>
      </Item12>
      <Item13>
        <Name Value="EInterfaceCritical"/>
      </Item13>
      <Item14>
        <Name Value="EFOpenError"/>
      </Item14>
      <Item15>
        <Name Value="ESQLParser"/>
      </Item15>
      <Item16>
        <Name Value="EInOutError"/>
      </Item16>
      <Item17>
        <Name Value="EIpHtmlException"/>
      </Item17>
      <Item18>
        <Name Value="EProcess"/>
      </Item18>
      <Item19>
        <Name Value="EGridException"/>
      </Item19>
      <Item20>
        <Name Value="EFCreateError"/>
      </Item20>
      <Item21>
        <Name Value="ESQLScannerError"/>
      </Item21>
    </Exceptions>
  </Debugging>
  <EditorMacros Count="0"/>
</CONFIG>
