<?xml version="1.0" encoding="UTF-8"?>
<CONFIG>
  <ProjectOptions>
    <Version Value="9"/>
    <General>
      <Flags>
        <SaveClosedFiles Value="False"/>
        <MainUnitHasUsesSectionForAllUnits Value="False"/>
      </Flags>
      <MainUnit Value="0"/>
      <AutoCreateForms Value="False"/>
      <Title Value="Promet-ERP"/>
      <ResourceType Value="res"/>
      <UseXPManifest Value="True"/>
      <Icon Value="0"/>
      <ActiveWindowIndexAtStart Value="0"/>
    </General>
    <i18n>
      <EnableI18N Value="True" LFM="False"/>
      <OutDir Value="../../languages"/>
    </i18n>
    <VersionInfo>
      <UseVersionInfo Value="True"/>
      <AutoIncrementBuild Value="True"/>
      <MajorVersionNr Value="7"/>
      <BuildNr Value="315"/>
      <Attributes pvaPreRelease="True"/>
      <StringTable CompanyName="CUTEC" FileDescription="Promet-ERP" ProductName="Promet-ERP" ProductVersion=""/>
    </VersionInfo>
    <BuildModes Count="5" Active="Default">
      <Item1 Name="Default" Default="True"/>
      <Item2 Name="Debug">
        <CompilerOptions>
          <Version Value="11"/>
          <Target>
            <Filename Value="../../output/$(TargetCPU)-$(TargetOS)/prometerp"/>
          </Target>
          <SearchPaths>
            <IncludeFiles Value="$(ProjOutDir)"/>
            <UnitOutputDirectory Value="lib/$(TargetCPU)-$(TargetOS)"/>
          </SearchPaths>
          <CodeGeneration>
            <SmallerCode Value="True"/>
          </CodeGeneration>
          <Linking>
            <Debugging>
              <UseHeaptrc Value="True"/>
              <UseExternalDbgSyms Value="True"/>
            </Debugging>
            <Options>
              <Win32>
                <GraphicApplication Value="True"/>
              </Win32>
            </Options>
          </Linking>
          <Other>
            <CompilerMessages>
              <UseMsgFile Value="True"/>
            </CompilerMessages>
            <CustomOptions Value="-WA"/>
            <CompilerPath Value="$(CompPath)"/>
          </Other>
        </CompilerOptions>
      </Item2>
      <Item3 Name="Win32">
        <MacroValues Count="1">
          <Macro1 Name="LCLWidgetType" Value="win32"/>
        </MacroValues>
        <CompilerOptions>
          <Version Value="11"/>
          <Target>
            <Filename Value="../../output/$(TargetCPU)-$(TargetOS)/prometerp"/>
          </Target>
          <SearchPaths>
            <IncludeFiles Value="$(ProjOutDir)"/>
            <UnitOutputDirectory Value="lib/$(TargetCPU)-$(TargetOS)"/>
          </SearchPaths>
          <CodeGeneration>
            <TargetCPU Value="i386"/>
            <TargetOS Value="win32"/>
          </CodeGeneration>
          <Linking>
            <Debugging>
              <UseExternalDbgSyms Value="True"/>
            </Debugging>
            <Options>
              <Win32>
                <GraphicApplication Value="True"/>
              </Win32>
            </Options>
          </Linking>
          <Other>
            <CompilerMessages>
              <UseMsgFile Value="True"/>
            </CompilerMessages>
            <CompilerPath Value="$(CompPath)"/>
          </Other>
        </CompilerOptions>
      </Item3>
      <Item4 Name="Win64">
        <MacroValues Count="1">
          <Macro1 Name="LCLWidgetType" Value="win32"/>
        </MacroValues>
        <CompilerOptions>
          <Version Value="11"/>
          <Target>
            <Filename Value="../../output/$(TargetCPU)-$(TargetOS)/prometerp"/>
          </Target>
          <SearchPaths>
            <IncludeFiles Value="$(ProjOutDir)"/>
            <UnitOutputDirectory Value="lib/$(TargetCPU)-$(TargetOS)"/>
          </SearchPaths>
          <CodeGeneration>
            <TargetCPU Value="x86_64"/>
            <TargetOS Value="win64"/>
          </CodeGeneration>
          <Linking>
            <Debugging>
              <UseExternalDbgSyms Value="True"/>
            </Debugging>
            <Options>
              <Win32>
                <GraphicApplication Value="True"/>
              </Win32>
            </Options>
          </Linking>
          <Other>
            <CompilerMessages>
              <UseMsgFile Value="True"/>
            </CompilerMessages>
            <CompilerPath Value="$(CompPath)"/>
          </Other>
        </CompilerOptions>
      </Item4>
      <Item5 Name="DebugOSX">
        <CompilerOptions>
          <Version Value="11"/>
          <Target>
            <Filename Value="../../output/$(TargetCPU)-$(TargetOS)/prometerp"/>
          </Target>
          <SearchPaths>
            <IncludeFiles Value="$(ProjOutDir)"/>
            <UnitOutputDirectory Value="lib/$(TargetCPU)-$(TargetOS)-$(TargetWidgetset)"/>
          </SearchPaths>
          <CodeGeneration>
            <Checks>
              <IOChecks Value="True"/>
              <RangeChecks Value="True"/>
              <OverflowChecks Value="True"/>
              <StackChecks Value="True"/>
            </Checks>
            <SmallerCode Value="True"/>
          </CodeGeneration>
          <Linking>
            <Debugging>
              <GenerateDebugInfo Value="False"/>
              <DebugInfoType Value="dsStabs"/>
              <UseLineInfoUnit Value="False"/>
              <UseExternalDbgSyms Value="True"/>
            </Debugging>
            <Options>
              <Win32>
                <GraphicApplication Value="True"/>
              </Win32>
            </Options>
          </Linking>
          <Other>
            <CompilerMessages>
              <UseMsgFile Value="True"/>
            </CompilerMessages>
            <CustomOptions Value="-dHASMESSAGING"/>
            <CompilerPath Value="$(CompPath)"/>
          </Other>
        </CompilerOptions>
      </Item5>
      <SharedMatrixOptions Count="2">
        <Item1 ID="724251795577" Modes="Win32,Win64" Type="IDEMacro" MacroName="LCLWidgetType" Value="win32"/>
        <Item2 ID="699350395536" Type="IDEMacro" MacroName="LCLWidgetType" Value="cocoa"/>
      </SharedMatrixOptions>
    </BuildModes>
    <PublishOptions>
      <Version Value="2"/>
      <IncludeFileFilter Value="*.(pas|pp|inc|lfm|lpr|lrs|lpi|lpk|sh|xml)"/>
      <ExcludeFileFilter Value="*.(bak|ppu|o|so);*~;backup"/>
    </PublishOptions>
    <RunParams>
      <local>
        <FormatVersion Value="1"/>
      </local>
    </RunParams>
    <RequiredPackages Count="24">
      <Item1>
        <PackageName Value="pOptions"/>
        <DefaultFilename Value="../base_options/poptions.lpk"/>
      </Item1>
      <Item2>
        <PackageName Value="lazreport"/>
      </Item2>
      <Item3>
        <PackageName Value="pvisualframes"/>
        <DefaultFilename Value="../base_frames/pvisualframes.lpk"/>
      </Item3>
      <Item4>
        <PackageName Value="pvisualforms"/>
        <DefaultFilename Value="../base/pvisualforms.lpk"/>
      </Item4>
      <Item5>
        <PackageName Value="LazControls"/>
      </Item5>
      <Item6>
        <PackageName Value="ptimes"/>
        <DefaultFilename Value="../timeregistering/ptimes.lpk"/>
      </Item6>
      <Item7>
        <PackageName Value="pDocManage"/>
        <DefaultFilename Value="../base_docmanage/pdocmanage.lpk" Prefer="True"/>
      </Item7>
      <Item8>
        <PackageName Value="tabeditor"/>
        <DefaultFilename Value="../editform/tabeditor.lpk"/>
      </Item8>
      <Item9>
        <PackageName Value="statisticsaddon"/>
        <DefaultFilename Value="../statistics/statisticsaddon.lpk"/>
      </Item9>
      <Item10>
        <PackageName Value="base_inet"/>
        <DefaultFilename Value="../base_inet/base_inet.lpk" Prefer="True"/>
      </Item10>
      <Item11>
        <PackageName Value="prepair"/>
        <DefaultFilename Value="../base_repair/prepair.lpk"/>
      </Item11>
      <Item12>
        <PackageName Value="pmessaging"/>
        <DefaultFilename Value="../base_messaging/pmessaging.lpk"/>
      </Item12>
      <Item13>
        <PackageName Value="perp"/>
        <DefaultFilename Value="../base_erp/perp.lpk"/>
      </Item13>
      <Item14>
        <PackageName Value="pcalendar"/>
        <DefaultFilename Value="../base_calendar/pcalendar.lpk" Prefer="True"/>
      </Item14>
      <Item15>
        <PackageName Value="projectmanagement"/>
        <DefaultFilename Value="../projectmanagement/projectmanagement.lpk"/>
      </Item15>
      <Item16>
        <PackageName Value="ZVDateTimeCtrls"/>
        <DefaultFilename Value="../components/ZVDateTimeCtrls/zvdatetimectrls.lpk"/>
      </Item16>
      <Item17>
        <PackageName Value="phelp"/>
        <DefaultFilename Value="../base_help/phelp.lpk"/>
      </Item17>
      <Item18>
        <PackageName Value="pPhones"/>
        <DefaultFilename Value="../base_phone/pphones.lpk"/>
      </Item18>
      <Item19>
        <PackageName Value="TurboPowerIPro"/>
        <MinVersion Major="1" Valid="True"/>
      </Item19>
      <Item20>
        <PackageName Value="FCL"/>
        <MinVersion Major="1" Release="1" Valid="True"/>
      </Item20>
      <Item21>
        <PackageName Value="LCLBase"/>
        <MinVersion Major="1" Release="1" Valid="True"/>
      </Item21>
      <Item22>
        <PackageName Value="general"/>
        <DefaultFilename Value="../../../general/general.lpk"/>
      </Item22>
      <Item23>
        <PackageName Value="pVisualPrometApp"/>
        <DefaultFilename Value="../base/pvisualprometapp.lpk"/>
      </Item23>
      <Item24>
        <PackageName Value="LCL"/>
      </Item24>
    </RequiredPackages>
    <Units Count="54">
      <Unit0>
        <Filename Value="prometerp.lpr"/>
        <IsPartOfProject Value="True"/>
        <UnitName Value="prometerp"/>
        <UsageCount Value="28"/>
      </Unit0>
      <Unit1>
        <Filename Value="umain.pas"/>
        <IsPartOfProject Value="True"/>
        <ComponentName Value="fMain"/>
        <HasResources Value="True"/>
        <ResourceBaseClass Value="Form"/>
        <UnitName Value="uMain"/>
        <EditorIndex Value="4"/>
        <WindowIndex Value="0"/>
        <TopLine Value="3335"/>
        <CursorPos X="49" Y="3355"/>
        <UsageCount Value="28"/>
        <Loaded Value="True"/>
      </Unit1>
      <Unit2>
        <Filename Value="upersonframe.pas"/>
        <IsPartOfProject Value="True"/>
        <ComponentName Value="fPersonFrame"/>
        <HasResources Value="True"/>
        <ResourceBaseClass Value="Frame"/>
        <UnitName Value="uPersonFrame"/>
        <UsageCount Value="28"/>
      </Unit2>
      <Unit3>
        <Filename Value="uaddressframe.pas"/>
        <IsPartOfProject Value="True"/>
        <ComponentName Value="fAddressFrame"/>
        <HasResources Value="True"/>
        <ResourceBaseClass Value="Frame"/>
        <UnitName Value="uAddressFrame"/>
        <WindowIndex Value="0"/>
        <TopLine Value="1"/>
        <CursorPos X="1" Y="1"/>
        <UsageCount Value="28"/>
      </Unit3>
      <Unit4>
        <Filename Value="upersonfinance.pas"/>
        <IsPartOfProject Value="True"/>
        <ComponentName Value="fPersonFinance"/>
        <ResourceBaseClass Value="Frame"/>
        <UnitName Value="uPersonFinance"/>
        <UsageCount Value="28"/>
      </Unit4>
      <Unit5>
        <Filename Value="uaccountingframe.pas"/>
        <IsPartOfProject Value="True"/>
        <ComponentName Value="fAccountingFrame"/>
        <HasResources Value="True"/>
        <ResourceBaseClass Value="Frame"/>
        <UnitName Value="uAccountingFrame"/>
        <UsageCount Value="28"/>
      </Unit5>
      <Unit6>
        <Filename Value="uaccountingque.pas"/>
        <IsPartOfProject Value="True"/>
        <ComponentName Value="fAccountingQue"/>
        <HasResources Value="True"/>
        <ResourceBaseClass Value="Form"/>
        <UnitName Value="uAccountingque"/>
        <UsageCount Value="28"/>
      </Unit6>
      <Unit7>
        <Filename Value="ubankingdialog.pas"/>
        <IsPartOfProject Value="True"/>
        <ComponentName Value="fbankingDialog"/>
        <ResourceBaseClass Value="Form"/>
        <UnitName Value="uBankingDialog"/>
        <UsageCount Value="28"/>
      </Unit7>
      <Unit8>
        <Filename Value="uaccountingtransfer.pas"/>
        <IsPartOfProject Value="True"/>
        <ComponentName Value="fTransfer"/>
        <HasResources Value="True"/>
        <ResourceBaseClass Value="Form"/>
        <UnitName Value="uAccountingTransfer"/>
        <UsageCount Value="28"/>
      </Unit8>
      <Unit9>
        <Filename Value="uarticlestorageframe.pas"/>
        <IsPartOfProject Value="True"/>
        <ComponentName Value="fArticleStorageFrame"/>
        <HasResources Value="True"/>
        <ResourceBaseClass Value="Frame"/>
        <UnitName Value="uArticleStorageFrame"/>
        <UsageCount Value="28"/>
      </Unit9>
      <Unit10>
        <Filename Value="utextframe.pas"/>
        <IsPartOfProject Value="True"/>
        <ComponentName Value="fTextFrame"/>
        <ResourceBaseClass Value="Frame"/>
        <UnitName Value="uTextFrame"/>
        <UsageCount Value="28"/>
      </Unit10>
      <Unit11>
        <Filename Value="uarticleframe.pas"/>
        <IsPartOfProject Value="True"/>
        <ComponentName Value="fArticleFrame"/>
        <HasResources Value="True"/>
        <ResourceBaseClass Value="Frame"/>
        <UnitName Value="uArticleFrame"/>
        <UsageCount Value="28"/>
      </Unit11>
      <Unit12>
        <Filename Value="uarticlepositionframe.pas"/>
        <IsPartOfProject Value="True"/>
        <ComponentName Value="fArticlePositionFrame"/>
        <HasResources Value="True"/>
        <ResourceBaseClass Value="Frame"/>
        <UnitName Value="uArticlePositionFrame"/>
        <UsageCount Value="28"/>
      </Unit12>
      <Unit13>
        <Filename Value="uorderframe.pas"/>
        <IsPartOfProject Value="True"/>
        <ComponentName Value="fOrderFrame"/>
        <HasResources Value="True"/>
        <ResourceBaseClass Value="Frame"/>
        <UnitName Value="uOrderFrame"/>
        <UsageCount Value="28"/>
      </Unit13>
      <Unit14>
        <Filename Value="uorderadditionalframe.pas"/>
        <IsPartOfProject Value="True"/>
        <ComponentName Value="fOrderAdditionalFrame"/>
        <HasResources Value="True"/>
        <ResourceBaseClass Value="Frame"/>
        <UnitName Value="uOrderAdditionalFrame"/>
        <UsageCount Value="28"/>
      </Unit14>
      <Unit15>
        <Filename Value="uoverviewframe.pas"/>
        <IsPartOfProject Value="True"/>
        <ComponentName Value="fOrderOverviewFrame"/>
        <HasResources Value="True"/>
        <ResourceBaseClass Value="Frame"/>
        <UnitName Value="uOverviewFrame"/>
        <UsageCount Value="28"/>
      </Unit15>
      <Unit16>
        <Filename Value="uorderdateframe.pas"/>
        <IsPartOfProject Value="True"/>
        <ComponentName Value="fOrderDateFrame"/>
        <HasResources Value="True"/>
        <ResourceBaseClass Value="Frame"/>
        <UnitName Value="uOrderDateFrame"/>
        <UsageCount Value="28"/>
      </Unit16>
      <Unit17>
        <Filename Value="uchangestatus.pas"/>
        <IsPartOfProject Value="True"/>
        <ComponentName Value="fChangeStatus"/>
        <HasResources Value="True"/>
        <ResourceBaseClass Value="Form"/>
        <UnitName Value="uChangeStatus"/>
        <UsageCount Value="28"/>
      </Unit17>
      <Unit18>
        <Filename Value="unewstorage.pas"/>
        <IsPartOfProject Value="True"/>
        <ComponentName Value="fNewStorage"/>
        <HasResources Value="True"/>
        <ResourceBaseClass Value="Form"/>
        <UnitName Value="uNewStorage"/>
        <UsageCount Value="28"/>
      </Unit18>
      <Unit19>
        <Filename Value="ubookaccounting.pas"/>
        <IsPartOfProject Value="True"/>
        <ComponentName Value="fBookAccounting"/>
        <HasResources Value="True"/>
        <ResourceBaseClass Value="Form"/>
        <UnitName Value="uBookAccounting"/>
        <UsageCount Value="28"/>
      </Unit19>
      <Unit20>
        <Filename Value="urepairpositionframe.pas"/>
        <IsPartOfProject Value="True"/>
        <ComponentName Value="fRepairPositionFrame"/>
        <HasResources Value="True"/>
        <ResourceBaseClass Value="Frame"/>
        <UnitName Value="uRepairPositionFrame"/>
        <UsageCount Value="28"/>
      </Unit20>
      <Unit21>
        <Filename Value="uarticlerepairframe.pas"/>
        <IsPartOfProject Value="True"/>
        <ComponentName Value="FArticlerepairFrame"/>
        <ResourceBaseClass Value="Frame"/>
        <UnitName Value="uarticlerepairframe"/>
        <UsageCount Value="28"/>
      </Unit21>
      <Unit22>
        <Filename Value="usystemoptions.pas"/>
        <IsPartOfProject Value="True"/>
        <ComponentName Value="fSystemOptions"/>
        <ResourceBaseClass Value="Frame"/>
        <UnitName Value="uSystemOptions"/>
        <UsageCount Value="28"/>
      </Unit22>
      <Unit23>
        <Filename Value="ucategoryoptions.pas"/>
        <IsPartOfProject Value="True"/>
        <ComponentName Value="fCategoryOptions"/>
        <HasResources Value="True"/>
        <ResourceBaseClass Value="Frame"/>
        <UnitName Value="ucategoryoptions"/>
        <UsageCount Value="28"/>
      </Unit23>
      <Unit24>
        <Filename Value="uordertypeoptions.pas"/>
        <IsPartOfProject Value="True"/>
        <ComponentName Value="forderTypeOptions"/>
        <HasResources Value="True"/>
        <ResourceBaseClass Value="Frame"/>
        <UnitName Value="uOrderTypeOptions"/>
        <UsageCount Value="28"/>
      </Unit24>
      <Unit25>
        <Filename Value="ustoragetypeoptions.pas"/>
        <IsPartOfProject Value="True"/>
        <ComponentName Value="fStorageTypeOptions"/>
        <ResourceBaseClass Value="Frame"/>
        <UnitName Value="uStorageTypeOptions"/>
        <UsageCount Value="28"/>
      </Unit25>
      <Unit26>
        <Filename Value="ucurrencyoptions.pas"/>
        <IsPartOfProject Value="True"/>
        <ComponentName Value="fCurrencyOptions"/>
        <ResourceBaseClass Value="Frame"/>
        <UnitName Value="uCurrencyOptions"/>
        <UsageCount Value="28"/>
      </Unit26>
      <Unit27>
        <Filename Value="ulanguageoptions.pas"/>
        <IsPartOfProject Value="True"/>
        <ComponentName Value="fLanguageOptions"/>
        <HasResources Value="True"/>
        <ResourceBaseClass Value="Frame"/>
        <UnitName Value="uLanguageOptions"/>
        <UsageCount Value="28"/>
      </Unit27>
      <Unit28>
        <Filename Value="urepairoptions.pas"/>
        <IsPartOfProject Value="True"/>
        <ComponentName Value="fRepairOptions"/>
        <HasResources Value="True"/>
        <ResourceBaseClass Value="Frame"/>
        <UnitName Value="uRepairOptions"/>
        <UsageCount Value="28"/>
      </Unit28>
      <Unit29>
        <Filename Value="uphoneoptions.pas"/>
        <IsPartOfProject Value="True"/>
        <ComponentName Value="fPhoneOptions"/>
        <HasResources Value="True"/>
        <ResourceBaseClass Value="Frame"/>
        <UnitName Value="uPhoneOptions"/>
        <UsageCount Value="28"/>
      </Unit29>
      <Unit30>
        <Filename Value="umailoptions.pas"/>
        <IsPartOfProject Value="True"/>
        <ComponentName Value="fMessageOptions"/>
        <HasResources Value="True"/>
        <ResourceBaseClass Value="Frame"/>
        <UnitName Value="uMailOptions"/>
        <EditorIndex Value="5"/>
        <WindowIndex Value="0"/>
        <TopLine Value="182"/>
        <CursorPos X="37" Y="202"/>
        <UsageCount Value="28"/>
        <Loaded Value="True"/>
        <LoadedDesigner Value="True"/>
      </Unit30>
      <Unit31>
        <Filename Value="umaileditoptions.pas"/>
        <IsPartOfProject Value="True"/>
        <ComponentName Value="fMailOptions"/>
        <HasResources Value="True"/>
        <ResourceBaseClass Value="Form"/>
        <UnitName Value="uMailEditoptions"/>
        <UsageCount Value="28"/>
      </Unit31>
      <Unit32>
        <Filename Value="uarticletext.pas"/>
        <IsPartOfProject Value="True"/>
        <ComponentName Value="fArticleTextFrame"/>
        <HasResources Value="True"/>
        <ResourceBaseClass Value="Frame"/>
        <UnitName Value="uArticleText"/>
        <UsageCount Value="28"/>
      </Unit32>
      <Unit33>
        <Filename Value="ucopyarticledata.pas"/>
        <IsPartOfProject Value="True"/>
        <ComponentName Value="fCopyArticleData"/>
        <HasResources Value="True"/>
        <ResourceBaseClass Value="Form"/>
        <UnitName Value="uCopyArticleData"/>
        <UsageCount Value="28"/>
      </Unit33>
      <Unit34>
        <Filename Value="ufindtransaction.pas"/>
        <IsPartOfProject Value="True"/>
        <ComponentName Value="fFindTransaction"/>
        <HasResources Value="True"/>
        <ResourceBaseClass Value="Form"/>
        <UnitName Value="uFindTransaction"/>
        <UsageCount Value="28"/>
      </Unit34>
      <Unit35>
        <Filename Value="uorderaddressframe.pas"/>
        <IsPartOfProject Value="True"/>
        <ComponentName Value="fOrderAddress"/>
        <HasResources Value="True"/>
        <ResourceBaseClass Value="Frame"/>
        <UnitName Value="uorderaddressframe"/>
        <UsageCount Value="28"/>
      </Unit35>
      <Unit36>
        <Filename Value="uarticlesupplierframe.pas"/>
        <IsPartOfProject Value="True"/>
        <ComponentName Value="fArticleSupplierFrame"/>
        <HasResources Value="True"/>
        <ResourceBaseClass Value="Frame"/>
        <UnitName Value="uarticlesupplierframe"/>
        <UsageCount Value="28"/>
      </Unit36>
      <Unit37>
        <Filename Value="utimeframe.pas"/>
        <IsPartOfProject Value="True"/>
        <ComponentName Value="fTimeFrame"/>
        <HasResources Value="True"/>
        <ResourceBaseClass Value="Frame"/>
        <UnitName Value="uTimeFrame"/>
        <UsageCount Value="28"/>
      </Unit37>
      <Unit38>
        <Filename Value="uwizardnewaccount.pas"/>
        <IsPartOfProject Value="True"/>
        <ComponentName Value="fWizardNewAccount"/>
        <HasResources Value="True"/>
        <ResourceBaseClass Value="Form"/>
        <UnitName Value="uWizardnewaccount"/>
        <UsageCount Value="28"/>
      </Unit38>
      <Unit39>
        <Filename Value="ubookserial.pas"/>
        <IsPartOfProject Value="True"/>
        <ComponentName Value="fBookSerial"/>
        <HasResources Value="True"/>
        <ResourceBaseClass Value="Form"/>
        <UnitName Value="uBookSerial"/>
        <UsageCount Value="28"/>
      </Unit39>
      <Unit40>
        <Filename Value="../base/ubasevisualcontrols.pas"/>
        <ComponentName Value="fVisualControls"/>
        <HasResources Value="True"/>
        <ResourceBaseClass Value="DataModule"/>
        <UnitName Value="uBaseVisualControls"/>
        <EditorIndex Value="0"/>
        <WindowIndex Value="0"/>
        <TopLine Value="1"/>
        <CursorPos X="29" Y="26"/>
        <UsageCount Value="12"/>
        <Loaded Value="True"/>
        <LoadedDesigner Value="True"/>
      </Unit40>
      <Unit41>
        <Filename Value="../base_pm/uganttview.pas"/>
        <ComponentName Value="fGanttView"/>
        <HasResources Value="True"/>
        <ResourceBaseClass Value="Form"/>
        <UnitName Value="uGanttView"/>
        <EditorIndex Value="9"/>
        <WindowIndex Value="0"/>
        <TopLine Value="278"/>
        <CursorPos X="129" Y="298"/>
        <UsageCount Value="12"/>
        <Loaded Value="True"/>
        <LoadedDesigner Value="True"/>
      </Unit41>
      <Unit42>
        <Filename Value="../../../general/src/ucolors.pas"/>
        <UnitName Value="uColors"/>
        <EditorIndex Value="13"/>
        <WindowIndex Value="0"/>
        <TopLine Value="1"/>
        <CursorPos X="38" Y="19"/>
        <UsageCount Value="12"/>
        <Loaded Value="True"/>
      </Unit42>
      <Unit43>
        <Filename Value="../base_pm/utaskplan.pas"/>
        <UnitName Value="uTaskPlan"/>
        <EditorIndex Value="15"/>
        <WindowIndex Value="0"/>
        <TopLine Value="1335"/>
        <CursorPos X="1" Y="1347"/>
        <UsageCount Value="12"/>
        <Loaded Value="True"/>
      </Unit43>
      <Unit44>
        <Filename Value="../base/dbintfs/ubasedbclasses.pas"/>
        <UnitName Value="uBaseDbClasses"/>
        <EditorIndex Value="10"/>
        <WindowIndex Value="0"/>
        <TopLine Value="1096"/>
        <CursorPos X="1" Y="1120"/>
        <UsageCount Value="12"/>
        <Loaded Value="True"/>
      </Unit44>
      <Unit45>
        <Filename Value="../base_help/uwikiframe.pas"/>
        <HasResources Value="True"/>
        <ResourceBaseClass Value="Frame"/>
        <UnitName Value="uWikiFrame"/>
        <EditorIndex Value="1"/>
        <WindowIndex Value="0"/>
        <TopLine Value="514"/>
        <CursorPos X="43" Y="582"/>
        <UsageCount Value="12"/>
        <Loaded Value="True"/>
      </Unit45>
      <Unit46>
        <Filename Value="../base_wiki/wikitohtml.pas"/>
        <UnitName Value="wikitohtml"/>
        <EditorIndex Value="3"/>
        <WindowIndex Value="0"/>
        <TopLine Value="361"/>
        <CursorPos X="57" Y="371"/>
        <UsageCount Value="12"/>
        <Loaded Value="True"/>
      </Unit46>
      <Unit47>
        <Filename Value="../../../../../../Programme/lazarus/lcl/graphutil.pp"/>
        <UnitName Value="GraphUtil"/>
        <EditorIndex Value="14"/>
        <WindowIndex Value="0"/>
        <TopLine Value="1"/>
        <CursorPos X="1" Y="1"/>
        <UsageCount Value="11"/>
        <Loaded Value="True"/>
      </Unit47>
      <Unit48>
        <Filename Value="../../../../../../Programme/lazarus/lcl/include/customframe.inc"/>
        <EditorIndex Value="2"/>
        <WindowIndex Value="0"/>
        <TopLine Value="151"/>
        <CursorPos X="47" Y="165"/>
        <UsageCount Value="11"/>
        <Loaded Value="True"/>
      </Unit48>
      <Unit49>
        <Filename Value="../timeregistering/uentertime.pas"/>
        <ComponentName Value="fEnterTime"/>
        <HasResources Value="True"/>
        <ResourceBaseClass Value="Form"/>
        <UnitName Value="uEnterTime"/>
        <EditorIndex Value="6"/>
        <WindowIndex Value="0"/>
        <TopLine Value="9"/>
        <CursorPos X="3" Y="28"/>
        <UsageCount Value="11"/>
        <Loaded Value="True"/>
        <LoadedDesigner Value="True"/>
      </Unit49>
      <Unit50>
        <Filename Value="../base_pm/utasks.pas"/>
        <ComponentName Value="fTaskFrame"/>
        <HasResources Value="True"/>
        <ResourceBaseClass Value="Frame"/>
        <UnitName Value="utasks"/>
        <IsVisibleTab Value="True"/>
        <EditorIndex Value="7"/>
        <WindowIndex Value="0"/>
        <TopLine Value="577"/>
        <CursorPos X="164" Y="596"/>
        <UsageCount Value="10"/>
        <Loaded Value="True"/>
        <LoadedDesigner Value="True"/>
      </Unit50>
      <Unit51>
        <Filename Value="../projectmanagement/uprojectframe.pas"/>
        <ComponentName Value="fprojectFrame"/>
        <HasResources Value="True"/>
        <ResourceBaseClass Value="Frame"/>
        <UnitName Value="uProjectFrame"/>
        <EditorIndex Value="12"/>
        <WindowIndex Value="0"/>
        <TopLine Value="602"/>
        <CursorPos X="62" Y="609"/>
        <UsageCount Value="11"/>
        <Loaded Value="True"/>
        <LoadedDesigner Value="True"/>
      </Unit51>
      <Unit52>
        <Filename Value="../base_forms/ugridview.pas"/>
        <UnitName Value="ugridview"/>
        <EditorIndex Value="11"/>
        <WindowIndex Value="0"/>
        <TopLine Value="3295"/>
        <CursorPos X="3" Y="3311"/>
        <UsageCount Value="11"/>
        <Loaded Value="True"/>
      </Unit52>
      <Unit53>
        <Filename Value="../base/dbintfs/utask.pas"/>
        <UnitName Value="utask"/>
        <EditorIndex Value="8"/>
        <WindowIndex Value="0"/>
        <TopLine Value="5"/>
        <CursorPos X="15" Y="93"/>
        <UsageCount Value="10"/>
        <Loaded Value="True"/>
      </Unit53>
    </Units>
    <JumpHistory Count="30" HistoryIndex="29">
      <Position1>
        <Filename Value="../base_forms/ugridview.pas"/>
        <Caret Line="3304" Column="1" TopLine="3289"/>
      </Position1>
      <Position2>
        <Filename Value="../base_forms/ugridview.pas"/>
        <Caret Line="3305" Column="1" TopLine="3289"/>
      </Position2>
      <Position3>
        <Filename Value="../base_forms/ugridview.pas"/>
        <Caret Line="3309" Column="1" TopLine="3295"/>
      </Position3>
      <Position4>
        <Filename Value="../base_forms/ugridview.pas"/>
        <Caret Line="3310" Column="1" TopLine="3295"/>
      </Position4>
      <Position5>
        <Filename Value="../base_forms/ugridview.pas"/>
        <Caret Line="3311" Column="3" TopLine="3295"/>
      </Position5>
      <Position6>
        <Filename Value="../base_pm/utasks.pas"/>
        <Caret Line="42" Column="147" TopLine="25"/>
      </Position6>
      <Position7>
        <Filename Value="../base_pm/utasks.pas"/>
        <Caret Line="416" Column="14" TopLine="383"/>
      </Position7>
      <Position8>
        <Filename Value="../base_pm/utasks.pas"/>
        <Caret Line="418" Column="11" TopLine="385"/>
      </Position8>
      <Position9>
        <Filename Value="../base_pm/utasks.pas"/>
        <Caret Line="456" Column="46" TopLine="425"/>
      </Position9>
      <Position10>
        <Filename Value="../base_pm/utasks.pas"/>
        <Caret Line="497" Column="14" TopLine="484"/>
      </Position10>
      <Position11>
        <Filename Value="../base_pm/utasks.pas"/>
        <Caret Line="499" Column="11" TopLine="484"/>
      </Position11>
      <Position12>
        <Filename Value="../base_pm/utasks.pas"/>
        <Caret Line="518" Column="39" TopLine="498"/>
      </Position12>
      <Position13>
        <Filename Value="../base_pm/utasks.pas"/>
        <Caret Line="918" Column="41" TopLine="897"/>
      </Position13>
      <Position14>
        <Filename Value="../base_pm/utasks.pas"/>
        <Caret Line="1267" Column="34" TopLine="1260"/>
      </Position14>
      <Position15>
        <Filename Value="../base_pm/utasks.pas"/>
        <Caret Line="1269" Column="31" TopLine="1260"/>
      </Position15>
      <Position16>
        <Filename Value="../base_pm/utasks.pas"/>
        <Caret Line="1295" Column="30" TopLine="1279"/>
      </Position16>
      <Position17>
        <Filename Value="../base_pm/utasks.pas"/>
        <Caret Line="1297" Column="27" TopLine="1269"/>
      </Position17>
      <Position18>
        <Filename Value="../base_pm/utasks.pas"/>
        <Caret Line="1305" Column="26" TopLine="1277"/>
      </Position18>
      <Position19>
        <Filename Value="../base_pm/utasks.pas"/>
        <Caret Line="23" Column="54" TopLine="4"/>
      </Position19>
      <Position20>
        <Filename Value="../base_pm/utasks.pas"/>
        <Caret Line="260" Column="20" TopLine="228"/>
      </Position20>
      <Position21>
        <Filename Value="../base/dbintfs/utask.pas"/>
        <Caret Line="24" Column="39" TopLine="1"/>
      </Position21>
      <Position22>
        <Filename Value="../base/dbintfs/utask.pas"/>
        <Caret Line="164" Column="33" TopLine="131"/>
      </Position22>
      <Position23>
        <Filename Value="../base/dbintfs/utask.pas"/>
        <Caret Line="200" Column="28" TopLine="183"/>
      </Position23>
      <Position24>
        <Filename Value="../base/dbintfs/utask.pas"/>
        <Caret Line="273" Column="31" TopLine="241"/>
      </Position24>
      <Position25>
        <Filename Value="../base/dbintfs/utask.pas"/>
        <Caret Line="362" Column="40" TopLine="337"/>
      </Position25>
      <Position26>
        <Filename Value="../base/dbintfs/utask.pas"/>
        <Caret Line="854" Column="25" TopLine="822"/>
      </Position26>
      <Position27>
        <Filename Value="../base/dbintfs/utask.pas"/>
        <Caret Line="891" Column="27" TopLine="859"/>
      </Position27>
      <Position28>
        <Filename Value="../base/dbintfs/utask.pas"/>
        <Caret Line="1081" Column="45" TopLine="1046"/>
      </Position28>
      <Position29>
        <Filename Value="../base_pm/utasks.pas"/>
        <Caret Line="234" Column="62" TopLine="229"/>
      </Position29>
      <Position30>
        <Filename Value="../base_pm/utasks.pas"/>
        <Caret Line="596" Column="1" TopLine="575"/>
      </Position30>
    </JumpHistory>
  </ProjectOptions>
  <CompilerOptions>
    <Version Value="11"/>
    <Target>
      <Filename Value="../../output/$(TargetCPU)-$(TargetOS)/prometerp"/>
    </Target>
    <SearchPaths>
      <IncludeFiles Value="$(ProjOutDir)"/>
      <UnitOutputDirectory Value="lib/$(TargetCPU)-$(TargetOS)"/>
    </SearchPaths>
    <CodeGeneration>
      <Checks>
        <IOChecks Value="True"/>
        <RangeChecks Value="True"/>
        <OverflowChecks Value="True"/>
        <StackChecks Value="True"/>
      </Checks>
      <SmallerCode Value="True"/>
    </CodeGeneration>
    <Linking>
      <Debugging>
        <UseExternalDbgSyms Value="True"/>
      </Debugging>
      <Options>
        <Win32>
          <GraphicApplication Value="True"/>
        </Win32>
      </Options>
    </Linking>
    <Other>
      <CompilerMessages>
        <UseMsgFile Value="True"/>
      </CompilerMessages>
      <CustomOptions Value="-dHASMESSAGING"/>
      <CompilerPath Value="$(CompPath)"/>
    </Other>
  </CompilerOptions>
  <Debugging>
    <Watches Count="1">
      <Item1>
        <Expression Value="gList.FRow"/>
      </Item1>
    </Watches>
    <Exceptions Count="21">
      <Item1>
        <Name Value="EVariantError"/>
      </Item1>
      <Item2>
        <Name Value="EAccessViolation"/>
      </Item2>
      <Item3>
        <Name Value="EZSQLException"/>
      </Item3>
      <Item4>
        <Name Value="EConvertError"/>
      </Item4>
      <Item5>
        <Name Value="EInvalidGraphic"/>
        <Enabled Value="False"/>
      </Item5>
      <Item6>
        <Name Value="EDatabaseError"/>
      </Item6>
      <Item7>
        <Name Value="EReadError"/>
      </Item7>
      <Item8>
        <Name Value="EZDatabaseError"/>
      </Item8>
      <Item9>
        <Name Value="EInvalidOperation"/>
      </Item9>
      <Item10>
        <Name Value="Exception"/>
      </Item10>
      <Item11>
        <Name Value="EListError"/>
      </Item11>
      <Item12>
        <Name Value="EParserError"/>
      </Item12>
      <Item13>
        <Name Value="EInterfaceCritical"/>
      </Item13>
      <Item14>
        <Name Value="EFOpenError"/>
      </Item14>
      <Item15>
        <Name Value="ESQLParser"/>
      </Item15>
      <Item16>
        <Name Value="EInOutError"/>
      </Item16>
      <Item17>
        <Name Value="EIpHtmlException"/>
      </Item17>
      <Item18>
        <Name Value="EProcess"/>
      </Item18>
      <Item19>
        <Name Value="EGridException"/>
      </Item19>
      <Item20>
        <Name Value="EFCreateError"/>
      </Item20>
      <Item21>
        <Name Value="ESQLScannerError"/>
      </Item21>
    </Exceptions>
  </Debugging>
  <EditorMacros Count="0"/>
</CONFIG>
